PODS:
  - tealium-swift (1.6.7):
    - tealium-swift/TealiumFull (= 1.6.7)
  - tealium-swift/TealiumFull (1.6.7):
    - TealiumCrashReporter
  - TealiumCrashReporter (1.3.4)

DEPENDENCIES:
  - tealium-swift

SPEC REPOS:
  https://github.com/cocoapods/specs.git:
    - tealium-swift
    - TealiumCrashReporter

SPEC CHECKSUMS:
  tealium-swift: d297414e757130e6c26e76a75cb0cb2c90b39454
  TealiumCrashReporter: 9b031b5a8a914e9edf62abf87d7e0dd1a7579bd8

PODFILE CHECKSUM: 4c9cbba627999d088e18a4fb071a7d17f3eb3704

COCOAPODS: 1.6.1
