PODS:
  - Eureka (5.3.1)
  - tealium-swift (2.3.2):
    - tealium-swift/TealiumFull (= 2.3.2)
  - tealium-swift/TealiumFull (2.3.2)

DEPENDENCIES:
  - Eureka (~> 5.3)
  - tealium-swift (from `../..`)

SPEC REPOS:
  trunk:
    - Eureka

EXTERNAL SOURCES:
  tealium-swift:
    :path: "../.."

SPEC CHECKSUMS:
  Eureka: 859877ab1e85661b6b7e810015d430e937d9cc7d
  tealium-swift: 79bb4d116c4a8758844b92642afd78563fea1dd8

PODFILE CHECKSUM: a08a1d1cef2344f90eb2215ef34bbdf985d4db40

COCOAPODS: 1.10.1
