PODS:
  - Eureka (5.3.1)
  - tealium-swift (2.13.0):
    - tealium-swift/TealiumFull (= 2.13.0)
  - tealium-swift/TealiumFull (2.13.0)

DEPENDENCIES:
  - Eureka (~> 5.3)
  - tealium-swift (from `../..`)

SPEC REPOS:
  trunk:
    - Eureka

EXTERNAL SOURCES:
  tealium-swift:
    :path: "../.."

SPEC CHECKSUMS:
  Eureka: 859877ab1e85661b6b7e810015d430e937d9cc7d
  tealium-swift: f2a1d022bae58151c7ff31d2a063008cfe6463d8

PODFILE CHECKSUM: a08a1d1cef2344f90eb2215ef34bbdf985d4db40

COCOAPODS: 1.15.2
