PODS:
  - tealium-swift (2.14.1):
    - tealium-swift/TealiumFull (= 2.14.1)
  - tealium-swift/Collect (2.14.1):
    - tealium-swift/Core
  - tealium-swift/Core (2.14.1)
  - tealium-swift/Lifecycle (2.14.1):
    - tealium-swift/Core
  - tealium-swift/TealiumFull (2.14.1)
  - tealium-swift/VisitorService (2.14.1):
    - tealium-swift/Core

DEPENDENCIES:
  - tealium-swift (from `../..`)
  - tealium-swift/Collect (from `../..`)
  - tealium-swift/Core (from `../..`)
  - tealium-swift/Lifecycle (from `../..`)
  - tealium-swift/VisitorService (from `../..`)

EXTERNAL SOURCES:
  tealium-swift:
    :path: "../.."

SPEC CHECKSUMS:
  tealium-swift: 42edbaa8abc2d4e972b36ec1ad34d665a745aa6c

PODFILE CHECKSUM: e9decae1a597032f7b4e373adc4add77507a031d

COCOAPODS: 1.15.2
