PODS:
  - tealium-swift (2.16.0):
    - tealium-swift/TealiumFull (= 2.16.0)
  - tealium-swift/Collect (2.16.0):
    - tealium-swift/Core
  - tealium-swift/Core (2.16.0)
  - tealium-swift/Lifecycle (2.16.0):
    - tealium-swift/Core
  - tealium-swift/TealiumFull (2.16.0)
  - tealium-swift/VisitorService (2.16.0):
    - tealium-swift/Core

DEPENDENCIES:
  - tealium-swift (from `../..`)
  - tealium-swift/Collect (from `../..`)
  - tealium-swift/Core (from `../..`)
  - tealium-swift/Lifecycle (from `../..`)
  - tealium-swift/VisitorService (from `../..`)

EXTERNAL SOURCES:
  tealium-swift:
    :path: "../.."

SPEC CHECKSUMS:
  tealium-swift: f359f1f7c2747e21906f83783c7031a5d9bf7812

PODFILE CHECKSUM: e9decae1a597032f7b4e373adc4add77507a031d

COCOAPODS: 1.16.2
