PODS:
  - tealium-swift (2.2.2):
    - tealium-swift/TealiumFull (= 2.2.2)
  - tealium-swift/Collect (2.2.2):
    - tealium-swift/Core
  - tealium-swift/Core (2.2.2)
  - tealium-swift/Lifecycle (2.2.2):
    - tealium-swift/Core
  - tealium-swift/TealiumFull (2.2.2)
  - tealium-swift/VisitorService (2.2.2):
    - tealium-swift/Core

DEPENDENCIES:
  - tealium-swift (from `../..`)
  - tealium-swift/Collect (from `../..`)
  - tealium-swift/Core (from `../..`)
  - tealium-swift/Lifecycle (from `../..`)
  - tealium-swift/VisitorService (from `../..`)

EXTERNAL SOURCES:
  tealium-swift:
    :path: "../.."

SPEC CHECKSUMS:
  tealium-swift: 3fed069f2066953da4b02491f5e9aadd87cc3845

PODFILE CHECKSUM: 41c18b7af41c1fe9dac003dc4e2ded9ad47a7078

COCOAPODS: 1.10.0
