PODS:
  - tealium-swift/Core (1.6.6)
  - tealium-swift/TealiumAppData (1.6.6):
    - tealium-swift/Core
  - tealium-swift/TealiumAutotracking (1.6.6):
    - tealium-swift/Core
  - tealium-swift/TealiumCollect (1.6.6):
    - tealium-swift/Core
  - tealium-swift/TealiumConnectivity (1.6.6):
    - tealium-swift/Core
  - tealium-swift/TealiumConsentManager (1.6.6):
    - tealium-swift/Core
  - tealium-swift/TealiumDataSource (1.6.6):
    - tealium-swift/Core
  - tealium-swift/TealiumDefaultsStorage (1.6.6):
    - tealium-swift/Core
  - tealium-swift/TealiumDelegate (1.6.6):
    - tealium-swift/Core
  - tealium-swift/TealiumDeviceData (1.6.6):
    - tealium-swift/Core
  - tealium-swift/TealiumDispatchQueue (1.6.6):
    - tealium-swift/Core
  - tealium-swift/TealiumLifecycle (1.6.6):
    - tealium-swift/Core
  - tealium-swift/TealiumLogger (1.6.6):
    - tealium-swift/Core
  - tealium-swift/TealiumRemoteCommands (1.6.6):
    - tealium-swift/Core
  - tealium-swift/TealiumTagManagement (1.6.6):
    - tealium-swift/Core
  - tealium-swift/TealiumVolatileData (1.6.6):
    - tealium-swift/Core

DEPENDENCIES:
  - tealium-swift/Core
  - tealium-swift/TealiumAppData
  - tealium-swift/TealiumAutotracking
  - tealium-swift/TealiumCollect
  - tealium-swift/TealiumConnectivity
  - tealium-swift/TealiumConsentManager
  - tealium-swift/TealiumDataSource
  - tealium-swift/TealiumDefaultsStorage
  - tealium-swift/TealiumDelegate
  - tealium-swift/TealiumDeviceData
  - tealium-swift/TealiumDispatchQueue
  - tealium-swift/TealiumLifecycle
  - tealium-swift/TealiumLogger
  - tealium-swift/TealiumRemoteCommands
  - tealium-swift/TealiumTagManagement
  - tealium-swift/TealiumVolatileData

SPEC REPOS:
  https://github.com/cocoapods/specs.git:
    - tealium-swift

SPEC CHECKSUMS:
  tealium-swift: 7cb0a72a622ee6cf61c93cbf59fd0366153cdd27

PODFILE CHECKSUM: a4fbc75bd203caee2980857eca1b3e6b844518f1

COCOAPODS: 1.6.0.beta.2
