PODS:
  - tealium-swift (1.5.0):
    - tealium-swift/Core (= 1.5.0)
  - tealium-swift/Core (1.5.0)

DEPENDENCIES:
  - tealium-swift

SPEC REPOS:
  https://github.com/cocoapods/specs.git:
    - tealium-swift

SPEC CHECKSUMS:
  tealium-swift: a8482927ffdc06dc72944291894d68d3f771af75

PODFILE CHECKSUM: 31f70a5789a5a201e5131d7bb0f0e4a4c6a6883d

COCOAPODS: 1.5.3
