{
  "object": {
    "pins": [
      {
        "package": "TealiumSwift",
        "repositoryURL": "https://github.com/Tealium/tealium-swift.git",
        "state": {
          "branch": null,
          "revision": "83c6f498b8b216b9803d219ddc8ea288e141941d",
          "version": "1.9.0"
        }
      }
    ]
  },
  "version": 1
}
