{
  "object": {
    "pins": [
      {
        "package": "TealiumSwift",
        "repositoryURL": "https://github.com/Tealium/tealium-swift.git",
        "state": {
          "branch": null,
          "revision": "b229dc713f3a71160c2402cd41e27f390f1ba2ee",
          "version": "1.9.0"
        }
      }
    ]
  },
  "version": 1
}
