PODS:
  - tealium-swift (1.6.6):
    - tealium-swift/TealiumFull (= 1.6.6)
  - tealium-swift/TealiumFull (1.6.6):
    - TealiumCrashReporter

DEPENDENCIES:
  - tealium-swift

SPEC REPOS:
  https://github.com/cocoapods/specs.git:
    - tealium-swift

SPEC CHECKSUMS:
  tealium-swift: 7cb0a72a622ee6cf61c93cbf59fd0366153cdd27

PODFILE CHECKSUM: 052b158348db36bd4d007f533f91f5603adf2a6e

COCOAPODS: 1.6.0.beta.2
