{
  "object": {
    "pins": [
      {
        "package": "Eureka",
        "repositoryURL": "https://github.com/xmartlabs/Eureka.git",
        "state": {
          "branch": null,
          "revision": "567d4e172fa3f50952eb2462cb7a9785403530f2",
          "version": "5.2.0"
        }
      },
      {
        "package": "TealiumSwift",
        "repositoryURL": "https://github.com/Tealium/tealium-swift-builder.git",
        "state": {
          "branch": null,
          "revision": "4aeabb371d992182ef56d6b9d54007e0f21a0df0",
          "version": "1.9.0"
        }
      }
    ]
  },
  "version": 1
}
