// !$*UTF8*$!
{
	archiveVersion = 1;
	classes = {
	};
	objectVersion = 50;
	objects = {

/* Begin PBXBuildFile section */
		CF6660302253C8AA0093330D /* AppDelegate.swift in Sources */ = {isa = PBXBuildFile; fileRef = CF66602F2253C8AA0093330D /* AppDelegate.swift */; };
		CF6660322253C8AA0093330D /* DashboardViewController.swift in Sources */ = {isa = PBXBuildFile; fileRef = CF6660312253C8AA0093330D /* DashboardViewController.swift */; };
		CF6660352253C8AA0093330D /* Main.storyboard in Resources */ = {isa = PBXBuildFile; fileRef = CF6660332253C8AA0093330D /* Main.storyboard */; };
		CF6660372253C8AB0093330D /* Assets.xcassets in Resources */ = {isa = PBXBuildFile; fileRef = CF6660362253C8AB0093330D /* Assets.xcassets */; };
		CF66603A2253C8AB0093330D /* LaunchScreen.storyboard in Resources */ = {isa = PBXBuildFile; fileRef = CF6660382253C8AB0093330D /* LaunchScreen.storyboard */; };
		CF6660442253CAAA0093330D /* LoggedInViewController.swift in Sources */ = {isa = PBXBuildFile; fileRef = CF6660432253CAAA0093330D /* LoggedInViewController.swift */; };
		CF6660462253CAC10093330D /* ContentViewController.swift in Sources */ = {isa = PBXBuildFile; fileRef = CF6660452253CAC10093330D /* ContentViewController.swift */; };
		CF6660482253CADF0093330D /* OrderViewController.swift in Sources */ = {isa = PBXBuildFile; fileRef = CF6660472253CADF0093330D /* OrderViewController.swift */; };
		CF66604C2253D7CD0093330D /* UIView+showAlert.swift in Sources */ = {isa = PBXBuildFile; fileRef = CF66604B2253D7CD0093330D /* UIView+showAlert.swift */; };
		CF66604E2254032A0093330D /* TealiumHelper.swift in Sources */ = {isa = PBXBuildFile; fileRef = CF66604D2254032A0093330D /* TealiumHelper.swift */; };
		CF6660502254044D0093330D /* FirebaseTealiumSwift.swift in Sources */ = {isa = PBXBuildFile; fileRef = CF66604F2254044D0093330D /* FirebaseTealiumSwift.swift */; };
		E20E20988ACE563665FFA3B1 /* Pods_FirebaseSample.framework in Frameworks */ = {isa = PBXBuildFile; fileRef = 7E22E57AD4F439FD22988FB8 /* Pods_FirebaseSample.framework */; };
/* End PBXBuildFile section */

/* Begin PBXFileReference section */
		09E4B8435C289E524D54AE98 /* Pods-FirebaseSample.release.xcconfig */ = {isa = PBXFileReference; includeInIndex = 1; lastKnownFileType = text.xcconfig; name = "Pods-FirebaseSample.release.xcconfig"; path = "Target Support Files/Pods-FirebaseSample/Pods-FirebaseSample.release.xcconfig"; sourceTree = "<group>"; };
		7E22E57AD4F439FD22988FB8 /* Pods_FirebaseSample.framework */ = {isa = PBXFileReference; explicitFileType = wrapper.framework; includeInIndex = 0; path = Pods_FirebaseSample.framework; sourceTree = BUILT_PRODUCTS_DIR; };
		A55BE4565543ADB4F585945A /* Pods-FirebaseSample.debug.xcconfig */ = {isa = PBXFileReference; includeInIndex = 1; lastKnownFileType = text.xcconfig; name = "Pods-FirebaseSample.debug.xcconfig"; path = "Target Support Files/Pods-FirebaseSample/Pods-FirebaseSample.debug.xcconfig"; sourceTree = "<group>"; };
		CF66602C2253C8AA0093330D /* FirebaseSample.app */ = {isa = PBXFileReference; explicitFileType = wrapper.application; includeInIndex = 0; path = FirebaseSample.app; sourceTree = BUILT_PRODUCTS_DIR; };
		CF66602F2253C8AA0093330D /* AppDelegate.swift */ = {isa = PBXFileReference; lastKnownFileType = sourcecode.swift; path = AppDelegate.swift; sourceTree = "<group>"; };
		CF6660312253C8AA0093330D /* DashboardViewController.swift */ = {isa = PBXFileReference; lastKnownFileType = sourcecode.swift; path = DashboardViewController.swift; sourceTree = "<group>"; };
		CF6660342253C8AA0093330D /* Base */ = {isa = PBXFileReference; lastKnownFileType = file.storyboard; name = Base; path = Base.lproj/Main.storyboard; sourceTree = "<group>"; };
		CF6660362253C8AB0093330D /* Assets.xcassets */ = {isa = PBXFileReference; lastKnownFileType = folder.assetcatalog; path = Assets.xcassets; sourceTree = "<group>"; };
		CF6660392253C8AB0093330D /* Base */ = {isa = PBXFileReference; lastKnownFileType = file.storyboard; name = Base; path = Base.lproj/LaunchScreen.storyboard; sourceTree = "<group>"; };
		CF66603B2253C8AB0093330D /* Info.plist */ = {isa = PBXFileReference; lastKnownFileType = text.plist.xml; path = Info.plist; sourceTree = "<group>"; };
		CF6660432253CAAA0093330D /* LoggedInViewController.swift */ = {isa = PBXFileReference; lastKnownFileType = sourcecode.swift; path = LoggedInViewController.swift; sourceTree = "<group>"; };
		CF6660452253CAC10093330D /* ContentViewController.swift */ = {isa = PBXFileReference; lastKnownFileType = sourcecode.swift; path = ContentViewController.swift; sourceTree = "<group>"; };
		CF6660472253CADF0093330D /* OrderViewController.swift */ = {isa = PBXFileReference; lastKnownFileType = sourcecode.swift; path = OrderViewController.swift; sourceTree = "<group>"; };
		CF66604B2253D7CD0093330D /* UIView+showAlert.swift */ = {isa = PBXFileReference; lastKnownFileType = sourcecode.swift; path = "UIView+showAlert.swift"; sourceTree = "<group>"; };
		CF66604D2254032A0093330D /* TealiumHelper.swift */ = {isa = PBXFileReference; lastKnownFileType = sourcecode.swift; path = TealiumHelper.swift; sourceTree = "<group>"; };
		CF66604F2254044D0093330D /* FirebaseTealiumSwift.swift */ = {isa = PBXFileReference; lastKnownFileType = sourcecode.swift; path = FirebaseTealiumSwift.swift; sourceTree = "<group>"; };
/* End PBXFileReference section */

/* Begin PBXFrameworksBuildPhase section */
		CF6660292253C8AA0093330D /* Frameworks */ = {
			isa = PBXFrameworksBuildPhase;
			buildActionMask = 2147483647;
			files = (
				E20E20988ACE563665FFA3B1 /* Pods_FirebaseSample.framework in Frameworks */,
			);
			runOnlyForDeploymentPostprocessing = 0;
		};
/* End PBXFrameworksBuildPhase section */

/* Begin PBXGroup section */
		506E4D130657F58E745C181F /* Pods */ = {
			isa = PBXGroup;
			children = (
				A55BE4565543ADB4F585945A /* Pods-FirebaseSample.debug.xcconfig */,
				09E4B8435C289E524D54AE98 /* Pods-FirebaseSample.release.xcconfig */,
			);
			path = Pods;
			sourceTree = "<group>";
		};
		CF6660232253C8AA0093330D = {
			isa = PBXGroup;
			children = (
				CF66602E2253C8AA0093330D /* FirebaseSample */,
				CF66602D2253C8AA0093330D /* Products */,
				506E4D130657F58E745C181F /* Pods */,
				E872A25534A44420284099AB /* Frameworks */,
			);
			sourceTree = "<group>";
		};
		CF66602D2253C8AA0093330D /* Products */ = {
			isa = PBXGroup;
			children = (
				CF66602C2253C8AA0093330D /* FirebaseSample.app */,
			);
			name = Products;
			sourceTree = "<group>";
		};
		CF66602E2253C8AA0093330D /* FirebaseSample */ = {
			isa = PBXGroup;
			children = (
				CF666055225408920093330D /* tealium */,
				CF666054225408800093330D /* remotecommands */,
				CF666051225407950093330D /* keys */,
				CF66604A2253D7990093330D /* extensions */,
				CF6660492253D6D10093330D /* views */,
				CF66602F2253C8AA0093330D /* AppDelegate.swift */,
				CF6660332253C8AA0093330D /* Main.storyboard */,
				CF6660362253C8AB0093330D /* Assets.xcassets */,
				CF6660382253C8AB0093330D /* LaunchScreen.storyboard */,
				CF66603B2253C8AB0093330D /* Info.plist */,
			);
			path = FirebaseSample;
			sourceTree = "<group>";
		};
		CF6660492253D6D10093330D /* views */ = {
			isa = PBXGroup;
			children = (
				CF6660312253C8AA0093330D /* DashboardViewController.swift */,
				CF6660432253CAAA0093330D /* LoggedInViewController.swift */,
				CF6660452253CAC10093330D /* ContentViewController.swift */,
				CF6660472253CADF0093330D /* OrderViewController.swift */,
			);
			path = views;
			sourceTree = "<group>";
		};
		CF66604A2253D7990093330D /* extensions */ = {
			isa = PBXGroup;
			children = (
				CF66604B2253D7CD0093330D /* UIView+showAlert.swift */,
			);
			path = extensions;
			sourceTree = "<group>";
		};
		CF666051225407950093330D /* keys */ = {
			isa = PBXGroup;
			children = (
			);
			path = keys;
			sourceTree = "<group>";
		};
		CF666054225408800093330D /* remotecommands */ = {
			isa = PBXGroup;
			children = (
				CF66604F2254044D0093330D /* FirebaseTealiumSwift.swift */,
			);
			path = remotecommands;
			sourceTree = "<group>";
		};
		CF666055225408920093330D /* tealium */ = {
			isa = PBXGroup;
			children = (
				CF66604D2254032A0093330D /* TealiumHelper.swift */,
			);
			path = tealium;
			sourceTree = "<group>";
		};
		E872A25534A44420284099AB /* Frameworks */ = {
			isa = PBXGroup;
			children = (
				7E22E57AD4F439FD22988FB8 /* Pods_FirebaseSample.framework */,
			);
			name = Frameworks;
			sourceTree = "<group>";
		};
/* End PBXGroup section */

/* Begin PBXNativeTarget section */
		CF66602B2253C8AA0093330D /* FirebaseSample */ = {
			isa = PBXNativeTarget;
			buildConfigurationList = CF66603E2253C8AB0093330D /* Build configuration list for PBXNativeTarget "FirebaseSample" */;
			buildPhases = (
				8FBE9DEFCBF35212C3A79435 /* [CP] Check Pods Manifest.lock */,
				CF6660282253C8AA0093330D /* Sources */,
				CF6660292253C8AA0093330D /* Frameworks */,
				CF66602A2253C8AA0093330D /* Resources */,
				4ECCB1776546F21628308AD1 /* [CP] Embed Pods Frameworks */,
			);
			buildRules = (
			);
			dependencies = (
			);
			name = FirebaseSample;
			productName = FirebaseSample;
			productReference = CF66602C2253C8AA0093330D /* FirebaseSample.app */;
			productType = "com.apple.product-type.application";
		};
/* End PBXNativeTarget section */

/* Begin PBXProject section */
		CF6660242253C8AA0093330D /* Project object */ = {
			isa = PBXProject;
			attributes = {
				LastSwiftUpdateCheck = 1020;
				LastUpgradeCheck = 1020;
				ORGANIZATIONNAME = Tealium;
				TargetAttributes = {
					CF66602B2253C8AA0093330D = {
						CreatedOnToolsVersion = 10.2;
					};
				};
			};
			buildConfigurationList = CF6660272253C8AA0093330D /* Build configuration list for PBXProject "FirebaseSample" */;
			compatibilityVersion = "Xcode 9.3";
			developmentRegion = en;
			hasScannedForEncodings = 0;
			knownRegions = (
				en,
				Base,
			);
			mainGroup = CF6660232253C8AA0093330D;
			productRefGroup = CF66602D2253C8AA0093330D /* Products */;
			projectDirPath = "";
			projectRoot = "";
			targets = (
				CF66602B2253C8AA0093330D /* FirebaseSample */,
			);
		};
/* End PBXProject section */

/* Begin PBXResourcesBuildPhase section */
		CF66602A2253C8AA0093330D /* Resources */ = {
			isa = PBXResourcesBuildPhase;
			buildActionMask = 2147483647;
			files = (
				CF66603A2253C8AB0093330D /* LaunchScreen.storyboard in Resources */,
				CF6660372253C8AB0093330D /* Assets.xcassets in Resources */,
				CF6660352253C8AA0093330D /* Main.storyboard in Resources */,
			);
			runOnlyForDeploymentPostprocessing = 0;
		};
/* End PBXResourcesBuildPhase section */

/* Begin PBXShellScriptBuildPhase section */
		4ECCB1776546F21628308AD1 /* [CP] Embed Pods Frameworks */ = {
			isa = PBXShellScriptBuildPhase;
			buildActionMask = 2147483647;
			files = (
			);
			inputFileListPaths = (
			);
			inputPaths = (
				"${PODS_ROOT}/Target Support Files/Pods-FirebaseSample/Pods-FirebaseSample-frameworks.sh",
				"${BUILT_PRODUCTS_DIR}/GoogleUtilities/GoogleUtilities.framework",
				"${BUILT_PRODUCTS_DIR}/nanopb/nanopb.framework",
				"${BUILT_PRODUCTS_DIR}/tealium-swift/TealiumSwift.framework",
			);
			name = "[CP] Embed Pods Frameworks";
			outputFileListPaths = (
			);
			outputPaths = (
				"${TARGET_BUILD_DIR}/${FRAMEWORKS_FOLDER_PATH}/GoogleUtilities.framework",
				"${TARGET_BUILD_DIR}/${FRAMEWORKS_FOLDER_PATH}/nanopb.framework",
				"${TARGET_BUILD_DIR}/${FRAMEWORKS_FOLDER_PATH}/TealiumSwift.framework",
			);
			runOnlyForDeploymentPostprocessing = 0;
			shellPath = /bin/sh;
			shellScript = "\"${PODS_ROOT}/Target Support Files/Pods-FirebaseSample/Pods-FirebaseSample-frameworks.sh\"\n";
			showEnvVarsInLog = 0;
		};
		8FBE9DEFCBF35212C3A79435 /* [CP] Check Pods Manifest.lock */ = {
			isa = PBXShellScriptBuildPhase;
			buildActionMask = 2147483647;
			files = (
			);
			inputFileListPaths = (
			);
			inputPaths = (
				"${PODS_PODFILE_DIR_PATH}/Podfile.lock",
				"${PODS_ROOT}/Manifest.lock",
			);
			name = "[CP] Check Pods Manifest.lock";
			outputFileListPaths = (
			);
			outputPaths = (
				"$(DERIVED_FILE_DIR)/Pods-FirebaseSample-checkManifestLockResult.txt",
			);
			runOnlyForDeploymentPostprocessing = 0;
			shellPath = /bin/sh;
			shellScript = "diff \"${PODS_PODFILE_DIR_PATH}/Podfile.lock\" \"${PODS_ROOT}/Manifest.lock\" > /dev/null\nif [ $? != 0 ] ; then\n    # print error to STDERR\n    echo \"error: The sandbox is not in sync with the Podfile.lock. Run 'pod install' or update your CocoaPods installation.\" >&2\n    exit 1\nfi\n# This output is used by Xcode 'outputs' to avoid re-running this script phase.\necho \"SUCCESS\" > \"${SCRIPT_OUTPUT_FILE_0}\"\n";
			showEnvVarsInLog = 0;
		};
/* End PBXShellScriptBuildPhase section */

/* Begin PBXSourcesBuildPhase section */
		CF6660282253C8AA0093330D /* Sources */ = {
			isa = PBXSourcesBuildPhase;
			buildActionMask = 2147483647;
			files = (
				CF6660442253CAAA0093330D /* LoggedInViewController.swift in Sources */,
				CF6660482253CADF0093330D /* OrderViewController.swift in Sources */,
				CF6660322253C8AA0093330D /* DashboardViewController.swift in Sources */,
				CF66604E2254032A0093330D /* TealiumHelper.swift in Sources */,
				CF6660502254044D0093330D /* FirebaseTealiumSwift.swift in Sources */,
				CF6660462253CAC10093330D /* ContentViewController.swift in Sources */,
				CF66604C2253D7CD0093330D /* UIView+showAlert.swift in Sources */,
				CF6660302253C8AA0093330D /* AppDelegate.swift in Sources */,
			);
			runOnlyForDeploymentPostprocessing = 0;
		};
/* End PBXSourcesBuildPhase section */

/* Begin PBXVariantGroup section */
		CF6660332253C8AA0093330D /* Main.storyboard */ = {
			isa = PBXVariantGroup;
			children = (
				CF6660342253C8AA0093330D /* Base */,
			);
			name = Main.storyboard;
			sourceTree = "<group>";
		};
		CF6660382253C8AB0093330D /* LaunchScreen.storyboard */ = {
			isa = PBXVariantGroup;
			children = (
				CF6660392253C8AB0093330D /* Base */,
			);
			name = LaunchScreen.storyboard;
			sourceTree = "<group>";
		};
/* End PBXVariantGroup section */

/* Begin XCBuildConfiguration section */
		CF66603C2253C8AB0093330D /* Debug */ = {
			isa = XCBuildConfiguration;
			buildSettings = {
				ALWAYS_SEARCH_USER_PATHS = NO;
				CLANG_ANALYZER_NONNULL = YES;
				CLANG_ANALYZER_NUMBER_OBJECT_CONVERSION = YES_AGGRESSIVE;
				CLANG_CXX_LANGUAGE_STANDARD = "gnu++14";
				CLANG_CXX_LIBRARY = "libc++";
				CLANG_ENABLE_MODULES = YES;
				CLANG_ENABLE_OBJC_ARC = YES;
				CLANG_ENABLE_OBJC_WEAK = YES;
				CLANG_WARN_BLOCK_CAPTURE_AUTORELEASING = YES;
				CLANG_WARN_BOOL_CONVERSION = YES;
				CLANG_WARN_COMMA = YES;
				CLANG_WARN_CONSTANT_CONVERSION = YES;
				CLANG_WARN_DEPRECATED_OBJC_IMPLEMENTATIONS = YES;
				CLANG_WARN_DIRECT_OBJC_ISA_USAGE = YES_ERROR;
				CLANG_WARN_DOCUMENTATION_COMMENTS = YES;
				CLANG_WARN_EMPTY_BODY = YES;
				CLANG_WARN_ENUM_CONVERSION = YES;
				CLANG_WARN_INFINITE_RECURSION = YES;
				CLANG_WARN_INT_CONVERSION = YES;
				CLANG_WARN_NON_LITERAL_NULL_CONVERSION = YES;
				CLANG_WARN_OBJC_IMPLICIT_RETAIN_SELF = YES;
				CLANG_WARN_OBJC_LITERAL_CONVERSION = YES;
				CLANG_WARN_OBJC_ROOT_CLASS = YES_ERROR;
				CLANG_WARN_RANGE_LOOP_ANALYSIS = YES;
				CLANG_WARN_STRICT_PROTOTYPES = YES;
				CLANG_WARN_SUSPICIOUS_MOVE = YES;
				CLANG_WARN_UNGUARDED_AVAILABILITY = YES_AGGRESSIVE;
				CLANG_WARN_UNREACHABLE_CODE = YES;
				CLANG_WARN__DUPLICATE_METHOD_MATCH = YES;
				CODE_SIGN_IDENTITY = "iPhone Developer";
				COPY_PHASE_STRIP = NO;
				DEBUG_INFORMATION_FORMAT = dwarf;
				ENABLE_STRICT_OBJC_MSGSEND = YES;
				ENABLE_TESTABILITY = YES;
				GCC_C_LANGUAGE_STANDARD = gnu11;
				GCC_DYNAMIC_NO_PIC = NO;
				GCC_NO_COMMON_BLOCKS = YES;
				GCC_OPTIMIZATION_LEVEL = 0;
				GCC_PREPROCESSOR_DEFINITIONS = (
					"DEBUG=1",
					"$(inherited)",
				);
				GCC_WARN_64_TO_32_BIT_CONVERSION = YES;
				GCC_WARN_ABOUT_RETURN_TYPE = YES_ERROR;
				GCC_WARN_UNDECLARED_SELECTOR = YES;
				GCC_WARN_UNINITIALIZED_AUTOS = YES_AGGRESSIVE;
				GCC_WARN_UNUSED_FUNCTION = YES;
				GCC_WARN_UNUSED_VARIABLE = YES;
				IPHONEOS_DEPLOYMENT_TARGET = 12.2;
				MTL_ENABLE_DEBUG_INFO = INCLUDE_SOURCE;
				MTL_FAST_MATH = YES;
				ONLY_ACTIVE_ARCH = YES;
				SDKROOT = iphoneos;
				SWIFT_ACTIVE_COMPILATION_CONDITIONS = DEBUG;
				SWIFT_OPTIMIZATION_LEVEL = "-Onone";
			};
			name = Debug;
		};
		CF66603D2253C8AB0093330D /* Release */ = {
			isa = XCBuildConfiguration;
			buildSettings = {
				ALWAYS_SEARCH_USER_PATHS = NO;
				CLANG_ANALYZER_NONNULL = YES;
				CLANG_ANALYZER_NUMBER_OBJECT_CONVERSION = YES_AGGRESSIVE;
				CLANG_CXX_LANGUAGE_STANDARD = "gnu++14";
				CLANG_CXX_LIBRARY = "libc++";
				CLANG_ENABLE_MODULES = YES;
				CLANG_ENABLE_OBJC_ARC = YES;
				CLANG_ENABLE_OBJC_WEAK = YES;
				CLANG_WARN_BLOCK_CAPTURE_AUTORELEASING = YES;
				CLANG_WARN_BOOL_CONVERSION = YES;
				CLANG_WARN_COMMA = YES;
				CLANG_WARN_CONSTANT_CONVERSION = YES;
				CLANG_WARN_DEPRECATED_OBJC_IMPLEMENTATIONS = YES;
				CLANG_WARN_DIRECT_OBJC_ISA_USAGE = YES_ERROR;
				CLANG_WARN_DOCUMENTATION_COMMENTS = YES;
				CLANG_WARN_EMPTY_BODY = YES;
				CLANG_WARN_ENUM_CONVERSION = YES;
				CLANG_WARN_INFINITE_RECURSION = YES;
				CLANG_WARN_INT_CONVERSION = YES;
				CLANG_WARN_NON_LITERAL_NULL_CONVERSION = YES;
				CLANG_WARN_OBJC_IMPLICIT_RETAIN_SELF = YES;
				CLANG_WARN_OBJC_LITERAL_CONVERSION = YES;
				CLANG_WARN_OBJC_ROOT_CLASS = YES_ERROR;
				CLANG_WARN_RANGE_LOOP_ANALYSIS = YES;
				CLANG_WARN_STRICT_PROTOTYPES = YES;
				CLANG_WARN_SUSPICIOUS_MOVE = YES;
				CLANG_WARN_UNGUARDED_AVAILABILITY = YES_AGGRESSIVE;
				CLANG_WARN_UNREACHABLE_CODE = YES;
				CLANG_WARN__DUPLICATE_METHOD_MATCH = YES;
				CODE_SIGN_IDENTITY = "iPhone Developer";
				COPY_PHASE_STRIP = NO;
				DEBUG_INFORMATION_FORMAT = "dwarf-with-dsym";
				ENABLE_NS_ASSERTIONS = NO;
				ENABLE_STRICT_OBJC_MSGSEND = YES;
				GCC_C_LANGUAGE_STANDARD = gnu11;
				GCC_NO_COMMON_BLOCKS = YES;
				GCC_WARN_64_TO_32_BIT_CONVERSION = YES;
				GCC_WARN_ABOUT_RETURN_TYPE = YES_ERROR;
				GCC_WARN_UNDECLARED_SELECTOR = YES;
				GCC_WARN_UNINITIALIZED_AUTOS = YES_AGGRESSIVE;
				GCC_WARN_UNUSED_FUNCTION = YES;
				GCC_WARN_UNUSED_VARIABLE = YES;
				IPHONEOS_DEPLOYMENT_TARGET = 12.2;
				MTL_ENABLE_DEBUG_INFO = NO;
				MTL_FAST_MATH = YES;
				SDKROOT = iphoneos;
				SWIFT_COMPILATION_MODE = wholemodule;
				SWIFT_OPTIMIZATION_LEVEL = "-O";
				VALIDATE_PRODUCT = YES;
			};
			name = Release;
		};
		CF66603F2253C8AB0093330D /* Debug */ = {
			isa = XCBuildConfiguration;
			baseConfigurationReference = A55BE4565543ADB4F585945A /* Pods-FirebaseSample.debug.xcconfig */;
			buildSettings = {
				ASSETCATALOG_COMPILER_APPICON_NAME = AppIcon;
				CODE_SIGN_STYLE = Automatic;
				DEVELOPMENT_TEAM = XC939GDC9P;
				INFOPLIST_FILE = FirebaseSample/Info.plist;
				LD_RUNPATH_SEARCH_PATHS = (
					"$(inherited)",
					"@executable_path/Frameworks",
				);
				PRODUCT_BUNDLE_IDENTIFIER = com.tealium.FirebaseSample;
				PRODUCT_NAME = "$(TARGET_NAME)";
				SWIFT_VERSION = 5.0;
				TARGETED_DEVICE_FAMILY = "1,2";
			};
			name = Debug;
		};
		CF6660402253C8AB0093330D /* Release */ = {
			isa = XCBuildConfiguration;
			baseConfigurationReference = 09E4B8435C289E524D54AE98 /* Pods-FirebaseSample.release.xcconfig */;
			buildSettings = {
				ASSETCATALOG_COMPILER_APPICON_NAME = AppIcon;
				CODE_SIGN_STYLE = Automatic;
				DEVELOPMENT_TEAM = XC939GDC9P;
				INFOPLIST_FILE = FirebaseSample/Info.plist;
				LD_RUNPATH_SEARCH_PATHS = (
					"$(inherited)",
					"@executable_path/Frameworks",
				);
				PRODUCT_BUNDLE_IDENTIFIER = com.tealium.FirebaseSample;
				PRODUCT_NAME = "$(TARGET_NAME)";
				SWIFT_VERSION = 5.0;
				TARGETED_DEVICE_FAMILY = "1,2";
			};
			name = Release;
		};
/* End XCBuildConfiguration section */

/* Begin XCConfigurationList section */
		CF6660272253C8AA0093330D /* Build configuration list for PBXProject "FirebaseSample" */ = {
			isa = XCConfigurationList;
			buildConfigurations = (
				CF66603C2253C8AB0093330D /* Debug */,
				CF66603D2253C8AB0093330D /* Release */,
			);
			defaultConfigurationIsVisible = 0;
			defaultConfigurationName = Release;
		};
		CF66603E2253C8AB0093330D /* Build configuration list for PBXNativeTarget "FirebaseSample" */ = {
			isa = XCConfigurationList;
			buildConfigurations = (
				CF66603F2253C8AB0093330D /* Debug */,
				CF6660402253C8AB0093330D /* Release */,
			);
			defaultConfigurationIsVisible = 0;
			defaultConfigurationName = Release;
		};
/* End XCConfigurationList section */
	};
	rootObject = CF6660242253C8AA0093330D /* Project object */;
}
