// !$*UTF8*$!
{
	archiveVersion = 1;
	classes = {
	};
	objectVersion = 46;
	objects = {

/* Begin PBXBuildFile section */
		717618181F27E9B30064BC55 /* TealiumHelper_carthage.swift in Sources */ = {isa = PBXBuildFile; fileRef = 717618171F27E9B30064BC55 /* TealiumHelper_carthage.swift */; };
		717DA5311F2A56FE002E47B4 /* ViewController.swift in Sources */ = {isa = PBXBuildFile; fileRef = 71C3817B1F27A7AF00DB58DF /* ViewController.swift */; };
		717DA5321F2A56FE002E47B4 /* TealiumHelper_carthage.swift in Sources */ = {isa = PBXBuildFile; fileRef = 717618171F27E9B30064BC55 /* TealiumHelper_carthage.swift */; };
		717DA5331F2A56FE002E47B4 /* AppDelegate.swift in Sources */ = {isa = PBXBuildFile; fileRef = 71C381791F27A7AF00DB58DF /* AppDelegate.swift */; };
		717DA5371F2A56FE002E47B4 /* LaunchScreen.storyboard in Resources */ = {isa = PBXBuildFile; fileRef = 71C381821F27A7AF00DB58DF /* LaunchScreen.storyboard */; };
		717DA5381F2A56FE002E47B4 /* Assets.xcassets in Resources */ = {isa = PBXBuildFile; fileRef = 71C381801F27A7AF00DB58DF /* Assets.xcassets */; };
		717DA5391F2A56FE002E47B4 /* Main.storyboard in Resources */ = {isa = PBXBuildFile; fileRef = 71C3817D1F27A7AF00DB58DF /* Main.storyboard */; };
		71C3817A1F27A7AF00DB58DF /* AppDelegate.swift in Sources */ = {isa = PBXBuildFile; fileRef = 71C381791F27A7AF00DB58DF /* AppDelegate.swift */; };
		71C3817C1F27A7AF00DB58DF /* ViewController.swift in Sources */ = {isa = PBXBuildFile; fileRef = 71C3817B1F27A7AF00DB58DF /* ViewController.swift */; };
		71C3817F1F27A7AF00DB58DF /* Main.storyboard in Resources */ = {isa = PBXBuildFile; fileRef = 71C3817D1F27A7AF00DB58DF /* Main.storyboard */; };
		71C381811F27A7AF00DB58DF /* Assets.xcassets in Resources */ = {isa = PBXBuildFile; fileRef = 71C381801F27A7AF00DB58DF /* Assets.xcassets */; };
		71C381841F27A7AF00DB58DF /* LaunchScreen.storyboard in Resources */ = {isa = PBXBuildFile; fileRef = 71C381821F27A7AF00DB58DF /* LaunchScreen.storyboard */; };
		71C3818F1F27A7B000DB58DF /* iOS_Blank_Tealium_carthageTests.swift in Sources */ = {isa = PBXBuildFile; fileRef = 71C3818E1F27A7B000DB58DF /* iOS_Blank_Tealium_carthageTests.swift */; };
		71C3819A1F27A7B000DB58DF /* iOS_Blank_Tealium_carthageUITests.swift in Sources */ = {isa = PBXBuildFile; fileRef = 71C381991F27A7B000DB58DF /* iOS_Blank_Tealium_carthageUITests.swift */; };
		D71945E6219F2D4100E9D97F /* TealiumAppData.framework in Frameworks */ = {isa = PBXBuildFile; fileRef = D71945D3219F2D3700E9D97F /* TealiumAppData.framework */; };
		D71945E7219F2D4100E9D97F /* TealiumAppData.framework in Embed Frameworks */ = {isa = PBXBuildFile; fileRef = D71945D3219F2D3700E9D97F /* TealiumAppData.framework */; settings = {ATTRIBUTES = (CodeSignOnCopy, RemoveHeadersOnCopy, ); }; };
		D71945E8219F2D4100E9D97F /* TealiumAttribution.framework in Frameworks */ = {isa = PBXBuildFile; fileRef = D71945E3219F2D3800E9D97F /* TealiumAttribution.framework */; };
		D71945E9219F2D4100E9D97F /* TealiumAttribution.framework in Embed Frameworks */ = {isa = PBXBuildFile; fileRef = D71945E3219F2D3800E9D97F /* TealiumAttribution.framework */; settings = {ATTRIBUTES = (CodeSignOnCopy, RemoveHeadersOnCopy, ); }; };
		D71945EA219F2D4100E9D97F /* TealiumAutotracking.framework in Frameworks */ = {isa = PBXBuildFile; fileRef = D71945D5219F2D3700E9D97F /* TealiumAutotracking.framework */; };
		D71945EB219F2D4100E9D97F /* TealiumAutotracking.framework in Embed Frameworks */ = {isa = PBXBuildFile; fileRef = D71945D5219F2D3700E9D97F /* TealiumAutotracking.framework */; settings = {ATTRIBUTES = (CodeSignOnCopy, RemoveHeadersOnCopy, ); }; };
		D71945EC219F2D4100E9D97F /* TealiumCollect.framework in Frameworks */ = {isa = PBXBuildFile; fileRef = D71945E2219F2D3800E9D97F /* TealiumCollect.framework */; };
		D71945ED219F2D4100E9D97F /* TealiumCollect.framework in Embed Frameworks */ = {isa = PBXBuildFile; fileRef = D71945E2219F2D3800E9D97F /* TealiumCollect.framework */; settings = {ATTRIBUTES = (CodeSignOnCopy, RemoveHeadersOnCopy, ); }; };
		D71945EE219F2D4100E9D97F /* TealiumConnectivity.framework in Frameworks */ = {isa = PBXBuildFile; fileRef = D71945DA219F2D3700E9D97F /* TealiumConnectivity.framework */; };
		D71945EF219F2D4100E9D97F /* TealiumConnectivity.framework in Embed Frameworks */ = {isa = PBXBuildFile; fileRef = D71945DA219F2D3700E9D97F /* TealiumConnectivity.framework */; settings = {ATTRIBUTES = (CodeSignOnCopy, RemoveHeadersOnCopy, ); }; };
		D71945F0219F2D4100E9D97F /* TealiumConsentManager.framework in Frameworks */ = {isa = PBXBuildFile; fileRef = D71945E5219F2D3800E9D97F /* TealiumConsentManager.framework */; };
		D71945F1219F2D4100E9D97F /* TealiumConsentManager.framework in Embed Frameworks */ = {isa = PBXBuildFile; fileRef = D71945E5219F2D3800E9D97F /* TealiumConsentManager.framework */; settings = {ATTRIBUTES = (CodeSignOnCopy, RemoveHeadersOnCopy, ); }; };
		D71945F2219F2D4100E9D97F /* TealiumCore.framework in Frameworks */ = {isa = PBXBuildFile; fileRef = D71945D9219F2D3700E9D97F /* TealiumCore.framework */; };
		D71945F3219F2D4100E9D97F /* TealiumCore.framework in Embed Frameworks */ = {isa = PBXBuildFile; fileRef = D71945D9219F2D3700E9D97F /* TealiumCore.framework */; settings = {ATTRIBUTES = (CodeSignOnCopy, RemoveHeadersOnCopy, ); }; };
		D71945F4219F2D4100E9D97F /* TealiumCrash.framework in Frameworks */ = {isa = PBXBuildFile; fileRef = D71945E1219F2D3800E9D97F /* TealiumCrash.framework */; };
		D71945F5219F2D4100E9D97F /* TealiumCrash.framework in Embed Frameworks */ = {isa = PBXBuildFile; fileRef = D71945E1219F2D3800E9D97F /* TealiumCrash.framework */; settings = {ATTRIBUTES = (CodeSignOnCopy, RemoveHeadersOnCopy, ); }; };
		D71945F6219F2D4100E9D97F /* TealiumCrashReporteriOS.framework in Frameworks */ = {isa = PBXBuildFile; fileRef = D71945E0219F2D3800E9D97F /* TealiumCrashReporteriOS.framework */; };
		D71945F7219F2D4100E9D97F /* TealiumCrashReporteriOS.framework in Embed Frameworks */ = {isa = PBXBuildFile; fileRef = D71945E0219F2D3800E9D97F /* TealiumCrashReporteriOS.framework */; settings = {ATTRIBUTES = (CodeSignOnCopy, RemoveHeadersOnCopy, ); }; };
		D71945F8219F2D4100E9D97F /* TealiumDataSource.framework in Frameworks */ = {isa = PBXBuildFile; fileRef = D71945D2219F2D3700E9D97F /* TealiumDataSource.framework */; };
		D71945F9219F2D4100E9D97F /* TealiumDataSource.framework in Embed Frameworks */ = {isa = PBXBuildFile; fileRef = D71945D2219F2D3700E9D97F /* TealiumDataSource.framework */; settings = {ATTRIBUTES = (CodeSignOnCopy, RemoveHeadersOnCopy, ); }; };
		D71945FA219F2D4100E9D97F /* TealiumDefaultsStorage.framework in Frameworks */ = {isa = PBXBuildFile; fileRef = D71945D6219F2D3700E9D97F /* TealiumDefaultsStorage.framework */; };
		D71945FB219F2D4100E9D97F /* TealiumDefaultsStorage.framework in Embed Frameworks */ = {isa = PBXBuildFile; fileRef = D71945D6219F2D3700E9D97F /* TealiumDefaultsStorage.framework */; settings = {ATTRIBUTES = (CodeSignOnCopy, RemoveHeadersOnCopy, ); }; };
		D71945FC219F2D4100E9D97F /* TealiumDelegate.framework in Frameworks */ = {isa = PBXBuildFile; fileRef = D71945D4219F2D3700E9D97F /* TealiumDelegate.framework */; };
		D71945FD219F2D4100E9D97F /* TealiumDelegate.framework in Embed Frameworks */ = {isa = PBXBuildFile; fileRef = D71945D4219F2D3700E9D97F /* TealiumDelegate.framework */; settings = {ATTRIBUTES = (CodeSignOnCopy, RemoveHeadersOnCopy, ); }; };
		D71945FE219F2D4100E9D97F /* TealiumDeviceData.framework in Frameworks */ = {isa = PBXBuildFile; fileRef = D71945D8219F2D3700E9D97F /* TealiumDeviceData.framework */; };
		D71945FF219F2D4100E9D97F /* TealiumDeviceData.framework in Embed Frameworks */ = {isa = PBXBuildFile; fileRef = D71945D8219F2D3700E9D97F /* TealiumDeviceData.framework */; settings = {ATTRIBUTES = (CodeSignOnCopy, RemoveHeadersOnCopy, ); }; };
		D7194600219F2D4100E9D97F /* TealiumDispatchQueue.framework in Frameworks */ = {isa = PBXBuildFile; fileRef = D71945DD219F2D3700E9D97F /* TealiumDispatchQueue.framework */; };
		D7194601219F2D4100E9D97F /* TealiumDispatchQueue.framework in Embed Frameworks */ = {isa = PBXBuildFile; fileRef = D71945DD219F2D3700E9D97F /* TealiumDispatchQueue.framework */; settings = {ATTRIBUTES = (CodeSignOnCopy, RemoveHeadersOnCopy, ); }; };
		D7194602219F2D4100E9D97F /* TealiumFileStorage.framework in Frameworks */ = {isa = PBXBuildFile; fileRef = D71945DF219F2D3800E9D97F /* TealiumFileStorage.framework */; };
		D7194603219F2D4100E9D97F /* TealiumFileStorage.framework in Embed Frameworks */ = {isa = PBXBuildFile; fileRef = D71945DF219F2D3800E9D97F /* TealiumFileStorage.framework */; settings = {ATTRIBUTES = (CodeSignOnCopy, RemoveHeadersOnCopy, ); }; };
		D7194604219F2D4100E9D97F /* TealiumLifecycle.framework in Frameworks */ = {isa = PBXBuildFile; fileRef = D71945DB219F2D3700E9D97F /* TealiumLifecycle.framework */; };
		D7194605219F2D4100E9D97F /* TealiumLifecycle.framework in Embed Frameworks */ = {isa = PBXBuildFile; fileRef = D71945DB219F2D3700E9D97F /* TealiumLifecycle.framework */; settings = {ATTRIBUTES = (CodeSignOnCopy, RemoveHeadersOnCopy, ); }; };
		D7194606219F2D4100E9D97F /* TealiumLogger.framework in Frameworks */ = {isa = PBXBuildFile; fileRef = D71945DC219F2D3700E9D97F /* TealiumLogger.framework */; };
		D7194607219F2D4100E9D97F /* TealiumLogger.framework in Embed Frameworks */ = {isa = PBXBuildFile; fileRef = D71945DC219F2D3700E9D97F /* TealiumLogger.framework */; settings = {ATTRIBUTES = (CodeSignOnCopy, RemoveHeadersOnCopy, ); }; };
		D7194608219F2D4100E9D97F /* TealiumRemoteCommands.framework in Frameworks */ = {isa = PBXBuildFile; fileRef = D71945E4219F2D3800E9D97F /* TealiumRemoteCommands.framework */; };
		D7194609219F2D4100E9D97F /* TealiumRemoteCommands.framework in Embed Frameworks */ = {isa = PBXBuildFile; fileRef = D71945E4219F2D3800E9D97F /* TealiumRemoteCommands.framework */; settings = {ATTRIBUTES = (CodeSignOnCopy, RemoveHeadersOnCopy, ); }; };
		D719460C219F2D4100E9D97F /* TealiumVolatileData.framework in Frameworks */ = {isa = PBXBuildFile; fileRef = D71945D7219F2D3700E9D97F /* TealiumVolatileData.framework */; };
		D719460D219F2D4100E9D97F /* TealiumVolatileData.framework in Embed Frameworks */ = {isa = PBXBuildFile; fileRef = D71945D7219F2D3700E9D97F /* TealiumVolatileData.framework */; settings = {ATTRIBUTES = (CodeSignOnCopy, RemoveHeadersOnCopy, ); }; };
		D72FBB8E21A83FFA00D27E1F /* TealiumTagManagement.framework in Frameworks */ = {isa = PBXBuildFile; fileRef = D71945DE219F2D3700E9D97F /* TealiumTagManagement.framework */; };
		D72FBB8F21A83FFA00D27E1F /* TealiumTagManagement.framework in Embed Frameworks */ = {isa = PBXBuildFile; fileRef = D71945DE219F2D3700E9D97F /* TealiumTagManagement.framework */; settings = {ATTRIBUTES = (CodeSignOnCopy, RemoveHeadersOnCopy, ); }; };
/* End PBXBuildFile section */

/* Begin PBXContainerItemProxy section */
		71C3818B1F27A7AF00DB58DF /* PBXContainerItemProxy */ = {
			isa = PBXContainerItemProxy;
			containerPortal = 71C3816E1F27A7AF00DB58DF /* Project object */;
			proxyType = 1;
			remoteGlobalIDString = 71C381751F27A7AF00DB58DF;
			remoteInfo = "iOS_Blank+Tealium_carthage";
		};
		71C381961F27A7B000DB58DF /* PBXContainerItemProxy */ = {
			isa = PBXContainerItemProxy;
			containerPortal = 71C3816E1F27A7AF00DB58DF /* Project object */;
			proxyType = 1;
			remoteGlobalIDString = 71C381751F27A7AF00DB58DF;
			remoteInfo = "iOS_Blank+Tealium_carthage";
		};
		71D0217D1F38DF7C00D267D5 /* PBXContainerItemProxy */ = {
			isa = PBXContainerItemProxy;
			containerPortal = 71C3816E1F27A7AF00DB58DF /* Project object */;
			proxyType = 1;
			remoteGlobalIDString = 717DA52F1F2A56FE002E47B4;
			remoteInfo = "iOS_Blank+Tealium_carthage_autotracking";
		};
/* End PBXContainerItemProxy section */

/* Begin PBXCopyFilesBuildPhase section */
		717DA53A1F2A56FE002E47B4 /* Embed Frameworks */ = {
			isa = PBXCopyFilesBuildPhase;
			buildActionMask = 2147483647;
			dstPath = "";
			dstSubfolderSpec = 10;
			files = (
			);
			name = "Embed Frameworks";
			runOnlyForDeploymentPostprocessing = 0;
		};
		71C381AA1F27A9DB00DB58DF /* Embed Frameworks */ = {
			isa = PBXCopyFilesBuildPhase;
			buildActionMask = 2147483647;
			dstPath = "";
			dstSubfolderSpec = 10;
			files = (
				D719460D219F2D4100E9D97F /* TealiumVolatileData.framework in Embed Frameworks */,
				D71945FF219F2D4100E9D97F /* TealiumDeviceData.framework in Embed Frameworks */,
				D7194603219F2D4100E9D97F /* TealiumFileStorage.framework in Embed Frameworks */,
				D71945F7219F2D4100E9D97F /* TealiumCrashReporteriOS.framework in Embed Frameworks */,
				D72FBB8F21A83FFA00D27E1F /* TealiumTagManagement.framework in Embed Frameworks */,
				D71945FD219F2D4100E9D97F /* TealiumDelegate.framework in Embed Frameworks */,
				D7194609219F2D4100E9D97F /* TealiumRemoteCommands.framework in Embed Frameworks */,
				D7194607219F2D4100E9D97F /* TealiumLogger.framework in Embed Frameworks */,
				D71945F9219F2D4100E9D97F /* TealiumDataSource.framework in Embed Frameworks */,
				D7194601219F2D4100E9D97F /* TealiumDispatchQueue.framework in Embed Frameworks */,
				D71945F3219F2D4100E9D97F /* TealiumCore.framework in Embed Frameworks */,
				D7194605219F2D4100E9D97F /* TealiumLifecycle.framework in Embed Frameworks */,
				D71945E9219F2D4100E9D97F /* TealiumAttribution.framework in Embed Frameworks */,
				D71945E7219F2D4100E9D97F /* TealiumAppData.framework in Embed Frameworks */,
				D71945FB219F2D4100E9D97F /* TealiumDefaultsStorage.framework in Embed Frameworks */,
				D71945EB219F2D4100E9D97F /* TealiumAutotracking.framework in Embed Frameworks */,
				D71945F5219F2D4100E9D97F /* TealiumCrash.framework in Embed Frameworks */,
				D71945F1219F2D4100E9D97F /* TealiumConsentManager.framework in Embed Frameworks */,
				D71945EF219F2D4100E9D97F /* TealiumConnectivity.framework in Embed Frameworks */,
				D71945ED219F2D4100E9D97F /* TealiumCollect.framework in Embed Frameworks */,
			);
			name = "Embed Frameworks";
			runOnlyForDeploymentPostprocessing = 0;
		};
/* End PBXCopyFilesBuildPhase section */

/* Begin PBXFileReference section */
		717618171F27E9B30064BC55 /* TealiumHelper_carthage.swift */ = {isa = PBXFileReference; fileEncoding = 4; lastKnownFileType = sourcecode.swift; path = TealiumHelper_carthage.swift; sourceTree = SOURCE_ROOT; };
		717DA5401F2A56FE002E47B4 /* iOS_Blank+Tealium_carthage_autotracking.app */ = {isa = PBXFileReference; explicitFileType = wrapper.application; includeInIndex = 0; path = "iOS_Blank+Tealium_carthage_autotracking.app"; sourceTree = BUILT_PRODUCTS_DIR; };
		717DA5411F2A56FF002E47B4 /* iOS_Blank+Tealium_carthage copy-Info.plist */ = {isa = PBXFileReference; lastKnownFileType = text.plist.xml; name = "iOS_Blank+Tealium_carthage copy-Info.plist"; path = "/Users/jasonkoo/Jason/tealium-swift/samples/iOS_Blank+Tealium_carthage/iOS_Blank+Tealium_carthage copy-Info.plist"; sourceTree = "<absolute>"; };
		71C381761F27A7AF00DB58DF /* iOS_Blank+Tealium_carthage.app */ = {isa = PBXFileReference; explicitFileType = wrapper.application; includeInIndex = 0; path = "iOS_Blank+Tealium_carthage.app"; sourceTree = BUILT_PRODUCTS_DIR; };
		71C381791F27A7AF00DB58DF /* AppDelegate.swift */ = {isa = PBXFileReference; lastKnownFileType = sourcecode.swift; path = AppDelegate.swift; sourceTree = "<group>"; };
		71C3817B1F27A7AF00DB58DF /* ViewController.swift */ = {isa = PBXFileReference; lastKnownFileType = sourcecode.swift; path = ViewController.swift; sourceTree = "<group>"; };
		71C3817E1F27A7AF00DB58DF /* Base */ = {isa = PBXFileReference; lastKnownFileType = file.storyboard; name = Base; path = Base.lproj/Main.storyboard; sourceTree = "<group>"; };
		71C381801F27A7AF00DB58DF /* Assets.xcassets */ = {isa = PBXFileReference; lastKnownFileType = folder.assetcatalog; path = Assets.xcassets; sourceTree = "<group>"; };
		71C381831F27A7AF00DB58DF /* Base */ = {isa = PBXFileReference; lastKnownFileType = file.storyboard; name = Base; path = Base.lproj/LaunchScreen.storyboard; sourceTree = "<group>"; };
		71C381851F27A7AF00DB58DF /* Info.plist */ = {isa = PBXFileReference; lastKnownFileType = text.plist.xml; path = Info.plist; sourceTree = "<group>"; };
		71C3818A1F27A7AF00DB58DF /* iOS_Blank+Tealium_carthageTests.xctest */ = {isa = PBXFileReference; explicitFileType = wrapper.cfbundle; includeInIndex = 0; path = "iOS_Blank+Tealium_carthageTests.xctest"; sourceTree = BUILT_PRODUCTS_DIR; };
		71C3818E1F27A7B000DB58DF /* iOS_Blank_Tealium_carthageTests.swift */ = {isa = PBXFileReference; lastKnownFileType = sourcecode.swift; path = iOS_Blank_Tealium_carthageTests.swift; sourceTree = "<group>"; };
		71C381901F27A7B000DB58DF /* Info.plist */ = {isa = PBXFileReference; lastKnownFileType = text.plist.xml; path = Info.plist; sourceTree = "<group>"; };
		71C381951F27A7B000DB58DF /* iOS_Blank+Tealium_carthage_autotracking_UITests.xctest */ = {isa = PBXFileReference; explicitFileType = wrapper.cfbundle; includeInIndex = 0; path = "iOS_Blank+Tealium_carthage_autotracking_UITests.xctest"; sourceTree = BUILT_PRODUCTS_DIR; };
		71C381991F27A7B000DB58DF /* iOS_Blank_Tealium_carthageUITests.swift */ = {isa = PBXFileReference; lastKnownFileType = sourcecode.swift; path = iOS_Blank_Tealium_carthageUITests.swift; sourceTree = "<group>"; };
		71C3819B1F27A7B000DB58DF /* Info.plist */ = {isa = PBXFileReference; lastKnownFileType = text.plist.xml; path = Info.plist; sourceTree = "<group>"; };
		D71945D2219F2D3700E9D97F /* TealiumDataSource.framework */ = {isa = PBXFileReference; lastKnownFileType = wrapper.framework; name = TealiumDataSource.framework; path = Carthage/Build/iOS/TealiumDataSource.framework; sourceTree = "<group>"; };
		D71945D3219F2D3700E9D97F /* TealiumAppData.framework */ = {isa = PBXFileReference; lastKnownFileType = wrapper.framework; name = TealiumAppData.framework; path = Carthage/Build/iOS/TealiumAppData.framework; sourceTree = "<group>"; };
		D71945D4219F2D3700E9D97F /* TealiumDelegate.framework */ = {isa = PBXFileReference; lastKnownFileType = wrapper.framework; name = TealiumDelegate.framework; path = Carthage/Build/iOS/TealiumDelegate.framework; sourceTree = "<group>"; };
		D71945D5219F2D3700E9D97F /* TealiumAutotracking.framework */ = {isa = PBXFileReference; lastKnownFileType = wrapper.framework; name = TealiumAutotracking.framework; path = Carthage/Build/iOS/TealiumAutotracking.framework; sourceTree = "<group>"; };
		D71945D6219F2D3700E9D97F /* TealiumDefaultsStorage.framework */ = {isa = PBXFileReference; lastKnownFileType = wrapper.framework; name = TealiumDefaultsStorage.framework; path = Carthage/Build/iOS/TealiumDefaultsStorage.framework; sourceTree = "<group>"; };
		D71945D7219F2D3700E9D97F /* TealiumVolatileData.framework */ = {isa = PBXFileReference; lastKnownFileType = wrapper.framework; name = TealiumVolatileData.framework; path = Carthage/Build/iOS/TealiumVolatileData.framework; sourceTree = "<group>"; };
		D71945D8219F2D3700E9D97F /* TealiumDeviceData.framework */ = {isa = PBXFileReference; lastKnownFileType = wrapper.framework; name = TealiumDeviceData.framework; path = Carthage/Build/iOS/TealiumDeviceData.framework; sourceTree = "<group>"; };
		D71945D9219F2D3700E9D97F /* TealiumCore.framework */ = {isa = PBXFileReference; lastKnownFileType = wrapper.framework; name = TealiumCore.framework; path = Carthage/Build/iOS/TealiumCore.framework; sourceTree = "<group>"; };
		D71945DA219F2D3700E9D97F /* TealiumConnectivity.framework */ = {isa = PBXFileReference; lastKnownFileType = wrapper.framework; name = TealiumConnectivity.framework; path = Carthage/Build/iOS/TealiumConnectivity.framework; sourceTree = "<group>"; };
		D71945DB219F2D3700E9D97F /* TealiumLifecycle.framework */ = {isa = PBXFileReference; lastKnownFileType = wrapper.framework; name = TealiumLifecycle.framework; path = Carthage/Build/iOS/TealiumLifecycle.framework; sourceTree = "<group>"; };
		D71945DC219F2D3700E9D97F /* TealiumLogger.framework */ = {isa = PBXFileReference; lastKnownFileType = wrapper.framework; name = TealiumLogger.framework; path = Carthage/Build/iOS/TealiumLogger.framework; sourceTree = "<group>"; };
		D71945DD219F2D3700E9D97F /* TealiumDispatchQueue.framework */ = {isa = PBXFileReference; lastKnownFileType = wrapper.framework; name = TealiumDispatchQueue.framework; path = Carthage/Build/iOS/TealiumDispatchQueue.framework; sourceTree = "<group>"; };
		D71945DE219F2D3700E9D97F /* TealiumTagManagement.framework */ = {isa = PBXFileReference; lastKnownFileType = wrapper.framework; name = TealiumTagManagement.framework; path = Carthage/Build/iOS/TealiumTagManagement.framework; sourceTree = "<group>"; };
		D71945DF219F2D3800E9D97F /* TealiumFileStorage.framework */ = {isa = PBXFileReference; lastKnownFileType = wrapper.framework; name = TealiumFileStorage.framework; path = Carthage/Build/iOS/TealiumFileStorage.framework; sourceTree = "<group>"; };
		D71945E0219F2D3800E9D97F /* TealiumCrashReporteriOS.framework */ = {isa = PBXFileReference; lastKnownFileType = wrapper.framework; name = TealiumCrashReporteriOS.framework; path = Carthage/Build/iOS/TealiumCrashReporteriOS.framework; sourceTree = "<group>"; };
		D71945E1219F2D3800E9D97F /* TealiumCrash.framework */ = {isa = PBXFileReference; lastKnownFileType = wrapper.framework; name = TealiumCrash.framework; path = Carthage/Build/iOS/TealiumCrash.framework; sourceTree = "<group>"; };
		D71945E2219F2D3800E9D97F /* TealiumCollect.framework */ = {isa = PBXFileReference; lastKnownFileType = wrapper.framework; name = TealiumCollect.framework; path = Carthage/Build/iOS/TealiumCollect.framework; sourceTree = "<group>"; };
		D71945E3219F2D3800E9D97F /* TealiumAttribution.framework */ = {isa = PBXFileReference; lastKnownFileType = wrapper.framework; name = TealiumAttribution.framework; path = Carthage/Build/iOS/TealiumAttribution.framework; sourceTree = "<group>"; };
		D71945E4219F2D3800E9D97F /* TealiumRemoteCommands.framework */ = {isa = PBXFileReference; lastKnownFileType = wrapper.framework; name = TealiumRemoteCommands.framework; path = Carthage/Build/iOS/TealiumRemoteCommands.framework; sourceTree = "<group>"; };
		D71945E5219F2D3800E9D97F /* TealiumConsentManager.framework */ = {isa = PBXFileReference; lastKnownFileType = wrapper.framework; name = TealiumConsentManager.framework; path = Carthage/Build/iOS/TealiumConsentManager.framework; sourceTree = "<group>"; };
/* End PBXFileReference section */

/* Begin PBXFrameworksBuildPhase section */
		717DA5341F2A56FE002E47B4 /* Frameworks */ = {
			isa = PBXFrameworksBuildPhase;
			buildActionMask = 2147483647;
			files = (
			);
			runOnlyForDeploymentPostprocessing = 0;
		};
		71C381731F27A7AF00DB58DF /* Frameworks */ = {
			isa = PBXFrameworksBuildPhase;
			buildActionMask = 2147483647;
			files = (
				D719460C219F2D4100E9D97F /* TealiumVolatileData.framework in Frameworks */,
				D71945FE219F2D4100E9D97F /* TealiumDeviceData.framework in Frameworks */,
				D7194602219F2D4100E9D97F /* TealiumFileStorage.framework in Frameworks */,
				D71945F6219F2D4100E9D97F /* TealiumCrashReporteriOS.framework in Frameworks */,
				D72FBB8E21A83FFA00D27E1F /* TealiumTagManagement.framework in Frameworks */,
				D71945FC219F2D4100E9D97F /* TealiumDelegate.framework in Frameworks */,
				D7194608219F2D4100E9D97F /* TealiumRemoteCommands.framework in Frameworks */,
				D7194606219F2D4100E9D97F /* TealiumLogger.framework in Frameworks */,
				D71945F8219F2D4100E9D97F /* TealiumDataSource.framework in Frameworks */,
				D7194600219F2D4100E9D97F /* TealiumDispatchQueue.framework in Frameworks */,
				D71945F2219F2D4100E9D97F /* TealiumCore.framework in Frameworks */,
				D7194604219F2D4100E9D97F /* TealiumLifecycle.framework in Frameworks */,
				D71945E8219F2D4100E9D97F /* TealiumAttribution.framework in Frameworks */,
				D71945E6219F2D4100E9D97F /* TealiumAppData.framework in Frameworks */,
				D71945FA219F2D4100E9D97F /* TealiumDefaultsStorage.framework in Frameworks */,
				D71945EA219F2D4100E9D97F /* TealiumAutotracking.framework in Frameworks */,
				D71945F4219F2D4100E9D97F /* TealiumCrash.framework in Frameworks */,
				D71945F0219F2D4100E9D97F /* TealiumConsentManager.framework in Frameworks */,
				D71945EE219F2D4100E9D97F /* TealiumConnectivity.framework in Frameworks */,
				D71945EC219F2D4100E9D97F /* TealiumCollect.framework in Frameworks */,
			);
			runOnlyForDeploymentPostprocessing = 0;
		};
		71C381871F27A7AF00DB58DF /* Frameworks */ = {
			isa = PBXFrameworksBuildPhase;
			buildActionMask = 2147483647;
			files = (
			);
			runOnlyForDeploymentPostprocessing = 0;
		};
		71C381921F27A7B000DB58DF /* Frameworks */ = {
			isa = PBXFrameworksBuildPhase;
			buildActionMask = 2147483647;
			files = (
			);
			runOnlyForDeploymentPostprocessing = 0;
		};
/* End PBXFrameworksBuildPhase section */

/* Begin PBXGroup section */
		71C3816D1F27A7AF00DB58DF = {
			isa = PBXGroup;
			children = (
				D71945D3219F2D3700E9D97F /* TealiumAppData.framework */,
				D71945E3219F2D3800E9D97F /* TealiumAttribution.framework */,
				D71945D5219F2D3700E9D97F /* TealiumAutotracking.framework */,
				D71945E2219F2D3800E9D97F /* TealiumCollect.framework */,
				D71945DA219F2D3700E9D97F /* TealiumConnectivity.framework */,
				D71945E5219F2D3800E9D97F /* TealiumConsentManager.framework */,
				D71945D9219F2D3700E9D97F /* TealiumCore.framework */,
				D71945E1219F2D3800E9D97F /* TealiumCrash.framework */,
				D71945E0219F2D3800E9D97F /* TealiumCrashReporteriOS.framework */,
				D71945D2219F2D3700E9D97F /* TealiumDataSource.framework */,
				D71945D6219F2D3700E9D97F /* TealiumDefaultsStorage.framework */,
				D71945D4219F2D3700E9D97F /* TealiumDelegate.framework */,
				D71945D8219F2D3700E9D97F /* TealiumDeviceData.framework */,
				D71945DD219F2D3700E9D97F /* TealiumDispatchQueue.framework */,
				D71945DF219F2D3800E9D97F /* TealiumFileStorage.framework */,
				D71945DB219F2D3700E9D97F /* TealiumLifecycle.framework */,
				D71945DC219F2D3700E9D97F /* TealiumLogger.framework */,
				D71945E4219F2D3800E9D97F /* TealiumRemoteCommands.framework */,
				D71945DE219F2D3700E9D97F /* TealiumTagManagement.framework */,
				D71945D7219F2D3700E9D97F /* TealiumVolatileData.framework */,
				71C381781F27A7AF00DB58DF /* iOS_Blank+Tealium_carthage */,
				71C3818D1F27A7AF00DB58DF /* iOS_Blank+Tealium_carthageTests */,
				71C381981F27A7B000DB58DF /* iOS_Blank+Tealium_carthageUITests */,
				71C381771F27A7AF00DB58DF /* Products */,
				717DA5411F2A56FF002E47B4 /* iOS_Blank+Tealium_carthage copy-Info.plist */,
			);
			sourceTree = "<group>";
		};
		71C381771F27A7AF00DB58DF /* Products */ = {
			isa = PBXGroup;
			children = (
				71C381761F27A7AF00DB58DF /* iOS_Blank+Tealium_carthage.app */,
				71C3818A1F27A7AF00DB58DF /* iOS_Blank+Tealium_carthageTests.xctest */,
				71C381951F27A7B000DB58DF /* iOS_Blank+Tealium_carthage_autotracking_UITests.xctest */,
				717DA5401F2A56FE002E47B4 /* iOS_Blank+Tealium_carthage_autotracking.app */,
			);
			name = Products;
			sourceTree = "<group>";
		};
		71C381781F27A7AF00DB58DF /* iOS_Blank+Tealium_carthage */ = {
			isa = PBXGroup;
			children = (
				717618171F27E9B30064BC55 /* TealiumHelper_carthage.swift */,
				71C381791F27A7AF00DB58DF /* AppDelegate.swift */,
				71C3817B1F27A7AF00DB58DF /* ViewController.swift */,
				71C3817D1F27A7AF00DB58DF /* Main.storyboard */,
				71C381801F27A7AF00DB58DF /* Assets.xcassets */,
				71C381821F27A7AF00DB58DF /* LaunchScreen.storyboard */,
				71C381851F27A7AF00DB58DF /* Info.plist */,
			);
			path = "iOS_Blank+Tealium_carthage";
			sourceTree = "<group>";
		};
		71C3818D1F27A7AF00DB58DF /* iOS_Blank+Tealium_carthageTests */ = {
			isa = PBXGroup;
			children = (
				71C3818E1F27A7B000DB58DF /* iOS_Blank_Tealium_carthageTests.swift */,
				71C381901F27A7B000DB58DF /* Info.plist */,
			);
			path = "iOS_Blank+Tealium_carthageTests";
			sourceTree = "<group>";
		};
		71C381981F27A7B000DB58DF /* iOS_Blank+Tealium_carthageUITests */ = {
			isa = PBXGroup;
			children = (
				71C381991F27A7B000DB58DF /* iOS_Blank_Tealium_carthageUITests.swift */,
				71C3819B1F27A7B000DB58DF /* Info.plist */,
			);
			path = "iOS_Blank+Tealium_carthageUITests";
			sourceTree = "<group>";
		};
/* End PBXGroup section */

/* Begin PBXNativeTarget section */
		717DA52F1F2A56FE002E47B4 /* iOS_Blank+Tealium_carthage_autotracking */ = {
			isa = PBXNativeTarget;
			buildConfigurationList = 717DA53D1F2A56FE002E47B4 /* Build configuration list for PBXNativeTarget "iOS_Blank+Tealium_carthage_autotracking" */;
			buildPhases = (
				717DA5301F2A56FE002E47B4 /* Sources */,
				717DA5341F2A56FE002E47B4 /* Frameworks */,
				717DA5361F2A56FE002E47B4 /* Resources */,
				717DA53A1F2A56FE002E47B4 /* Embed Frameworks */,
				717DA53C1F2A56FE002E47B4 /* ShellScript */,
			);
			buildRules = (
			);
			dependencies = (
			);
			name = "iOS_Blank+Tealium_carthage_autotracking";
			productName = "iOS_Blank+Tealium_carthage";
			productReference = 717DA5401F2A56FE002E47B4 /* iOS_Blank+Tealium_carthage_autotracking.app */;
			productType = "com.apple.product-type.application";
		};
		71C381751F27A7AF00DB58DF /* iOS_Blank+Tealium_carthage */ = {
			isa = PBXNativeTarget;
			buildConfigurationList = 71C3819E1F27A7B000DB58DF /* Build configuration list for PBXNativeTarget "iOS_Blank+Tealium_carthage" */;
			buildPhases = (
				71C381721F27A7AF00DB58DF /* Sources */,
				71C381731F27A7AF00DB58DF /* Frameworks */,
				71C381741F27A7AF00DB58DF /* Resources */,
				71C381AA1F27A9DB00DB58DF /* Embed Frameworks */,
				71C381AB1F27A9E100DB58DF /* ShellScript */,
			);
			buildRules = (
			);
			dependencies = (
			);
			name = "iOS_Blank+Tealium_carthage";
			productName = "iOS_Blank+Tealium_carthage";
			productReference = 71C381761F27A7AF00DB58DF /* iOS_Blank+Tealium_carthage.app */;
			productType = "com.apple.product-type.application";
		};
		71C381891F27A7AF00DB58DF /* iOS_Blank+Tealium_carthageTests */ = {
			isa = PBXNativeTarget;
			buildConfigurationList = 71C381A11F27A7B000DB58DF /* Build configuration list for PBXNativeTarget "iOS_Blank+Tealium_carthageTests" */;
			buildPhases = (
				71C381861F27A7AF00DB58DF /* Sources */,
				71C381871F27A7AF00DB58DF /* Frameworks */,
				71C381881F27A7AF00DB58DF /* Resources */,
			);
			buildRules = (
			);
			dependencies = (
				71C3818C1F27A7AF00DB58DF /* PBXTargetDependency */,
			);
			name = "iOS_Blank+Tealium_carthageTests";
			productName = "iOS_Blank+Tealium_carthageTests";
			productReference = 71C3818A1F27A7AF00DB58DF /* iOS_Blank+Tealium_carthageTests.xctest */;
			productType = "com.apple.product-type.bundle.unit-test";
		};
		71C381941F27A7B000DB58DF /* iOS_Blank+Tealium_carthage_autotracking_UITests */ = {
			isa = PBXNativeTarget;
			buildConfigurationList = 71C381A41F27A7B000DB58DF /* Build configuration list for PBXNativeTarget "iOS_Blank+Tealium_carthage_autotracking_UITests" */;
			buildPhases = (
				71C381911F27A7B000DB58DF /* Sources */,
				71C381921F27A7B000DB58DF /* Frameworks */,
				71C381931F27A7B000DB58DF /* Resources */,
			);
			buildRules = (
			);
			dependencies = (
				71C381971F27A7B000DB58DF /* PBXTargetDependency */,
				71D0217E1F38DF7C00D267D5 /* PBXTargetDependency */,
			);
			name = "iOS_Blank+Tealium_carthage_autotracking_UITests";
			productName = "iOS_Blank+Tealium_carthageUITests";
			productReference = 71C381951F27A7B000DB58DF /* iOS_Blank+Tealium_carthage_autotracking_UITests.xctest */;
			productType = "com.apple.product-type.bundle.ui-testing";
		};
/* End PBXNativeTarget section */

/* Begin PBXProject section */
		71C3816E1F27A7AF00DB58DF /* Project object */ = {
			isa = PBXProject;
			attributes = {
				LastSwiftUpdateCheck = 0830;
				LastUpgradeCheck = 1020;
				ORGANIZATIONNAME = tealium;
				TargetAttributes = {
					717DA52F1F2A56FE002E47B4 = {
						DevelopmentTeam = XC939GDC9P;
					};
					71C381751F27A7AF00DB58DF = {
						CreatedOnToolsVersion = 8.3.3;
						DevelopmentTeam = XC939GDC9P;
						ProvisioningStyle = Automatic;
					};
					71C381891F27A7AF00DB58DF = {
						CreatedOnToolsVersion = 8.3.3;
						ProvisioningStyle = Automatic;
						TestTargetID = 71C381751F27A7AF00DB58DF;
					};
					71C381941F27A7B000DB58DF = {
						CreatedOnToolsVersion = 8.3.3;
						ProvisioningStyle = Automatic;
						TestTargetID = 717DA52F1F2A56FE002E47B4;
					};
				};
			};
			buildConfigurationList = 71C381711F27A7AF00DB58DF /* Build configuration list for PBXProject "iOS_Blank+Tealium_carthage" */;
			compatibilityVersion = "Xcode 3.2";
			developmentRegion = en;
			hasScannedForEncodings = 0;
			knownRegions = (
				English,
				en,
				Base,
			);
			mainGroup = 71C3816D1F27A7AF00DB58DF;
			productRefGroup = 71C381771F27A7AF00DB58DF /* Products */;
			projectDirPath = "";
			projectRoot = "";
			targets = (
				71C381751F27A7AF00DB58DF /* iOS_Blank+Tealium_carthage */,
				71C381891F27A7AF00DB58DF /* iOS_Blank+Tealium_carthageTests */,
				71C381941F27A7B000DB58DF /* iOS_Blank+Tealium_carthage_autotracking_UITests */,
				717DA52F1F2A56FE002E47B4 /* iOS_Blank+Tealium_carthage_autotracking */,
			);
		};
/* End PBXProject section */

/* Begin PBXResourcesBuildPhase section */
		717DA5361F2A56FE002E47B4 /* Resources */ = {
			isa = PBXResourcesBuildPhase;
			buildActionMask = 2147483647;
			files = (
				717DA5371F2A56FE002E47B4 /* LaunchScreen.storyboard in Resources */,
				717DA5381F2A56FE002E47B4 /* Assets.xcassets in Resources */,
				717DA5391F2A56FE002E47B4 /* Main.storyboard in Resources */,
			);
			runOnlyForDeploymentPostprocessing = 0;
		};
		71C381741F27A7AF00DB58DF /* Resources */ = {
			isa = PBXResourcesBuildPhase;
			buildActionMask = 2147483647;
			files = (
				71C381841F27A7AF00DB58DF /* LaunchScreen.storyboard in Resources */,
				71C381811F27A7AF00DB58DF /* Assets.xcassets in Resources */,
				71C3817F1F27A7AF00DB58DF /* Main.storyboard in Resources */,
			);
			runOnlyForDeploymentPostprocessing = 0;
		};
		71C381881F27A7AF00DB58DF /* Resources */ = {
			isa = PBXResourcesBuildPhase;
			buildActionMask = 2147483647;
			files = (
			);
			runOnlyForDeploymentPostprocessing = 0;
		};
		71C381931F27A7B000DB58DF /* Resources */ = {
			isa = PBXResourcesBuildPhase;
			buildActionMask = 2147483647;
			files = (
			);
			runOnlyForDeploymentPostprocessing = 0;
		};
/* End PBXResourcesBuildPhase section */

/* Begin PBXShellScriptBuildPhase section */
		717DA53C1F2A56FE002E47B4 /* ShellScript */ = {
			isa = PBXShellScriptBuildPhase;
			buildActionMask = 2147483647;
			files = (
			);
			inputPaths = (
				"$(SRCROOT)/Carthage/Build/iOS/Tealium.framework",
			);
			outputPaths = (
				"$(DERIVED_FILE_DIR)/$(FRAMEWORKS_FOLDER_PATH)/Tealium.framework",
			);
			runOnlyForDeploymentPostprocessing = 0;
			shellPath = /bin/sh;
			shellScript = "/usr/local/bin/carthage copy-frameworks\n";
		};
		71C381AB1F27A9E100DB58DF /* ShellScript */ = {
			isa = PBXShellScriptBuildPhase;
			buildActionMask = 2147483647;
			files = (
			);
			inputPaths = (
				"$(SRCROOT)/Carthage/Build/iOS/TealiumAppData.framework",
				"$(SRCROOT)/Carthage/Build/iOS/TealiumAttribution.framework",
				"$(SRCROOT)/Carthage/Build/iOS/TealiumAutotracking.framework",
				"$(SRCROOT)/Carthage/Build/iOS/TealiumCollect.framework",
				"$(SRCROOT)/Carthage/Build/iOS/TealiumConnectivity.framework",
				"$(SRCROOT)/Carthage/Build/iOS/TealiumConsentManager.framework",
				"$(SRCROOT)/Carthage/Build/iOS/TealiumCore.framework",
				"$(SRCROOT)/Carthage/Build/iOS/TealiumCrash.framework",
				"$(SRCROOT)/Carthage/Build/iOS/TealiumCrashReporteriOS.framework",
				"$(SRCROOT)/Carthage/Build/iOS/TealiumDataSource.framework",
				"$(SRCROOT)/Carthage/Build/iOS/TealiumDefaultsStorage.framework",
				"$(SRCROOT)/Carthage/Build/iOS/TealiumDelegate.framework",
				"$(SRCROOT)/Carthage/Build/iOS/TealiumDeviceData.framework",
				"$(SRCROOT)/Carthage/Build/iOS/TealiumDispatchQueue.framework",
				"$(SRCROOT)/Carthage/Build/iOS/TealiumFileStorage.framework",
				"$(SRCROOT)/Carthage/Build/iOS/TealiumLifecycle.framework",
				"$(SRCROOT)/Carthage/Build/iOS/TealiumLogger.framework",
				"$(SRCROOT)/Carthage/Build/iOS/TealiumRemoteCommands.framework",
				"$(SRCROOT)/Carthage/Build/iOS/TealiumTagManagement.framework",
				"$(SRCROOT)/Carthage/Build/iOS/TealiumVolatileData.framework",
			);
			outputPaths = (
				"$(DERIVED_FILE_DIR)/$(FRAMEWORKS_FOLDER_PATH)/TealiumAppData.framework",
				"$(DERIVED_FILE_DIR)/$(FRAMEWORKS_FOLDER_PATH)/TealiumAttribution.framework",
				"$(DERIVED_FILE_DIR)/$(FRAMEWORKS_FOLDER_PATH)/TealiumAutotracking.framework",
				"$(DERIVED_FILE_DIR)/$(FRAMEWORKS_FOLDER_PATH)/TealiumCollect.framework",
				"$(DERIVED_FILE_DIR)/$(FRAMEWORKS_FOLDER_PATH)/TealiumConnectivity.framework",
				"$(DERIVED_FILE_DIR)/$(FRAMEWORKS_FOLDER_PATH)/TealiumConsentManager.framework",
				"$(DERIVED_FILE_DIR)/$(FRAMEWORKS_FOLDER_PATH)/TealiumCore.framework",
				"$(DERIVED_FILE_DIR)/$(FRAMEWORKS_FOLDER_PATH)/TealiumCrash.framework",
				"$(DERIVED_FILE_DIR)/$(FRAMEWORKS_FOLDER_PATH)/TealiumCrashReporteriOS.framework",
				"$(DERIVED_FILE_DIR)/$(FRAMEWORKS_FOLDER_PATH)/TealiumDataSource.framework",
				"$(DERIVED_FILE_DIR)/$(FRAMEWORKS_FOLDER_PATH)/TealiumDefaultsStorage.framework",
				"$(DERIVED_FILE_DIR)/$(FRAMEWORKS_FOLDER_PATH)/TealiumDelegate.framework",
				"$(DERIVED_FILE_DIR)/$(FRAMEWORKS_FOLDER_PATH)/TealiumDeviceData.framework",
				"$(DERIVED_FILE_DIR)/$(FRAMEWORKS_FOLDER_PATH)/TealiumDispatchQueue.framework",
				"$(DERIVED_FILE_DIR)/$(FRAMEWORKS_FOLDER_PATH)/TealiumFileStorage.framework",
				"$(DERIVED_FILE_DIR)/$(FRAMEWORKS_FOLDER_PATH)/TealiumLifecycle.framework",
				"$(DERIVED_FILE_DIR)/$(FRAMEWORKS_FOLDER_PATH)/TealiumLogger.framework",
				"$(DERIVED_FILE_DIR)/$(FRAMEWORKS_FOLDER_PATH)/TealiumRemoteCommands.framework",
				"$(DERIVED_FILE_DIR)/$(FRAMEWORKS_FOLDER_PATH)/TealiumTagManagement.framework",
				"$(DERIVED_FILE_DIR)/$(FRAMEWORKS_FOLDER_PATH)/TealiumVolatileData.framework",
			);
			runOnlyForDeploymentPostprocessing = 0;
			shellPath = /bin/sh;
			shellScript = "/usr/local/bin/carthage copy-frameworks\n";
		};
/* End PBXShellScriptBuildPhase section */

/* Begin PBXSourcesBuildPhase section */
		717DA5301F2A56FE002E47B4 /* Sources */ = {
			isa = PBXSourcesBuildPhase;
			buildActionMask = 2147483647;
			files = (
				717DA5311F2A56FE002E47B4 /* ViewController.swift in Sources */,
				717DA5321F2A56FE002E47B4 /* TealiumHelper_carthage.swift in Sources */,
				717DA5331F2A56FE002E47B4 /* AppDelegate.swift in Sources */,
			);
			runOnlyForDeploymentPostprocessing = 0;
		};
		71C381721F27A7AF00DB58DF /* Sources */ = {
			isa = PBXSourcesBuildPhase;
			buildActionMask = 2147483647;
			files = (
				71C3817C1F27A7AF00DB58DF /* ViewController.swift in Sources */,
				717618181F27E9B30064BC55 /* TealiumHelper_carthage.swift in Sources */,
				71C3817A1F27A7AF00DB58DF /* AppDelegate.swift in Sources */,
			);
			runOnlyForDeploymentPostprocessing = 0;
		};
		71C381861F27A7AF00DB58DF /* Sources */ = {
			isa = PBXSourcesBuildPhase;
			buildActionMask = 2147483647;
			files = (
				71C3818F1F27A7B000DB58DF /* iOS_Blank_Tealium_carthageTests.swift in Sources */,
			);
			runOnlyForDeploymentPostprocessing = 0;
		};
		71C381911F27A7B000DB58DF /* Sources */ = {
			isa = PBXSourcesBuildPhase;
			buildActionMask = 2147483647;
			files = (
				71C3819A1F27A7B000DB58DF /* iOS_Blank_Tealium_carthageUITests.swift in Sources */,
			);
			runOnlyForDeploymentPostprocessing = 0;
		};
/* End PBXSourcesBuildPhase section */

/* Begin PBXTargetDependency section */
		71C3818C1F27A7AF00DB58DF /* PBXTargetDependency */ = {
			isa = PBXTargetDependency;
			target = 71C381751F27A7AF00DB58DF /* iOS_Blank+Tealium_carthage */;
			targetProxy = 71C3818B1F27A7AF00DB58DF /* PBXContainerItemProxy */;
		};
		71C381971F27A7B000DB58DF /* PBXTargetDependency */ = {
			isa = PBXTargetDependency;
			target = 71C381751F27A7AF00DB58DF /* iOS_Blank+Tealium_carthage */;
			targetProxy = 71C381961F27A7B000DB58DF /* PBXContainerItemProxy */;
		};
		71D0217E1F38DF7C00D267D5 /* PBXTargetDependency */ = {
			isa = PBXTargetDependency;
			target = 717DA52F1F2A56FE002E47B4 /* iOS_Blank+Tealium_carthage_autotracking */;
			targetProxy = 71D0217D1F38DF7C00D267D5 /* PBXContainerItemProxy */;
		};
/* End PBXTargetDependency section */

/* Begin PBXVariantGroup section */
		71C3817D1F27A7AF00DB58DF /* Main.storyboard */ = {
			isa = PBXVariantGroup;
			children = (
				71C3817E1F27A7AF00DB58DF /* Base */,
			);
			name = Main.storyboard;
			sourceTree = "<group>";
		};
		71C381821F27A7AF00DB58DF /* LaunchScreen.storyboard */ = {
			isa = PBXVariantGroup;
			children = (
				71C381831F27A7AF00DB58DF /* Base */,
			);
			name = LaunchScreen.storyboard;
			sourceTree = "<group>";
		};
/* End PBXVariantGroup section */

/* Begin XCBuildConfiguration section */
		717DA53E1F2A56FE002E47B4 /* Debug */ = {
			isa = XCBuildConfiguration;
			buildSettings = {
				ASSETCATALOG_COMPILER_APPICON_NAME = AppIcon;
				DEVELOPMENT_TEAM = XC939GDC9P;
				FRAMEWORK_SEARCH_PATHS = (
					"$(inherited)",
					"$(PROJECT_DIR)/Carthage/Build/iOS",
				);
				GCC_PREPROCESSOR_DEFINITIONS = (
					"DEBUG=1",
					"$(inherited)",
				);
				INFOPLIST_FILE = "iOS_Blank+Tealium_carthage copy-Info.plist";
				IPHONEOS_DEPLOYMENT_TARGET = 9.3;
				LD_RUNPATH_SEARCH_PATHS = "$(inherited) @executable_path/Frameworks";
				OTHER_SWIFT_FLAGS = "-D AUTOTRACKING";
				PRODUCT_BUNDLE_IDENTIFIER = "com.tealium.iOS-Blank-Tealium-carthage";
				PRODUCT_NAME = "$(TARGET_NAME)";
				SWIFT_VERSION = 3.0;
			};
			name = Debug;
		};
		717DA53F1F2A56FE002E47B4 /* Release */ = {
			isa = XCBuildConfiguration;
			buildSettings = {
				ASSETCATALOG_COMPILER_APPICON_NAME = AppIcon;
				DEVELOPMENT_TEAM = XC939GDC9P;
				FRAMEWORK_SEARCH_PATHS = (
					"$(inherited)",
					"$(PROJECT_DIR)/Carthage/Build/iOS",
				);
				GCC_PREPROCESSOR_DEFINITIONS = "";
				INFOPLIST_FILE = "iOS_Blank+Tealium_carthage copy-Info.plist";
				IPHONEOS_DEPLOYMENT_TARGET = 9.3;
				LD_RUNPATH_SEARCH_PATHS = "$(inherited) @executable_path/Frameworks";
				OTHER_SWIFT_FLAGS = "-D AUTOTRACKING";
				PRODUCT_BUNDLE_IDENTIFIER = "com.tealium.iOS-Blank-Tealium-carthage";
				PRODUCT_NAME = "$(TARGET_NAME)";
				SWIFT_VERSION = 3.0;
			};
			name = Release;
		};
		71C3819C1F27A7B000DB58DF /* Debug */ = {
			isa = XCBuildConfiguration;
			buildSettings = {
				ALWAYS_SEARCH_USER_PATHS = NO;
				CLANG_ANALYZER_LOCALIZABILITY_NONLOCALIZED = YES;
				CLANG_ANALYZER_NONNULL = YES;
				CLANG_ANALYZER_NUMBER_OBJECT_CONVERSION = YES_AGGRESSIVE;
				CLANG_CXX_LANGUAGE_STANDARD = "gnu++0x";
				CLANG_CXX_LIBRARY = "libc++";
				CLANG_ENABLE_MODULES = YES;
				CLANG_ENABLE_OBJC_ARC = YES;
				CLANG_WARN_BLOCK_CAPTURE_AUTORELEASING = YES;
				CLANG_WARN_BOOL_CONVERSION = YES;
				CLANG_WARN_COMMA = YES;
				CLANG_WARN_CONSTANT_CONVERSION = YES;
				CLANG_WARN_DEPRECATED_OBJC_IMPLEMENTATIONS = YES;
				CLANG_WARN_DIRECT_OBJC_ISA_USAGE = YES_ERROR;
				CLANG_WARN_DOCUMENTATION_COMMENTS = YES;
				CLANG_WARN_EMPTY_BODY = YES;
				CLANG_WARN_ENUM_CONVERSION = YES;
				CLANG_WARN_INFINITE_RECURSION = YES;
				CLANG_WARN_INT_CONVERSION = YES;
				CLANG_WARN_NON_LITERAL_NULL_CONVERSION = YES;
				CLANG_WARN_OBJC_IMPLICIT_RETAIN_SELF = YES;
				CLANG_WARN_OBJC_LITERAL_CONVERSION = YES;
				CLANG_WARN_OBJC_ROOT_CLASS = YES_ERROR;
				CLANG_WARN_RANGE_LOOP_ANALYSIS = YES;
				CLANG_WARN_STRICT_PROTOTYPES = YES;
				CLANG_WARN_SUSPICIOUS_MOVE = YES;
				CLANG_WARN_UNREACHABLE_CODE = YES;
				CLANG_WARN__DUPLICATE_METHOD_MATCH = YES;
				"CODE_SIGN_IDENTITY[sdk=iphoneos*]" = "iPhone Developer";
				COPY_PHASE_STRIP = NO;
				DEBUG_INFORMATION_FORMAT = dwarf;
				ENABLE_STRICT_OBJC_MSGSEND = YES;
				ENABLE_TESTABILITY = YES;
				GCC_C_LANGUAGE_STANDARD = gnu99;
				GCC_DYNAMIC_NO_PIC = NO;
				GCC_NO_COMMON_BLOCKS = YES;
				GCC_OPTIMIZATION_LEVEL = 0;
				GCC_PREPROCESSOR_DEFINITIONS = (
					"DEBUG=1",
					"$(inherited)",
				);
				GCC_WARN_64_TO_32_BIT_CONVERSION = YES;
				GCC_WARN_ABOUT_RETURN_TYPE = YES_ERROR;
				GCC_WARN_UNDECLARED_SELECTOR = YES;
				GCC_WARN_UNINITIALIZED_AUTOS = YES_AGGRESSIVE;
				GCC_WARN_UNUSED_FUNCTION = YES;
				GCC_WARN_UNUSED_VARIABLE = YES;
				IPHONEOS_DEPLOYMENT_TARGET = 10.3;
				MTL_ENABLE_DEBUG_INFO = YES;
				ONLY_ACTIVE_ARCH = YES;
				SDKROOT = iphoneos;
				SWIFT_ACTIVE_COMPILATION_CONDITIONS = DEBUG;
				SWIFT_OPTIMIZATION_LEVEL = "-Onone";
				SWIFT_VERSION = 4.2;
			};
			name = Debug;
		};
		71C3819D1F27A7B000DB58DF /* Release */ = {
			isa = XCBuildConfiguration;
			buildSettings = {
				ALWAYS_SEARCH_USER_PATHS = NO;
				CLANG_ANALYZER_LOCALIZABILITY_NONLOCALIZED = YES;
				CLANG_ANALYZER_NONNULL = YES;
				CLANG_ANALYZER_NUMBER_OBJECT_CONVERSION = YES_AGGRESSIVE;
				CLANG_CXX_LANGUAGE_STANDARD = "gnu++0x";
				CLANG_CXX_LIBRARY = "libc++";
				CLANG_ENABLE_MODULES = YES;
				CLANG_ENABLE_OBJC_ARC = YES;
				CLANG_WARN_BLOCK_CAPTURE_AUTORELEASING = YES;
				CLANG_WARN_BOOL_CONVERSION = YES;
				CLANG_WARN_COMMA = YES;
				CLANG_WARN_CONSTANT_CONVERSION = YES;
				CLANG_WARN_DEPRECATED_OBJC_IMPLEMENTATIONS = YES;
				CLANG_WARN_DIRECT_OBJC_ISA_USAGE = YES_ERROR;
				CLANG_WARN_DOCUMENTATION_COMMENTS = YES;
				CLANG_WARN_EMPTY_BODY = YES;
				CLANG_WARN_ENUM_CONVERSION = YES;
				CLANG_WARN_INFINITE_RECURSION = YES;
				CLANG_WARN_INT_CONVERSION = YES;
				CLANG_WARN_NON_LITERAL_NULL_CONVERSION = YES;
				CLANG_WARN_OBJC_IMPLICIT_RETAIN_SELF = YES;
				CLANG_WARN_OBJC_LITERAL_CONVERSION = YES;
				CLANG_WARN_OBJC_ROOT_CLASS = YES_ERROR;
				CLANG_WARN_RANGE_LOOP_ANALYSIS = YES;
				CLANG_WARN_STRICT_PROTOTYPES = YES;
				CLANG_WARN_SUSPICIOUS_MOVE = YES;
				CLANG_WARN_UNREACHABLE_CODE = YES;
				CLANG_WARN__DUPLICATE_METHOD_MATCH = YES;
				"CODE_SIGN_IDENTITY[sdk=iphoneos*]" = "iPhone Developer";
				COPY_PHASE_STRIP = NO;
				DEBUG_INFORMATION_FORMAT = "dwarf-with-dsym";
				ENABLE_NS_ASSERTIONS = NO;
				ENABLE_STRICT_OBJC_MSGSEND = YES;
				GCC_C_LANGUAGE_STANDARD = gnu99;
				GCC_NO_COMMON_BLOCKS = YES;
				GCC_WARN_64_TO_32_BIT_CONVERSION = YES;
				GCC_WARN_ABOUT_RETURN_TYPE = YES_ERROR;
				GCC_WARN_UNDECLARED_SELECTOR = YES;
				GCC_WARN_UNINITIALIZED_AUTOS = YES_AGGRESSIVE;
				GCC_WARN_UNUSED_FUNCTION = YES;
				GCC_WARN_UNUSED_VARIABLE = YES;
				IPHONEOS_DEPLOYMENT_TARGET = 10.3;
				MTL_ENABLE_DEBUG_INFO = NO;
				SDKROOT = iphoneos;
				SWIFT_OPTIMIZATION_LEVEL = "-Owholemodule";
				SWIFT_VERSION = 4.2;
				VALIDATE_PRODUCT = YES;
			};
			name = Release;
		};
		71C3819F1F27A7B000DB58DF /* Debug */ = {
			isa = XCBuildConfiguration;
			buildSettings = {
				ASSETCATALOG_COMPILER_APPICON_NAME = AppIcon;
				CLANG_OPTIMIZATION_PROFILE_FILE = "";
				COPY_PHASE_STRIP = NO;
				DEAD_CODE_STRIPPING = NO;
				DEBUG_INFORMATION_FORMAT = "dwarf-with-dsym";
				DEPLOYMENT_POSTPROCESSING = YES;
				DEVELOPMENT_TEAM = XC939GDC9P;
				FRAMEWORK_SEARCH_PATHS = (
					"$(inherited)",
					"$(PROJECT_DIR)/Carthage/Build/iOS",
				);
				INFOPLIST_FILE = "iOS_Blank+Tealium_carthage/Info.plist";
				IPHONEOS_DEPLOYMENT_TARGET = 9.3;
				LD_RUNPATH_SEARCH_PATHS = "$(inherited) @executable_path/Frameworks";
				PRODUCT_BUNDLE_IDENTIFIER = "com.tealium.iOS-Blank-Tealium-carthage";
				PRODUCT_NAME = "$(TARGET_NAME)";
				REMOVE_HEADERS_FROM_EMBEDDED_BUNDLES = NO;
				STRIP_INSTALLED_PRODUCT = NO;
				STRIP_SWIFT_SYMBOLS = NO;
				SWIFT_VERSION = 4.2;
			};
			name = Debug;
		};
		71C381A01F27A7B000DB58DF /* Release */ = {
			isa = XCBuildConfiguration;
			buildSettings = {
				ASSETCATALOG_COMPILER_APPICON_NAME = AppIcon;
				CLANG_OPTIMIZATION_PROFILE_FILE = "";
				COPY_PHASE_STRIP = NO;
				DEAD_CODE_STRIPPING = NO;
				DEPLOYMENT_POSTPROCESSING = YES;
				DEVELOPMENT_TEAM = XC939GDC9P;
				FRAMEWORK_SEARCH_PATHS = (
					"$(inherited)",
					"$(PROJECT_DIR)/Carthage/Build/iOS",
				);
				GCC_OPTIMIZATION_LEVEL = 0;
				INFOPLIST_FILE = "iOS_Blank+Tealium_carthage/Info.plist";
				IPHONEOS_DEPLOYMENT_TARGET = 9.3;
				LD_RUNPATH_SEARCH_PATHS = "$(inherited) @executable_path/Frameworks";
				PRODUCT_BUNDLE_IDENTIFIER = "com.tealium.iOS-Blank-Tealium-carthage";
				PRODUCT_NAME = "$(TARGET_NAME)";
				REMOVE_HEADERS_FROM_EMBEDDED_BUNDLES = NO;
				STRIP_INSTALLED_PRODUCT = NO;
				STRIP_SWIFT_SYMBOLS = NO;
				SWIFT_OPTIMIZATION_LEVEL = "-Onone";
				SWIFT_VERSION = 4.2;
			};
			name = Release;
		};
		71C381A21F27A7B000DB58DF /* Debug */ = {
			isa = XCBuildConfiguration;
			buildSettings = {
				ALWAYS_EMBED_SWIFT_STANDARD_LIBRARIES = YES;
				BUNDLE_LOADER = "$(TEST_HOST)";
				INFOPLIST_FILE = "iOS_Blank+Tealium_carthageTests/Info.plist";
				LD_RUNPATH_SEARCH_PATHS = "$(inherited) @executable_path/Frameworks @loader_path/Frameworks";
				PRODUCT_BUNDLE_IDENTIFIER = "com.tealium.iOS-Blank-Tealium-carthageTests";
				PRODUCT_NAME = "$(TARGET_NAME)";
				SWIFT_VERSION = 3.0;
				TEST_HOST = "$(BUILT_PRODUCTS_DIR)/iOS_Blank+Tealium_carthage.app/iOS_Blank+Tealium_carthage";
			};
			name = Debug;
		};
		71C381A31F27A7B000DB58DF /* Release */ = {
			isa = XCBuildConfiguration;
			buildSettings = {
				ALWAYS_EMBED_SWIFT_STANDARD_LIBRARIES = YES;
				BUNDLE_LOADER = "$(TEST_HOST)";
				INFOPLIST_FILE = "iOS_Blank+Tealium_carthageTests/Info.plist";
				LD_RUNPATH_SEARCH_PATHS = "$(inherited) @executable_path/Frameworks @loader_path/Frameworks";
				PRODUCT_BUNDLE_IDENTIFIER = "com.tealium.iOS-Blank-Tealium-carthageTests";
				PRODUCT_NAME = "$(TARGET_NAME)";
				SWIFT_VERSION = 3.0;
				TEST_HOST = "$(BUILT_PRODUCTS_DIR)/iOS_Blank+Tealium_carthage.app/iOS_Blank+Tealium_carthage";
			};
			name = Release;
		};
		71C381A51F27A7B000DB58DF /* Debug */ = {
			isa = XCBuildConfiguration;
			buildSettings = {
				ALWAYS_EMBED_SWIFT_STANDARD_LIBRARIES = YES;
				INFOPLIST_FILE = "iOS_Blank+Tealium_carthageUITests/Info.plist";
				LD_RUNPATH_SEARCH_PATHS = "$(inherited) @executable_path/Frameworks @loader_path/Frameworks";
				PRODUCT_BUNDLE_IDENTIFIER = "com.tealium.iOS-Blank-Tealium-carthageUITests";
				PRODUCT_NAME = "$(TARGET_NAME)";
				SWIFT_VERSION = 3.0;
				TEST_TARGET_NAME = "iOS_Blank+Tealium_carthage_autotracking";
			};
			name = Debug;
		};
		71C381A61F27A7B000DB58DF /* Release */ = {
			isa = XCBuildConfiguration;
			buildSettings = {
				ALWAYS_EMBED_SWIFT_STANDARD_LIBRARIES = YES;
				INFOPLIST_FILE = "iOS_Blank+Tealium_carthageUITests/Info.plist";
				LD_RUNPATH_SEARCH_PATHS = "$(inherited) @executable_path/Frameworks @loader_path/Frameworks";
				PRODUCT_BUNDLE_IDENTIFIER = "com.tealium.iOS-Blank-Tealium-carthageUITests";
				PRODUCT_NAME = "$(TARGET_NAME)";
				SWIFT_VERSION = 3.0;
				TEST_TARGET_NAME = "iOS_Blank+Tealium_carthage_autotracking";
			};
			name = Release;
		};
/* End XCBuildConfiguration section */

/* Begin XCConfigurationList section */
		717DA53D1F2A56FE002E47B4 /* Build configuration list for PBXNativeTarget "iOS_Blank+Tealium_carthage_autotracking" */ = {
			isa = XCConfigurationList;
			buildConfigurations = (
				717DA53E1F2A56FE002E47B4 /* Debug */,
				717DA53F1F2A56FE002E47B4 /* Release */,
			);
			defaultConfigurationIsVisible = 0;
			defaultConfigurationName = Release;
		};
		71C381711F27A7AF00DB58DF /* Build configuration list for PBXProject "iOS_Blank+Tealium_carthage" */ = {
			isa = XCConfigurationList;
			buildConfigurations = (
				71C3819C1F27A7B000DB58DF /* Debug */,
				71C3819D1F27A7B000DB58DF /* Release */,
			);
			defaultConfigurationIsVisible = 0;
			defaultConfigurationName = Release;
		};
		71C3819E1F27A7B000DB58DF /* Build configuration list for PBXNativeTarget "iOS_Blank+Tealium_carthage" */ = {
			isa = XCConfigurationList;
			buildConfigurations = (
				71C3819F1F27A7B000DB58DF /* Debug */,
				71C381A01F27A7B000DB58DF /* Release */,
			);
			defaultConfigurationIsVisible = 0;
			defaultConfigurationName = Release;
		};
		71C381A11F27A7B000DB58DF /* Build configuration list for PBXNativeTarget "iOS_Blank+Tealium_carthageTests" */ = {
			isa = XCConfigurationList;
			buildConfigurations = (
				71C381A21F27A7B000DB58DF /* Debug */,
				71C381A31F27A7B000DB58DF /* Release */,
			);
			defaultConfigurationIsVisible = 0;
			defaultConfigurationName = Release;
		};
		71C381A41F27A7B000DB58DF /* Build configuration list for PBXNativeTarget "iOS_Blank+Tealium_carthage_autotracking_UITests" */ = {
			isa = XCConfigurationList;
			buildConfigurations = (
				71C381A51F27A7B000DB58DF /* Debug */,
				71C381A61F27A7B000DB58DF /* Release */,
			);
			defaultConfigurationIsVisible = 0;
			defaultConfigurationName = Release;
		};
/* End XCConfigurationList section */
	};
	rootObject = 71C3816E1F27A7AF00DB58DF /* Project object */;
}
