// !$*UTF8*$!
{
	archiveVersion = 1;
	classes = {
	};
	objectVersion = 52;
	objects = {

/* Begin PBXBuildFile section */
		CF2E3115237622A9000CEDD3 /* AppDelegate.swift in Sources */ = {isa = PBXBuildFile; fileRef = CF2E3114237622A9000CEDD3 /* AppDelegate.swift */; };
		CF2E3117237622A9000CEDD3 /* SceneDelegate.swift in Sources */ = {isa = PBXBuildFile; fileRef = CF2E3116237622A9000CEDD3 /* SceneDelegate.swift */; };
		CF2E3119237622A9000CEDD3 /* ContentView.swift in Sources */ = {isa = PBXBuildFile; fileRef = CF2E3118237622A9000CEDD3 /* ContentView.swift */; };
		CF2E311B237622AB000CEDD3 /* Assets.xcassets in Resources */ = {isa = PBXBuildFile; fileRef = CF2E311A237622AB000CEDD3 /* Assets.xcassets */; };
		CF2E311E237622AB000CEDD3 /* Preview Assets.xcassets in Resources */ = {isa = PBXBuildFile; fileRef = CF2E311D237622AB000CEDD3 /* Preview Assets.xcassets */; };
		CF2E3121237622AB000CEDD3 /* LaunchScreen.storyboard in Resources */ = {isa = PBXBuildFile; fileRef = CF2E311F237622AB000CEDD3 /* LaunchScreen.storyboard */; };
		CF2E312923762361000CEDD3 /* TealiumHelper.swift in Sources */ = {isa = PBXBuildFile; fileRef = CF2E312823762361000CEDD3 /* TealiumHelper.swift */; };
		CF2E31302376313D000CEDD3 /* Interface.storyboard in Resources */ = {isa = PBXBuildFile; fileRef = CF2E312E2376313D000CEDD3 /* Interface.storyboard */; };
		CF2E31322376313E000CEDD3 /* Assets.xcassets in Resources */ = {isa = PBXBuildFile; fileRef = CF2E31312376313E000CEDD3 /* Assets.xcassets */; };
		CF2E31392376313E000CEDD3 /* TealiumSwiftWatchExample Extension.appex in Embed App Extensions */ = {isa = PBXBuildFile; fileRef = CF2E31382376313E000CEDD3 /* TealiumSwiftWatchExample Extension.appex */; settings = {ATTRIBUTES = (RemoveHeadersOnCopy, ); }; };
		CF2E313E2376313E000CEDD3 /* ContentView.swift in Sources */ = {isa = PBXBuildFile; fileRef = CF2E313D2376313E000CEDD3 /* ContentView.swift */; };
		CF2E31402376313E000CEDD3 /* HostingController.swift in Sources */ = {isa = PBXBuildFile; fileRef = CF2E313F2376313E000CEDD3 /* HostingController.swift */; };
		CF2E31422376313E000CEDD3 /* ExtensionDelegate.swift in Sources */ = {isa = PBXBuildFile; fileRef = CF2E31412376313E000CEDD3 /* ExtensionDelegate.swift */; };
		CF2E31442376313E000CEDD3 /* NotificationController.swift in Sources */ = {isa = PBXBuildFile; fileRef = CF2E31432376313E000CEDD3 /* NotificationController.swift */; };
		CF2E31462376313E000CEDD3 /* NotificationView.swift in Sources */ = {isa = PBXBuildFile; fileRef = CF2E31452376313E000CEDD3 /* NotificationView.swift */; };
		CF2E31482376313E000CEDD3 /* Assets.xcassets in Resources */ = {isa = PBXBuildFile; fileRef = CF2E31472376313E000CEDD3 /* Assets.xcassets */; };
		CF2E314B2376313E000CEDD3 /* Preview Assets.xcassets in Resources */ = {isa = PBXBuildFile; fileRef = CF2E314A2376313E000CEDD3 /* Preview Assets.xcassets */; };
		CF2E31502376313E000CEDD3 /* TealiumSwiftWatchExample.app in Embed Watch Content */ = {isa = PBXBuildFile; fileRef = CF2E312C2376313D000CEDD3 /* TealiumSwiftWatchExample.app */; platformFilter = ios; settings = {ATTRIBUTES = (RemoveHeadersOnCopy, ); }; };
		CF2E315A23763174000CEDD3 /* TealiumHelper.swift in Sources */ = {isa = PBXBuildFile; fileRef = CF2E312823762361000CEDD3 /* TealiumHelper.swift */; };
		CF2E316223763598000CEDD3 /* AppDelegate.swift in Sources */ = {isa = PBXBuildFile; fileRef = CF2E316123763598000CEDD3 /* AppDelegate.swift */; };
		CF2E316423763598000CEDD3 /* ContentView.swift in Sources */ = {isa = PBXBuildFile; fileRef = CF2E316323763598000CEDD3 /* ContentView.swift */; };
		CF2E31662376359A000CEDD3 /* Assets.xcassets in Resources */ = {isa = PBXBuildFile; fileRef = CF2E31652376359A000CEDD3 /* Assets.xcassets */; };
		CF2E31692376359A000CEDD3 /* Preview Assets.xcassets in Resources */ = {isa = PBXBuildFile; fileRef = CF2E31682376359A000CEDD3 /* Preview Assets.xcassets */; };
		CF2E316C2376359A000CEDD3 /* LaunchScreen.storyboard in Resources */ = {isa = PBXBuildFile; fileRef = CF2E316A2376359A000CEDD3 /* LaunchScreen.storyboard */; };
		CF2E3171237635C3000CEDD3 /* TealiumHelper.swift in Sources */ = {isa = PBXBuildFile; fileRef = CF2E312823762361000CEDD3 /* TealiumHelper.swift */; };
		CF3CB83023F327CC00BAD43A /* AppDelegate.swift in Sources */ = {isa = PBXBuildFile; fileRef = CF3CB82F23F327CC00BAD43A /* AppDelegate.swift */; };
		CF3CB83223F327CC00BAD43A /* ContentView.swift in Sources */ = {isa = PBXBuildFile; fileRef = CF3CB83123F327CC00BAD43A /* ContentView.swift */; };
		CF3CB83423F327CE00BAD43A /* Assets.xcassets in Resources */ = {isa = PBXBuildFile; fileRef = CF3CB83323F327CE00BAD43A /* Assets.xcassets */; };
		CF3CB83723F327CE00BAD43A /* Preview Assets.xcassets in Resources */ = {isa = PBXBuildFile; fileRef = CF3CB83623F327CE00BAD43A /* Preview Assets.xcassets */; };
		CF3CB83A23F327CE00BAD43A /* Main.storyboard in Resources */ = {isa = PBXBuildFile; fileRef = CF3CB83823F327CE00BAD43A /* Main.storyboard */; };
		CF3CB85A23F327EA00BAD43A /* TealiumHelper.swift in Sources */ = {isa = PBXBuildFile; fileRef = CF2E312823762361000CEDD3 /* TealiumHelper.swift */; };
		CF3CB88423F32F4300BAD43A /* WalkAroundReading.gpx in Resources */ = {isa = PBXBuildFile; fileRef = CF3CB88223F32F4300BAD43A /* WalkAroundReading.gpx */; };
		CF3CB88523F32F4300BAD43A /* WalkAroundSanDiego.gpx in Resources */ = {isa = PBXBuildFile; fileRef = CF3CB88323F32F4300BAD43A /* WalkAroundSanDiego.gpx */; };
		CF739D3623F4E17300BD96D9 /* TealiumAttribution in Frameworks */ = {isa = PBXBuildFile; productRef = CF739D3523F4E17300BD96D9 /* TealiumAttribution */; };
		CF739D3823F4E17300BD96D9 /* TealiumDelegate in Frameworks */ = {isa = PBXBuildFile; productRef = CF739D3723F4E17300BD96D9 /* TealiumDelegate */; };
		CF739D3A23F4E17300BD96D9 /* TealiumVolatileData in Frameworks */ = {isa = PBXBuildFile; productRef = CF739D3923F4E17300BD96D9 /* TealiumVolatileData */; };
		CF739D3C23F4E17300BD96D9 /* TealiumLocation in Frameworks */ = {isa = PBXBuildFile; productRef = CF739D3B23F4E17300BD96D9 /* TealiumLocation */; };
		CF739D3E23F4E17300BD96D9 /* TealiumLifecycle in Frameworks */ = {isa = PBXBuildFile; productRef = CF739D3D23F4E17300BD96D9 /* TealiumLifecycle */; };
		CF739D4023F4E17300BD96D9 /* TealiumAppData in Frameworks */ = {isa = PBXBuildFile; productRef = CF739D3F23F4E17300BD96D9 /* TealiumAppData */; };
		CF739D4223F4E17300BD96D9 /* TealiumLogger in Frameworks */ = {isa = PBXBuildFile; productRef = CF739D4123F4E17300BD96D9 /* TealiumLogger */; };
		CF739D4423F4E17300BD96D9 /* TealiumPersistentData in Frameworks */ = {isa = PBXBuildFile; productRef = CF739D4323F4E17300BD96D9 /* TealiumPersistentData */; };
		CF739D4623F4E17300BD96D9 /* TealiumRemoteCommands in Frameworks */ = {isa = PBXBuildFile; productRef = CF739D4523F4E17300BD96D9 /* TealiumRemoteCommands */; };
		CF739D4823F4E17300BD96D9 /* TealiumTagManagement in Frameworks */ = {isa = PBXBuildFile; productRef = CF739D4723F4E17300BD96D9 /* TealiumTagManagement */; };
		CF739D4A23F4E17300BD96D9 /* TealiumConsentManager in Frameworks */ = {isa = PBXBuildFile; productRef = CF739D4923F4E17300BD96D9 /* TealiumConsentManager */; };
		CF739D4C23F4E17300BD96D9 /* TealiumVisitorService in Frameworks */ = {isa = PBXBuildFile; productRef = CF739D4B23F4E17300BD96D9 /* TealiumVisitorService */; };
		CF739D4E23F4E17300BD96D9 /* TealiumConnectivity in Frameworks */ = {isa = PBXBuildFile; productRef = CF739D4D23F4E17300BD96D9 /* TealiumConnectivity */; };
		CF739D5023F4E17300BD96D9 /* TealiumCollect in Frameworks */ = {isa = PBXBuildFile; productRef = CF739D4F23F4E17300BD96D9 /* TealiumCollect */; };
		CF739D5223F4E17300BD96D9 /* TealiumDispatchQueue in Frameworks */ = {isa = PBXBuildFile; productRef = CF739D5123F4E17300BD96D9 /* TealiumDispatchQueue */; };
		CF739D5423F4E17300BD96D9 /* TealiumCore in Frameworks */ = {isa = PBXBuildFile; productRef = CF739D5323F4E17300BD96D9 /* TealiumCore */; };
		CF739D5623F4E17300BD96D9 /* TealiumDeviceData in Frameworks */ = {isa = PBXBuildFile; productRef = CF739D5523F4E17300BD96D9 /* TealiumDeviceData */; };
		CF739D5823F4E19500BD96D9 /* TealiumAppData in Frameworks */ = {isa = PBXBuildFile; productRef = CF739D5723F4E19500BD96D9 /* TealiumAppData */; };
		CF739D5A23F4E19500BD96D9 /* TealiumCollect in Frameworks */ = {isa = PBXBuildFile; productRef = CF739D5923F4E19500BD96D9 /* TealiumCollect */; };
		CF739D5C23F4E19500BD96D9 /* TealiumConnectivity in Frameworks */ = {isa = PBXBuildFile; productRef = CF739D5B23F4E19500BD96D9 /* TealiumConnectivity */; };
		CF739D5E23F4E19500BD96D9 /* TealiumConsentManager in Frameworks */ = {isa = PBXBuildFile; productRef = CF739D5D23F4E19500BD96D9 /* TealiumConsentManager */; };
		CF739D6023F4E19500BD96D9 /* TealiumCore in Frameworks */ = {isa = PBXBuildFile; productRef = CF739D5F23F4E19500BD96D9 /* TealiumCore */; };
		CF739D6223F4E19500BD96D9 /* TealiumDelegate in Frameworks */ = {isa = PBXBuildFile; productRef = CF739D6123F4E19500BD96D9 /* TealiumDelegate */; };
		CF739D6423F4E19500BD96D9 /* TealiumDeviceData in Frameworks */ = {isa = PBXBuildFile; productRef = CF739D6323F4E19500BD96D9 /* TealiumDeviceData */; };
		CF739D6623F4E19500BD96D9 /* TealiumDispatchQueue in Frameworks */ = {isa = PBXBuildFile; productRef = CF739D6523F4E19500BD96D9 /* TealiumDispatchQueue */; };
		CF739D6823F4E19500BD96D9 /* TealiumLifecycle in Frameworks */ = {isa = PBXBuildFile; productRef = CF739D6723F4E19500BD96D9 /* TealiumLifecycle */; };
		CF739D6A23F4E19500BD96D9 /* TealiumLogger in Frameworks */ = {isa = PBXBuildFile; productRef = CF739D6923F4E19500BD96D9 /* TealiumLogger */; };
		CF739D6C23F4E19500BD96D9 /* TealiumPersistentData in Frameworks */ = {isa = PBXBuildFile; productRef = CF739D6B23F4E19500BD96D9 /* TealiumPersistentData */; };
		CF739D6E23F4E19500BD96D9 /* TealiumVisitorService in Frameworks */ = {isa = PBXBuildFile; productRef = CF739D6D23F4E19500BD96D9 /* TealiumVisitorService */; };
		CF739D7023F4E19500BD96D9 /* TealiumVolatileData in Frameworks */ = {isa = PBXBuildFile; productRef = CF739D6F23F4E19500BD96D9 /* TealiumVolatileData */; };
		CF739D7223F4E1A500BD96D9 /* TealiumAppData in Frameworks */ = {isa = PBXBuildFile; productRef = CF739D7123F4E1A500BD96D9 /* TealiumAppData */; };
		CF739D7423F4E1A500BD96D9 /* TealiumCollect in Frameworks */ = {isa = PBXBuildFile; productRef = CF739D7323F4E1A500BD96D9 /* TealiumCollect */; };
		CF739D7623F4E1A500BD96D9 /* TealiumConnectivity in Frameworks */ = {isa = PBXBuildFile; productRef = CF739D7523F4E1A500BD96D9 /* TealiumConnectivity */; };
		CF739D7823F4E1A500BD96D9 /* TealiumConsentManager in Frameworks */ = {isa = PBXBuildFile; productRef = CF739D7723F4E1A500BD96D9 /* TealiumConsentManager */; };
		CF739D7A23F4E1A500BD96D9 /* TealiumCore in Frameworks */ = {isa = PBXBuildFile; productRef = CF739D7923F4E1A500BD96D9 /* TealiumCore */; };
		CF739D7C23F4E1A500BD96D9 /* TealiumDelegate in Frameworks */ = {isa = PBXBuildFile; productRef = CF739D7B23F4E1A500BD96D9 /* TealiumDelegate */; };
		CF739D7E23F4E1A500BD96D9 /* TealiumDeviceData in Frameworks */ = {isa = PBXBuildFile; productRef = CF739D7D23F4E1A500BD96D9 /* TealiumDeviceData */; };
		CF739D8023F4E1A500BD96D9 /* TealiumDispatchQueue in Frameworks */ = {isa = PBXBuildFile; productRef = CF739D7F23F4E1A500BD96D9 /* TealiumDispatchQueue */; };
		CF739D8223F4E1A500BD96D9 /* TealiumLifecycle in Frameworks */ = {isa = PBXBuildFile; productRef = CF739D8123F4E1A500BD96D9 /* TealiumLifecycle */; };
		CF739D8423F4E1A500BD96D9 /* TealiumLogger in Frameworks */ = {isa = PBXBuildFile; productRef = CF739D8323F4E1A500BD96D9 /* TealiumLogger */; };
		CF739D8623F4E1A500BD96D9 /* TealiumPersistentData in Frameworks */ = {isa = PBXBuildFile; productRef = CF739D8523F4E1A500BD96D9 /* TealiumPersistentData */; };
		CF739D8823F4E1A500BD96D9 /* TealiumVisitorService in Frameworks */ = {isa = PBXBuildFile; productRef = CF739D8723F4E1A500BD96D9 /* TealiumVisitorService */; };
		CF739D8A23F4E1A500BD96D9 /* TealiumVolatileData in Frameworks */ = {isa = PBXBuildFile; productRef = CF739D8923F4E1A500BD96D9 /* TealiumVolatileData */; };
		CF739D8C23F4E1B200BD96D9 /* TealiumAppData in Frameworks */ = {isa = PBXBuildFile; productRef = CF739D8B23F4E1B200BD96D9 /* TealiumAppData */; };
		CF739D8E23F4E1B200BD96D9 /* TealiumCollect in Frameworks */ = {isa = PBXBuildFile; productRef = CF739D8D23F4E1B200BD96D9 /* TealiumCollect */; };
		CF739D9023F4E1B200BD96D9 /* TealiumConnectivity in Frameworks */ = {isa = PBXBuildFile; productRef = CF739D8F23F4E1B200BD96D9 /* TealiumConnectivity */; };
		CF739D9223F4E1B200BD96D9 /* TealiumConsentManager in Frameworks */ = {isa = PBXBuildFile; productRef = CF739D9123F4E1B200BD96D9 /* TealiumConsentManager */; };
		CF739D9423F4E1B300BD96D9 /* TealiumCore in Frameworks */ = {isa = PBXBuildFile; productRef = CF739D9323F4E1B300BD96D9 /* TealiumCore */; };
		CF739D9623F4E1B300BD96D9 /* TealiumDelegate in Frameworks */ = {isa = PBXBuildFile; productRef = CF739D9523F4E1B300BD96D9 /* TealiumDelegate */; };
		CF739D9823F4E1B300BD96D9 /* TealiumDeviceData in Frameworks */ = {isa = PBXBuildFile; productRef = CF739D9723F4E1B300BD96D9 /* TealiumDeviceData */; };
		CF739D9A23F4E1B300BD96D9 /* TealiumDispatchQueue in Frameworks */ = {isa = PBXBuildFile; productRef = CF739D9923F4E1B300BD96D9 /* TealiumDispatchQueue */; };
		CF739D9C23F4E1B300BD96D9 /* TealiumLifecycle in Frameworks */ = {isa = PBXBuildFile; productRef = CF739D9B23F4E1B300BD96D9 /* TealiumLifecycle */; };
		CF739D9E23F4E1B300BD96D9 /* TealiumLogger in Frameworks */ = {isa = PBXBuildFile; productRef = CF739D9D23F4E1B300BD96D9 /* TealiumLogger */; };
		CF739DA023F4E1B300BD96D9 /* TealiumPersistentData in Frameworks */ = {isa = PBXBuildFile; productRef = CF739D9F23F4E1B300BD96D9 /* TealiumPersistentData */; };
		CF739DA223F4E1B300BD96D9 /* TealiumVisitorService in Frameworks */ = {isa = PBXBuildFile; productRef = CF739DA123F4E1B300BD96D9 /* TealiumVisitorService */; };
		CF739DA423F4E1B300BD96D9 /* TealiumVolatileData in Frameworks */ = {isa = PBXBuildFile; productRef = CF739DA323F4E1B300BD96D9 /* TealiumVolatileData */; };
/* End PBXBuildFile section */

/* Begin PBXContainerItemProxy section */
		CF2E313A2376313E000CEDD3 /* PBXContainerItemProxy */ = {
			isa = PBXContainerItemProxy;
			containerPortal = CF2E3109237622A9000CEDD3 /* Project object */;
			proxyType = 1;
			remoteGlobalIDString = CF2E31372376313E000CEDD3;
			remoteInfo = "TealiumSwiftWatchExample Extension";
		};
		CF2E314E2376313E000CEDD3 /* PBXContainerItemProxy */ = {
			isa = PBXContainerItemProxy;
			containerPortal = CF2E3109237622A9000CEDD3 /* Project object */;
			proxyType = 1;
			remoteGlobalIDString = CF2E312B2376313D000CEDD3;
			remoteInfo = TealiumSwiftWatchExample;
		};
/* End PBXContainerItemProxy section */

/* Begin PBXCopyFilesBuildPhase section */
		CF2E31512376313E000CEDD3 /* Embed Watch Content */ = {
			isa = PBXCopyFilesBuildPhase;
			buildActionMask = 2147483647;
			dstPath = "$(CONTENTS_FOLDER_PATH)/Watch";
			dstSubfolderSpec = 16;
			files = (
				CF2E31502376313E000CEDD3 /* TealiumSwiftWatchExample.app in Embed Watch Content */,
			);
			name = "Embed Watch Content";
			runOnlyForDeploymentPostprocessing = 0;
		};
		CF2E31542376313E000CEDD3 /* Embed App Extensions */ = {
			isa = PBXCopyFilesBuildPhase;
			buildActionMask = 2147483647;
			dstPath = "";
			dstSubfolderSpec = 13;
			files = (
				CF2E31392376313E000CEDD3 /* TealiumSwiftWatchExample Extension.appex in Embed App Extensions */,
			);
			name = "Embed App Extensions";
			runOnlyForDeploymentPostprocessing = 0;
		};
/* End PBXCopyFilesBuildPhase section */

/* Begin PBXFileReference section */
		CF2E3111237622A9000CEDD3 /* TealiumSwiftExample.app */ = {isa = PBXFileReference; explicitFileType = wrapper.application; includeInIndex = 0; path = TealiumSwiftExample.app; sourceTree = BUILT_PRODUCTS_DIR; };
		CF2E3114237622A9000CEDD3 /* AppDelegate.swift */ = {isa = PBXFileReference; lastKnownFileType = sourcecode.swift; path = AppDelegate.swift; sourceTree = "<group>"; };
		CF2E3116237622A9000CEDD3 /* SceneDelegate.swift */ = {isa = PBXFileReference; lastKnownFileType = sourcecode.swift; path = SceneDelegate.swift; sourceTree = "<group>"; };
		CF2E3118237622A9000CEDD3 /* ContentView.swift */ = {isa = PBXFileReference; lastKnownFileType = sourcecode.swift; path = ContentView.swift; sourceTree = "<group>"; };
		CF2E311A237622AB000CEDD3 /* Assets.xcassets */ = {isa = PBXFileReference; lastKnownFileType = folder.assetcatalog; path = Assets.xcassets; sourceTree = "<group>"; };
		CF2E311D237622AB000CEDD3 /* Preview Assets.xcassets */ = {isa = PBXFileReference; lastKnownFileType = folder.assetcatalog; path = "Preview Assets.xcassets"; sourceTree = "<group>"; };
		CF2E3120237622AB000CEDD3 /* Base */ = {isa = PBXFileReference; lastKnownFileType = file.storyboard; name = Base; path = Base.lproj/LaunchScreen.storyboard; sourceTree = "<group>"; };
		CF2E3122237622AB000CEDD3 /* Info.plist */ = {isa = PBXFileReference; lastKnownFileType = text.plist.xml; path = Info.plist; sourceTree = "<group>"; };
		CF2E312823762361000CEDD3 /* TealiumHelper.swift */ = {isa = PBXFileReference; lastKnownFileType = sourcecode.swift; path = TealiumHelper.swift; sourceTree = "<group>"; };
		CF2E312C2376313D000CEDD3 /* TealiumSwiftWatchExample.app */ = {isa = PBXFileReference; explicitFileType = wrapper.application; includeInIndex = 0; path = TealiumSwiftWatchExample.app; sourceTree = BUILT_PRODUCTS_DIR; };
		CF2E312F2376313D000CEDD3 /* Base */ = {isa = PBXFileReference; lastKnownFileType = file.storyboard; name = Base; path = Base.lproj/Interface.storyboard; sourceTree = "<group>"; };
		CF2E31312376313E000CEDD3 /* Assets.xcassets */ = {isa = PBXFileReference; lastKnownFileType = folder.assetcatalog; path = Assets.xcassets; sourceTree = "<group>"; };
		CF2E31332376313E000CEDD3 /* Info.plist */ = {isa = PBXFileReference; lastKnownFileType = text.plist.xml; path = Info.plist; sourceTree = "<group>"; };
		CF2E31382376313E000CEDD3 /* TealiumSwiftWatchExample Extension.appex */ = {isa = PBXFileReference; explicitFileType = "wrapper.app-extension"; includeInIndex = 0; path = "TealiumSwiftWatchExample Extension.appex"; sourceTree = BUILT_PRODUCTS_DIR; };
		CF2E313D2376313E000CEDD3 /* ContentView.swift */ = {isa = PBXFileReference; lastKnownFileType = sourcecode.swift; path = ContentView.swift; sourceTree = "<group>"; };
		CF2E313F2376313E000CEDD3 /* HostingController.swift */ = {isa = PBXFileReference; lastKnownFileType = sourcecode.swift; path = HostingController.swift; sourceTree = "<group>"; };
		CF2E31412376313E000CEDD3 /* ExtensionDelegate.swift */ = {isa = PBXFileReference; lastKnownFileType = sourcecode.swift; path = ExtensionDelegate.swift; sourceTree = "<group>"; };
		CF2E31432376313E000CEDD3 /* NotificationController.swift */ = {isa = PBXFileReference; lastKnownFileType = sourcecode.swift; path = NotificationController.swift; sourceTree = "<group>"; };
		CF2E31452376313E000CEDD3 /* NotificationView.swift */ = {isa = PBXFileReference; lastKnownFileType = sourcecode.swift; path = NotificationView.swift; sourceTree = "<group>"; };
		CF2E31472376313E000CEDD3 /* Assets.xcassets */ = {isa = PBXFileReference; lastKnownFileType = folder.assetcatalog; path = Assets.xcassets; sourceTree = "<group>"; };
		CF2E314A2376313E000CEDD3 /* Preview Assets.xcassets */ = {isa = PBXFileReference; lastKnownFileType = folder.assetcatalog; path = "Preview Assets.xcassets"; sourceTree = "<group>"; };
		CF2E314C2376313E000CEDD3 /* Info.plist */ = {isa = PBXFileReference; lastKnownFileType = text.plist.xml; path = Info.plist; sourceTree = "<group>"; };
		CF2E314D2376313E000CEDD3 /* PushNotificationPayload.apns */ = {isa = PBXFileReference; lastKnownFileType = text; path = PushNotificationPayload.apns; sourceTree = "<group>"; };
		CF2E315F23763598000CEDD3 /* TealiumSwiftTVExample.app */ = {isa = PBXFileReference; explicitFileType = wrapper.application; includeInIndex = 0; path = TealiumSwiftTVExample.app; sourceTree = BUILT_PRODUCTS_DIR; };
		CF2E316123763598000CEDD3 /* AppDelegate.swift */ = {isa = PBXFileReference; lastKnownFileType = sourcecode.swift; path = AppDelegate.swift; sourceTree = "<group>"; };
		CF2E316323763598000CEDD3 /* ContentView.swift */ = {isa = PBXFileReference; lastKnownFileType = sourcecode.swift; path = ContentView.swift; sourceTree = "<group>"; };
		CF2E31652376359A000CEDD3 /* Assets.xcassets */ = {isa = PBXFileReference; lastKnownFileType = folder.assetcatalog; path = Assets.xcassets; sourceTree = "<group>"; };
		CF2E31682376359A000CEDD3 /* Preview Assets.xcassets */ = {isa = PBXFileReference; lastKnownFileType = folder.assetcatalog; path = "Preview Assets.xcassets"; sourceTree = "<group>"; };
		CF2E316B2376359A000CEDD3 /* Base */ = {isa = PBXFileReference; lastKnownFileType = file.storyboard; name = Base; path = Base.lproj/LaunchScreen.storyboard; sourceTree = "<group>"; };
		CF2E316D2376359A000CEDD3 /* Info.plist */ = {isa = PBXFileReference; lastKnownFileType = text.plist.xml; path = Info.plist; sourceTree = "<group>"; };
		CF2E3172237639BF000CEDD3 /* TealiumSwiftExample.entitlements */ = {isa = PBXFileReference; lastKnownFileType = text.plist.entitlements; path = TealiumSwiftExample.entitlements; sourceTree = "<group>"; };
		CF3CB82D23F327CC00BAD43A /* TealiumSwiftMacOSExample.app */ = {isa = PBXFileReference; explicitFileType = wrapper.application; includeInIndex = 0; path = TealiumSwiftMacOSExample.app; sourceTree = BUILT_PRODUCTS_DIR; };
		CF3CB82F23F327CC00BAD43A /* AppDelegate.swift */ = {isa = PBXFileReference; lastKnownFileType = sourcecode.swift; path = AppDelegate.swift; sourceTree = "<group>"; };
		CF3CB83123F327CC00BAD43A /* ContentView.swift */ = {isa = PBXFileReference; lastKnownFileType = sourcecode.swift; path = ContentView.swift; sourceTree = "<group>"; };
		CF3CB83323F327CE00BAD43A /* Assets.xcassets */ = {isa = PBXFileReference; lastKnownFileType = folder.assetcatalog; path = Assets.xcassets; sourceTree = "<group>"; };
		CF3CB83623F327CE00BAD43A /* Preview Assets.xcassets */ = {isa = PBXFileReference; lastKnownFileType = folder.assetcatalog; path = "Preview Assets.xcassets"; sourceTree = "<group>"; };
		CF3CB83923F327CE00BAD43A /* Base */ = {isa = PBXFileReference; lastKnownFileType = file.storyboard; name = Base; path = Base.lproj/Main.storyboard; sourceTree = "<group>"; };
		CF3CB83B23F327CE00BAD43A /* Info.plist */ = {isa = PBXFileReference; lastKnownFileType = text.plist.xml; path = Info.plist; sourceTree = "<group>"; };
		CF3CB83C23F327CE00BAD43A /* TealiumSwiftMacOSExample.entitlements */ = {isa = PBXFileReference; lastKnownFileType = text.plist.entitlements; path = TealiumSwiftMacOSExample.entitlements; sourceTree = "<group>"; };
		CF3CB88223F32F4300BAD43A /* WalkAroundReading.gpx */ = {isa = PBXFileReference; fileEncoding = 4; lastKnownFileType = text.xml; path = WalkAroundReading.gpx; sourceTree = "<group>"; };
		CF3CB88323F32F4300BAD43A /* WalkAroundSanDiego.gpx */ = {isa = PBXFileReference; fileEncoding = 4; lastKnownFileType = text.xml; path = WalkAroundSanDiego.gpx; sourceTree = "<group>"; };
/* End PBXFileReference section */

/* Begin PBXFrameworksBuildPhase section */
		5734AE380251A964795AFE54 /* Frameworks */ = {
			isa = PBXFrameworksBuildPhase;
			buildActionMask = 2147483647;
			files = (
			);
			runOnlyForDeploymentPostprocessing = 0;
		};
		CF2E310E237622A9000CEDD3 /* Frameworks */ = {
			isa = PBXFrameworksBuildPhase;
			buildActionMask = 2147483647;
			files = (
				CF739D4A23F4E17300BD96D9 /* TealiumConsentManager in Frameworks */,
				CF739D4823F4E17300BD96D9 /* TealiumTagManagement in Frameworks */,
				CF739D5223F4E17300BD96D9 /* TealiumDispatchQueue in Frameworks */,
				CF739D5623F4E17300BD96D9 /* TealiumDeviceData in Frameworks */,
				CF739D4023F4E17300BD96D9 /* TealiumAppData in Frameworks */,
				CF739D5023F4E17300BD96D9 /* TealiumCollect in Frameworks */,
				CF739D5423F4E17300BD96D9 /* TealiumCore in Frameworks */,
				CF739D4423F4E17300BD96D9 /* TealiumPersistentData in Frameworks */,
				CF739D3A23F4E17300BD96D9 /* TealiumVolatileData in Frameworks */,
				CF739D4223F4E17300BD96D9 /* TealiumLogger in Frameworks */,
				CF739D3C23F4E17300BD96D9 /* TealiumLocation in Frameworks */,
				CF739D3623F4E17300BD96D9 /* TealiumAttribution in Frameworks */,
				CF739D3E23F4E17300BD96D9 /* TealiumLifecycle in Frameworks */,
				CF739D4E23F4E17300BD96D9 /* TealiumConnectivity in Frameworks */,
				CF739D3823F4E17300BD96D9 /* TealiumDelegate in Frameworks */,
				CF739D4623F4E17300BD96D9 /* TealiumRemoteCommands in Frameworks */,
				CF739D4C23F4E17300BD96D9 /* TealiumVisitorService in Frameworks */,
			);
			runOnlyForDeploymentPostprocessing = 0;
		};
		CF2E31352376313E000CEDD3 /* Frameworks */ = {
			isa = PBXFrameworksBuildPhase;
			buildActionMask = 2147483647;
			files = (
				CF739D5823F4E19500BD96D9 /* TealiumAppData in Frameworks */,
				CF739D7023F4E19500BD96D9 /* TealiumVolatileData in Frameworks */,
				CF739D6223F4E19500BD96D9 /* TealiumDelegate in Frameworks */,
				CF739D6623F4E19500BD96D9 /* TealiumDispatchQueue in Frameworks */,
				CF739D5A23F4E19500BD96D9 /* TealiumCollect in Frameworks */,
				CF739D6A23F4E19500BD96D9 /* TealiumLogger in Frameworks */,
				CF739D5C23F4E19500BD96D9 /* TealiumConnectivity in Frameworks */,
				CF739D6023F4E19500BD96D9 /* TealiumCore in Frameworks */,
				CF739D6823F4E19500BD96D9 /* TealiumLifecycle in Frameworks */,
				CF739D5E23F4E19500BD96D9 /* TealiumConsentManager in Frameworks */,
				CF739D6423F4E19500BD96D9 /* TealiumDeviceData in Frameworks */,
				CF739D6C23F4E19500BD96D9 /* TealiumPersistentData in Frameworks */,
				CF739D6E23F4E19500BD96D9 /* TealiumVisitorService in Frameworks */,
			);
			runOnlyForDeploymentPostprocessing = 0;
		};
		CF2E315C23763598000CEDD3 /* Frameworks */ = {
			isa = PBXFrameworksBuildPhase;
			buildActionMask = 2147483647;
			files = (
				CF739D7223F4E1A500BD96D9 /* TealiumAppData in Frameworks */,
				CF739D8A23F4E1A500BD96D9 /* TealiumVolatileData in Frameworks */,
				CF739D7C23F4E1A500BD96D9 /* TealiumDelegate in Frameworks */,
				CF739D8023F4E1A500BD96D9 /* TealiumDispatchQueue in Frameworks */,
				CF739D7423F4E1A500BD96D9 /* TealiumCollect in Frameworks */,
				CF739D8423F4E1A500BD96D9 /* TealiumLogger in Frameworks */,
				CF739D7623F4E1A500BD96D9 /* TealiumConnectivity in Frameworks */,
				CF739D7A23F4E1A500BD96D9 /* TealiumCore in Frameworks */,
				CF739D8223F4E1A500BD96D9 /* TealiumLifecycle in Frameworks */,
				CF739D7823F4E1A500BD96D9 /* TealiumConsentManager in Frameworks */,
				CF739D7E23F4E1A500BD96D9 /* TealiumDeviceData in Frameworks */,
				CF739D8623F4E1A500BD96D9 /* TealiumPersistentData in Frameworks */,
				CF739D8823F4E1A500BD96D9 /* TealiumVisitorService in Frameworks */,
			);
			runOnlyForDeploymentPostprocessing = 0;
		};
		CF3CB82A23F327CC00BAD43A /* Frameworks */ = {
			isa = PBXFrameworksBuildPhase;
			buildActionMask = 2147483647;
			files = (
				CF739D8C23F4E1B200BD96D9 /* TealiumAppData in Frameworks */,
				CF739DA423F4E1B300BD96D9 /* TealiumVolatileData in Frameworks */,
				CF739D9623F4E1B300BD96D9 /* TealiumDelegate in Frameworks */,
				CF739D9A23F4E1B300BD96D9 /* TealiumDispatchQueue in Frameworks */,
				CF739D8E23F4E1B200BD96D9 /* TealiumCollect in Frameworks */,
				CF739D9E23F4E1B300BD96D9 /* TealiumLogger in Frameworks */,
				CF739D9023F4E1B200BD96D9 /* TealiumConnectivity in Frameworks */,
				CF739D9423F4E1B300BD96D9 /* TealiumCore in Frameworks */,
				CF739D9C23F4E1B300BD96D9 /* TealiumLifecycle in Frameworks */,
				CF739D9223F4E1B200BD96D9 /* TealiumConsentManager in Frameworks */,
				CF739D9823F4E1B300BD96D9 /* TealiumDeviceData in Frameworks */,
				CF739DA023F4E1B300BD96D9 /* TealiumPersistentData in Frameworks */,
				CF739DA223F4E1B300BD96D9 /* TealiumVisitorService in Frameworks */,
			);
			runOnlyForDeploymentPostprocessing = 0;
		};
/* End PBXFrameworksBuildPhase section */

/* Begin PBXGroup section */
		CF2E3108237622A9000CEDD3 = {
			isa = PBXGroup;
			children = (
				CF2E3113237622A9000CEDD3 /* TealiumSwiftExample */,
				CF2E312D2376313D000CEDD3 /* TealiumSwiftWatchExample */,
				CF2E313C2376313E000CEDD3 /* TealiumSwiftWatchExample Extension */,
				CF2E316023763598000CEDD3 /* TealiumSwiftTVExample */,
				CF3CB82E23F327CC00BAD43A /* TealiumSwiftMacOSExample */,
				CF2E3112237622A9000CEDD3 /* Products */,
				CF3CB7DA23F3272C00BAD43A /* Frameworks */,
			);
			sourceTree = "<group>";
		};
		CF2E3112237622A9000CEDD3 /* Products */ = {
			isa = PBXGroup;
			children = (
				CF2E3111237622A9000CEDD3 /* TealiumSwiftExample.app */,
				CF2E312C2376313D000CEDD3 /* TealiumSwiftWatchExample.app */,
				CF2E31382376313E000CEDD3 /* TealiumSwiftWatchExample Extension.appex */,
				CF2E315F23763598000CEDD3 /* TealiumSwiftTVExample.app */,
				CF3CB82D23F327CC00BAD43A /* TealiumSwiftMacOSExample.app */,
			);
			name = Products;
			sourceTree = "<group>";
		};
		CF2E3113237622A9000CEDD3 /* TealiumSwiftExample */ = {
			isa = PBXGroup;
			children = (
				CF3CB88123F32F1300BAD43A /* LocationSimulation */,
				CF2E3172237639BF000CEDD3 /* TealiumSwiftExample.entitlements */,
				CF2E312823762361000CEDD3 /* TealiumHelper.swift */,
				CF2E3114237622A9000CEDD3 /* AppDelegate.swift */,
				CF2E3116237622A9000CEDD3 /* SceneDelegate.swift */,
				CF2E3118237622A9000CEDD3 /* ContentView.swift */,
				CF2E311A237622AB000CEDD3 /* Assets.xcassets */,
				CF2E311F237622AB000CEDD3 /* LaunchScreen.storyboard */,
				CF2E3122237622AB000CEDD3 /* Info.plist */,
				CF2E311C237622AB000CEDD3 /* Preview Content */,
			);
			path = TealiumSwiftExample;
			sourceTree = "<group>";
		};
		CF2E311C237622AB000CEDD3 /* Preview Content */ = {
			isa = PBXGroup;
			children = (
				CF2E311D237622AB000CEDD3 /* Preview Assets.xcassets */,
			);
			path = "Preview Content";
			sourceTree = "<group>";
		};
		CF2E312D2376313D000CEDD3 /* TealiumSwiftWatchExample */ = {
			isa = PBXGroup;
			children = (
				CF2E312E2376313D000CEDD3 /* Interface.storyboard */,
				CF2E31312376313E000CEDD3 /* Assets.xcassets */,
				CF2E31332376313E000CEDD3 /* Info.plist */,
			);
			path = TealiumSwiftWatchExample;
			sourceTree = "<group>";
		};
		CF2E313C2376313E000CEDD3 /* TealiumSwiftWatchExample Extension */ = {
			isa = PBXGroup;
			children = (
				CF2E313D2376313E000CEDD3 /* ContentView.swift */,
				CF2E313F2376313E000CEDD3 /* HostingController.swift */,
				CF2E31412376313E000CEDD3 /* ExtensionDelegate.swift */,
				CF2E31432376313E000CEDD3 /* NotificationController.swift */,
				CF2E31452376313E000CEDD3 /* NotificationView.swift */,
				CF2E31472376313E000CEDD3 /* Assets.xcassets */,
				CF2E314C2376313E000CEDD3 /* Info.plist */,
				CF2E314D2376313E000CEDD3 /* PushNotificationPayload.apns */,
				CF2E31492376313E000CEDD3 /* Preview Content */,
			);
			path = "TealiumSwiftWatchExample Extension";
			sourceTree = "<group>";
		};
		CF2E31492376313E000CEDD3 /* Preview Content */ = {
			isa = PBXGroup;
			children = (
				CF2E314A2376313E000CEDD3 /* Preview Assets.xcassets */,
			);
			path = "Preview Content";
			sourceTree = "<group>";
		};
		CF2E316023763598000CEDD3 /* TealiumSwiftTVExample */ = {
			isa = PBXGroup;
			children = (
				CF2E316123763598000CEDD3 /* AppDelegate.swift */,
				CF2E316323763598000CEDD3 /* ContentView.swift */,
				CF2E31652376359A000CEDD3 /* Assets.xcassets */,
				CF2E316A2376359A000CEDD3 /* LaunchScreen.storyboard */,
				CF2E316D2376359A000CEDD3 /* Info.plist */,
				CF2E31672376359A000CEDD3 /* Preview Content */,
			);
			path = TealiumSwiftTVExample;
			sourceTree = "<group>";
		};
		CF2E31672376359A000CEDD3 /* Preview Content */ = {
			isa = PBXGroup;
			children = (
				CF2E31682376359A000CEDD3 /* Preview Assets.xcassets */,
			);
			path = "Preview Content";
			sourceTree = "<group>";
		};
		CF3CB7DA23F3272C00BAD43A /* Frameworks */ = {
			isa = PBXGroup;
			children = (
			);
			name = Frameworks;
			sourceTree = "<group>";
		};
		CF3CB82E23F327CC00BAD43A /* TealiumSwiftMacOSExample */ = {
			isa = PBXGroup;
			children = (
				CF3CB82F23F327CC00BAD43A /* AppDelegate.swift */,
				CF3CB83123F327CC00BAD43A /* ContentView.swift */,
				CF3CB83323F327CE00BAD43A /* Assets.xcassets */,
				CF3CB83823F327CE00BAD43A /* Main.storyboard */,
				CF3CB83B23F327CE00BAD43A /* Info.plist */,
				CF3CB83C23F327CE00BAD43A /* TealiumSwiftMacOSExample.entitlements */,
				CF3CB83523F327CE00BAD43A /* Preview Content */,
			);
			path = TealiumSwiftMacOSExample;
			sourceTree = "<group>";
		};
		CF3CB83523F327CE00BAD43A /* Preview Content */ = {
			isa = PBXGroup;
			children = (
				CF3CB83623F327CE00BAD43A /* Preview Assets.xcassets */,
			);
			path = "Preview Content";
			sourceTree = "<group>";
		};
		CF3CB88123F32F1300BAD43A /* LocationSimulation */ = {
			isa = PBXGroup;
			children = (
				CF3CB88223F32F4300BAD43A /* WalkAroundReading.gpx */,
				CF3CB88323F32F4300BAD43A /* WalkAroundSanDiego.gpx */,
			);
			path = LocationSimulation;
			sourceTree = "<group>";
		};
/* End PBXGroup section */

/* Begin PBXNativeTarget section */
		CF2E3110237622A9000CEDD3 /* TealiumSwiftExample */ = {
			isa = PBXNativeTarget;
			buildConfigurationList = CF2E3125237622AB000CEDD3 /* Build configuration list for PBXNativeTarget "TealiumSwiftExample" */;
			buildPhases = (
				CF2E310D237622A9000CEDD3 /* Sources */,
				CF2E310E237622A9000CEDD3 /* Frameworks */,
				CF2E310F237622A9000CEDD3 /* Resources */,
				CF2E31512376313E000CEDD3 /* Embed Watch Content */,
			);
			buildRules = (
			);
			dependencies = (
				CF2E314F2376313E000CEDD3 /* PBXTargetDependency */,
			);
			name = TealiumSwiftExample;
			packageProductDependencies = (
				CF739D3523F4E17300BD96D9 /* TealiumAttribution */,
				CF739D3723F4E17300BD96D9 /* TealiumDelegate */,
				CF739D3923F4E17300BD96D9 /* TealiumVolatileData */,
				CF739D3B23F4E17300BD96D9 /* TealiumLocation */,
				CF739D3D23F4E17300BD96D9 /* TealiumLifecycle */,
				CF739D3F23F4E17300BD96D9 /* TealiumAppData */,
				CF739D4123F4E17300BD96D9 /* TealiumLogger */,
				CF739D4323F4E17300BD96D9 /* TealiumPersistentData */,
				CF739D4523F4E17300BD96D9 /* TealiumRemoteCommands */,
				CF739D4723F4E17300BD96D9 /* TealiumTagManagement */,
				CF739D4923F4E17300BD96D9 /* TealiumConsentManager */,
				CF739D4B23F4E17300BD96D9 /* TealiumVisitorService */,
				CF739D4D23F4E17300BD96D9 /* TealiumConnectivity */,
				CF739D4F23F4E17300BD96D9 /* TealiumCollect */,
				CF739D5123F4E17300BD96D9 /* TealiumDispatchQueue */,
				CF739D5323F4E17300BD96D9 /* TealiumCore */,
				CF739D5523F4E17300BD96D9 /* TealiumDeviceData */,
			);
			productName = TealiumSwiftExample;
			productReference = CF2E3111237622A9000CEDD3 /* TealiumSwiftExample.app */;
			productType = "com.apple.product-type.application";
		};
		CF2E312B2376313D000CEDD3 /* TealiumSwiftWatchExample */ = {
			isa = PBXNativeTarget;
			buildConfigurationList = CF2E31582376313E000CEDD3 /* Build configuration list for PBXNativeTarget "TealiumSwiftWatchExample" */;
			buildPhases = (
				CF2E312A2376313D000CEDD3 /* Resources */,
				CF2E31542376313E000CEDD3 /* Embed App Extensions */,
				5734AE380251A964795AFE54 /* Frameworks */,
			);
			buildRules = (
			);
			dependencies = (
				CF2E313B2376313E000CEDD3 /* PBXTargetDependency */,
			);
			name = TealiumSwiftWatchExample;
			packageProductDependencies = (
			);
			productName = TealiumSwiftWatchExample;
			productReference = CF2E312C2376313D000CEDD3 /* TealiumSwiftWatchExample.app */;
			productType = "com.apple.product-type.application.watchapp2";
		};
		CF2E31372376313E000CEDD3 /* TealiumSwiftWatchExample Extension */ = {
			isa = PBXNativeTarget;
			buildConfigurationList = CF2E31572376313E000CEDD3 /* Build configuration list for PBXNativeTarget "TealiumSwiftWatchExample Extension" */;
			buildPhases = (
				CF2E31342376313E000CEDD3 /* Sources */,
				CF2E31352376313E000CEDD3 /* Frameworks */,
				CF2E31362376313E000CEDD3 /* Resources */,
			);
			buildRules = (
			);
			dependencies = (
			);
			name = "TealiumSwiftWatchExample Extension";
			packageProductDependencies = (
				CF739D5723F4E19500BD96D9 /* TealiumAppData */,
				CF739D5923F4E19500BD96D9 /* TealiumCollect */,
				CF739D5B23F4E19500BD96D9 /* TealiumConnectivity */,
				CF739D5D23F4E19500BD96D9 /* TealiumConsentManager */,
				CF739D5F23F4E19500BD96D9 /* TealiumCore */,
				CF739D6123F4E19500BD96D9 /* TealiumDelegate */,
				CF739D6323F4E19500BD96D9 /* TealiumDeviceData */,
				CF739D6523F4E19500BD96D9 /* TealiumDispatchQueue */,
				CF739D6723F4E19500BD96D9 /* TealiumLifecycle */,
				CF739D6923F4E19500BD96D9 /* TealiumLogger */,
				CF739D6B23F4E19500BD96D9 /* TealiumPersistentData */,
				CF739D6D23F4E19500BD96D9 /* TealiumVisitorService */,
				CF739D6F23F4E19500BD96D9 /* TealiumVolatileData */,
			);
			productName = "TealiumSwiftWatchExample Extension";
			productReference = CF2E31382376313E000CEDD3 /* TealiumSwiftWatchExample Extension.appex */;
			productType = "com.apple.product-type.watchkit2-extension";
		};
		CF2E315E23763598000CEDD3 /* TealiumSwiftTVExample */ = {
			isa = PBXNativeTarget;
			buildConfigurationList = CF2E31702376359A000CEDD3 /* Build configuration list for PBXNativeTarget "TealiumSwiftTVExample" */;
			buildPhases = (
				CF2E315B23763598000CEDD3 /* Sources */,
				CF2E315C23763598000CEDD3 /* Frameworks */,
				CF2E315D23763598000CEDD3 /* Resources */,
			);
			buildRules = (
			);
			dependencies = (
			);
			name = TealiumSwiftTVExample;
			packageProductDependencies = (
				CF739D7123F4E1A500BD96D9 /* TealiumAppData */,
				CF739D7323F4E1A500BD96D9 /* TealiumCollect */,
				CF739D7523F4E1A500BD96D9 /* TealiumConnectivity */,
				CF739D7723F4E1A500BD96D9 /* TealiumConsentManager */,
				CF739D7923F4E1A500BD96D9 /* TealiumCore */,
				CF739D7B23F4E1A500BD96D9 /* TealiumDelegate */,
				CF739D7D23F4E1A500BD96D9 /* TealiumDeviceData */,
				CF739D7F23F4E1A500BD96D9 /* TealiumDispatchQueue */,
				CF739D8123F4E1A500BD96D9 /* TealiumLifecycle */,
				CF739D8323F4E1A500BD96D9 /* TealiumLogger */,
				CF739D8523F4E1A500BD96D9 /* TealiumPersistentData */,
				CF739D8723F4E1A500BD96D9 /* TealiumVisitorService */,
				CF739D8923F4E1A500BD96D9 /* TealiumVolatileData */,
			);
			productName = TealiumSwiftTVExample;
			productReference = CF2E315F23763598000CEDD3 /* TealiumSwiftTVExample.app */;
			productType = "com.apple.product-type.application";
		};
		CF3CB82C23F327CC00BAD43A /* TealiumSwiftMacOSExample */ = {
			isa = PBXNativeTarget;
			buildConfigurationList = CF3CB83D23F327CE00BAD43A /* Build configuration list for PBXNativeTarget "TealiumSwiftMacOSExample" */;
			buildPhases = (
				CF3CB82923F327CC00BAD43A /* Sources */,
				CF3CB82A23F327CC00BAD43A /* Frameworks */,
				CF3CB82B23F327CC00BAD43A /* Resources */,
			);
			buildRules = (
			);
			dependencies = (
			);
			name = TealiumSwiftMacOSExample;
			packageProductDependencies = (
				CF739D8B23F4E1B200BD96D9 /* TealiumAppData */,
				CF739D8D23F4E1B200BD96D9 /* TealiumCollect */,
				CF739D8F23F4E1B200BD96D9 /* TealiumConnectivity */,
				CF739D9123F4E1B200BD96D9 /* TealiumConsentManager */,
				CF739D9323F4E1B300BD96D9 /* TealiumCore */,
				CF739D9523F4E1B300BD96D9 /* TealiumDelegate */,
				CF739D9723F4E1B300BD96D9 /* TealiumDeviceData */,
				CF739D9923F4E1B300BD96D9 /* TealiumDispatchQueue */,
				CF739D9B23F4E1B300BD96D9 /* TealiumLifecycle */,
				CF739D9D23F4E1B300BD96D9 /* TealiumLogger */,
				CF739D9F23F4E1B300BD96D9 /* TealiumPersistentData */,
				CF739DA123F4E1B300BD96D9 /* TealiumVisitorService */,
				CF739DA323F4E1B300BD96D9 /* TealiumVolatileData */,
			);
			productName = TealiumSwiftMacOSExample;
			productReference = CF3CB82D23F327CC00BAD43A /* TealiumSwiftMacOSExample.app */;
			productType = "com.apple.product-type.application";
		};
/* End PBXNativeTarget section */

/* Begin PBXProject section */
		CF2E3109237622A9000CEDD3 /* Project object */ = {
			isa = PBXProject;
			attributes = {
				LastSwiftUpdateCheck = 1130;
				LastUpgradeCheck = 1120;
				ORGANIZATIONNAME = Tealium;
				TargetAttributes = {
					CF2E3110237622A9000CEDD3 = {
						CreatedOnToolsVersion = 11.2;
					};
					CF2E312B2376313D000CEDD3 = {
						CreatedOnToolsVersion = 11.2;
					};
					CF2E31372376313E000CEDD3 = {
						CreatedOnToolsVersion = 11.2;
					};
					CF2E315E23763598000CEDD3 = {
						CreatedOnToolsVersion = 11.2;
					};
					CF3CB82C23F327CC00BAD43A = {
						CreatedOnToolsVersion = 11.3.1;
					};
				};
			};
			buildConfigurationList = CF2E310C237622A9000CEDD3 /* Build configuration list for PBXProject "TealiumSwiftExample" */;
			compatibilityVersion = "Xcode 9.3";
			developmentRegion = en;
			hasScannedForEncodings = 0;
			knownRegions = (
				en,
				Base,
			);
			mainGroup = CF2E3108237622A9000CEDD3;
			packageReferences = (
				CF739D3423F4E17300BD96D9 /* XCRemoteSwiftPackageReference "tealium-swift" */,
			);
			productRefGroup = CF2E3112237622A9000CEDD3 /* Products */;
			projectDirPath = "";
			projectRoot = "";
			targets = (
				CF2E3110237622A9000CEDD3 /* TealiumSwiftExample */,
				CF2E312B2376313D000CEDD3 /* TealiumSwiftWatchExample */,
				CF2E31372376313E000CEDD3 /* TealiumSwiftWatchExample Extension */,
				CF2E315E23763598000CEDD3 /* TealiumSwiftTVExample */,
				CF3CB82C23F327CC00BAD43A /* TealiumSwiftMacOSExample */,
			);
		};
/* End PBXProject section */

/* Begin PBXResourcesBuildPhase section */
		CF2E310F237622A9000CEDD3 /* Resources */ = {
			isa = PBXResourcesBuildPhase;
			buildActionMask = 2147483647;
			files = (
				CF3CB88523F32F4300BAD43A /* WalkAroundSanDiego.gpx in Resources */,
				CF3CB88423F32F4300BAD43A /* WalkAroundReading.gpx in Resources */,
				CF2E3121237622AB000CEDD3 /* LaunchScreen.storyboard in Resources */,
				CF2E311E237622AB000CEDD3 /* Preview Assets.xcassets in Resources */,
				CF2E311B237622AB000CEDD3 /* Assets.xcassets in Resources */,
			);
			runOnlyForDeploymentPostprocessing = 0;
		};
		CF2E312A2376313D000CEDD3 /* Resources */ = {
			isa = PBXResourcesBuildPhase;
			buildActionMask = 2147483647;
			files = (
				CF2E31322376313E000CEDD3 /* Assets.xcassets in Resources */,
				CF2E31302376313D000CEDD3 /* Interface.storyboard in Resources */,
			);
			runOnlyForDeploymentPostprocessing = 0;
		};
		CF2E31362376313E000CEDD3 /* Resources */ = {
			isa = PBXResourcesBuildPhase;
			buildActionMask = 2147483647;
			files = (
				CF2E314B2376313E000CEDD3 /* Preview Assets.xcassets in Resources */,
				CF2E31482376313E000CEDD3 /* Assets.xcassets in Resources */,
			);
			runOnlyForDeploymentPostprocessing = 0;
		};
		CF2E315D23763598000CEDD3 /* Resources */ = {
			isa = PBXResourcesBuildPhase;
			buildActionMask = 2147483647;
			files = (
				CF2E316C2376359A000CEDD3 /* LaunchScreen.storyboard in Resources */,
				CF2E31692376359A000CEDD3 /* Preview Assets.xcassets in Resources */,
				CF2E31662376359A000CEDD3 /* Assets.xcassets in Resources */,
			);
			runOnlyForDeploymentPostprocessing = 0;
		};
		CF3CB82B23F327CC00BAD43A /* Resources */ = {
			isa = PBXResourcesBuildPhase;
			buildActionMask = 2147483647;
			files = (
				CF3CB83A23F327CE00BAD43A /* Main.storyboard in Resources */,
				CF3CB83723F327CE00BAD43A /* Preview Assets.xcassets in Resources */,
				CF3CB83423F327CE00BAD43A /* Assets.xcassets in Resources */,
			);
			runOnlyForDeploymentPostprocessing = 0;
		};
/* End PBXResourcesBuildPhase section */

/* Begin PBXSourcesBuildPhase section */
		CF2E310D237622A9000CEDD3 /* Sources */ = {
			isa = PBXSourcesBuildPhase;
			buildActionMask = 2147483647;
			files = (
				CF2E3115237622A9000CEDD3 /* AppDelegate.swift in Sources */,
				CF2E3117237622A9000CEDD3 /* SceneDelegate.swift in Sources */,
				CF2E3119237622A9000CEDD3 /* ContentView.swift in Sources */,
				CF2E312923762361000CEDD3 /* TealiumHelper.swift in Sources */,
			);
			runOnlyForDeploymentPostprocessing = 0;
		};
		CF2E31342376313E000CEDD3 /* Sources */ = {
			isa = PBXSourcesBuildPhase;
			buildActionMask = 2147483647;
			files = (
				CF2E31402376313E000CEDD3 /* HostingController.swift in Sources */,
				CF2E313E2376313E000CEDD3 /* ContentView.swift in Sources */,
				CF2E315A23763174000CEDD3 /* TealiumHelper.swift in Sources */,
				CF2E31442376313E000CEDD3 /* NotificationController.swift in Sources */,
				CF2E31422376313E000CEDD3 /* ExtensionDelegate.swift in Sources */,
				CF2E31462376313E000CEDD3 /* NotificationView.swift in Sources */,
			);
			runOnlyForDeploymentPostprocessing = 0;
		};
		CF2E315B23763598000CEDD3 /* Sources */ = {
			isa = PBXSourcesBuildPhase;
			buildActionMask = 2147483647;
			files = (
				CF2E316423763598000CEDD3 /* ContentView.swift in Sources */,
				CF2E3171237635C3000CEDD3 /* TealiumHelper.swift in Sources */,
				CF2E316223763598000CEDD3 /* AppDelegate.swift in Sources */,
			);
			runOnlyForDeploymentPostprocessing = 0;
		};
		CF3CB82923F327CC00BAD43A /* Sources */ = {
			isa = PBXSourcesBuildPhase;
			buildActionMask = 2147483647;
			files = (
				CF3CB83223F327CC00BAD43A /* ContentView.swift in Sources */,
				CF3CB85A23F327EA00BAD43A /* TealiumHelper.swift in Sources */,
				CF3CB83023F327CC00BAD43A /* AppDelegate.swift in Sources */,
			);
			runOnlyForDeploymentPostprocessing = 0;
		};
/* End PBXSourcesBuildPhase section */

/* Begin PBXTargetDependency section */
		CF2E313B2376313E000CEDD3 /* PBXTargetDependency */ = {
			isa = PBXTargetDependency;
			target = CF2E31372376313E000CEDD3 /* TealiumSwiftWatchExample Extension */;
			targetProxy = CF2E313A2376313E000CEDD3 /* PBXContainerItemProxy */;
		};
		CF2E314F2376313E000CEDD3 /* PBXTargetDependency */ = {
			isa = PBXTargetDependency;
			platformFilter = ios;
			target = CF2E312B2376313D000CEDD3 /* TealiumSwiftWatchExample */;
			targetProxy = CF2E314E2376313E000CEDD3 /* PBXContainerItemProxy */;
		};
/* End PBXTargetDependency section */

/* Begin PBXVariantGroup section */
		CF2E311F237622AB000CEDD3 /* LaunchScreen.storyboard */ = {
			isa = PBXVariantGroup;
			children = (
				CF2E3120237622AB000CEDD3 /* Base */,
			);
			name = LaunchScreen.storyboard;
			sourceTree = "<group>";
		};
		CF2E312E2376313D000CEDD3 /* Interface.storyboard */ = {
			isa = PBXVariantGroup;
			children = (
				CF2E312F2376313D000CEDD3 /* Base */,
			);
			name = Interface.storyboard;
			sourceTree = "<group>";
		};
		CF2E316A2376359A000CEDD3 /* LaunchScreen.storyboard */ = {
			isa = PBXVariantGroup;
			children = (
				CF2E316B2376359A000CEDD3 /* Base */,
			);
			name = LaunchScreen.storyboard;
			sourceTree = "<group>";
		};
		CF3CB83823F327CE00BAD43A /* Main.storyboard */ = {
			isa = PBXVariantGroup;
			children = (
				CF3CB83923F327CE00BAD43A /* Base */,
			);
			name = Main.storyboard;
			sourceTree = "<group>";
		};
/* End PBXVariantGroup section */

/* Begin XCBuildConfiguration section */
		CF2E3123237622AB000CEDD3 /* Debug */ = {
			isa = XCBuildConfiguration;
			buildSettings = {
				ALWAYS_SEARCH_USER_PATHS = NO;
				CLANG_ANALYZER_NONNULL = YES;
				CLANG_ANALYZER_NUMBER_OBJECT_CONVERSION = YES_AGGRESSIVE;
				CLANG_CXX_LANGUAGE_STANDARD = "gnu++14";
				CLANG_CXX_LIBRARY = "libc++";
				CLANG_ENABLE_MODULES = YES;
				CLANG_ENABLE_OBJC_ARC = YES;
				CLANG_ENABLE_OBJC_WEAK = YES;
				CLANG_WARN_BLOCK_CAPTURE_AUTORELEASING = YES;
				CLANG_WARN_BOOL_CONVERSION = YES;
				CLANG_WARN_COMMA = YES;
				CLANG_WARN_CONSTANT_CONVERSION = YES;
				CLANG_WARN_DEPRECATED_OBJC_IMPLEMENTATIONS = YES;
				CLANG_WARN_DIRECT_OBJC_ISA_USAGE = YES_ERROR;
				CLANG_WARN_DOCUMENTATION_COMMENTS = YES;
				CLANG_WARN_EMPTY_BODY = YES;
				CLANG_WARN_ENUM_CONVERSION = YES;
				CLANG_WARN_INFINITE_RECURSION = YES;
				CLANG_WARN_INT_CONVERSION = YES;
				CLANG_WARN_NON_LITERAL_NULL_CONVERSION = YES;
				CLANG_WARN_OBJC_IMPLICIT_RETAIN_SELF = YES;
				CLANG_WARN_OBJC_LITERAL_CONVERSION = YES;
				CLANG_WARN_OBJC_ROOT_CLASS = YES_ERROR;
				CLANG_WARN_RANGE_LOOP_ANALYSIS = YES;
				CLANG_WARN_STRICT_PROTOTYPES = YES;
				CLANG_WARN_SUSPICIOUS_MOVE = YES;
				CLANG_WARN_UNGUARDED_AVAILABILITY = YES_AGGRESSIVE;
				CLANG_WARN_UNREACHABLE_CODE = YES;
				CLANG_WARN__DUPLICATE_METHOD_MATCH = YES;
				COPY_PHASE_STRIP = NO;
				DEBUG_INFORMATION_FORMAT = dwarf;
				ENABLE_STRICT_OBJC_MSGSEND = YES;
				ENABLE_TESTABILITY = YES;
				GCC_C_LANGUAGE_STANDARD = gnu11;
				GCC_DYNAMIC_NO_PIC = NO;
				GCC_NO_COMMON_BLOCKS = YES;
				GCC_OPTIMIZATION_LEVEL = 0;
				GCC_PREPROCESSOR_DEFINITIONS = (
					"DEBUG=1",
					"$(inherited)",
				);
				GCC_WARN_64_TO_32_BIT_CONVERSION = YES;
				GCC_WARN_ABOUT_RETURN_TYPE = YES_ERROR;
				GCC_WARN_UNDECLARED_SELECTOR = YES;
				GCC_WARN_UNINITIALIZED_AUTOS = YES_AGGRESSIVE;
				GCC_WARN_UNUSED_FUNCTION = YES;
				GCC_WARN_UNUSED_VARIABLE = YES;
				IPHONEOS_DEPLOYMENT_TARGET = 13.2;
				MTL_ENABLE_DEBUG_INFO = INCLUDE_SOURCE;
				MTL_FAST_MATH = YES;
				ONLY_ACTIVE_ARCH = YES;
				SDKROOT = iphoneos;
				SWIFT_ACTIVE_COMPILATION_CONDITIONS = DEBUG;
				SWIFT_OPTIMIZATION_LEVEL = "-Onone";
			};
			name = Debug;
		};
		CF2E3124237622AB000CEDD3 /* Release */ = {
			isa = XCBuildConfiguration;
			buildSettings = {
				ALWAYS_SEARCH_USER_PATHS = NO;
				CLANG_ANALYZER_NONNULL = YES;
				CLANG_ANALYZER_NUMBER_OBJECT_CONVERSION = YES_AGGRESSIVE;
				CLANG_CXX_LANGUAGE_STANDARD = "gnu++14";
				CLANG_CXX_LIBRARY = "libc++";
				CLANG_ENABLE_MODULES = YES;
				CLANG_ENABLE_OBJC_ARC = YES;
				CLANG_ENABLE_OBJC_WEAK = YES;
				CLANG_WARN_BLOCK_CAPTURE_AUTORELEASING = YES;
				CLANG_WARN_BOOL_CONVERSION = YES;
				CLANG_WARN_COMMA = YES;
				CLANG_WARN_CONSTANT_CONVERSION = YES;
				CLANG_WARN_DEPRECATED_OBJC_IMPLEMENTATIONS = YES;
				CLANG_WARN_DIRECT_OBJC_ISA_USAGE = YES_ERROR;
				CLANG_WARN_DOCUMENTATION_COMMENTS = YES;
				CLANG_WARN_EMPTY_BODY = YES;
				CLANG_WARN_ENUM_CONVERSION = YES;
				CLANG_WARN_INFINITE_RECURSION = YES;
				CLANG_WARN_INT_CONVERSION = YES;
				CLANG_WARN_NON_LITERAL_NULL_CONVERSION = YES;
				CLANG_WARN_OBJC_IMPLICIT_RETAIN_SELF = YES;
				CLANG_WARN_OBJC_LITERAL_CONVERSION = YES;
				CLANG_WARN_OBJC_ROOT_CLASS = YES_ERROR;
				CLANG_WARN_RANGE_LOOP_ANALYSIS = YES;
				CLANG_WARN_STRICT_PROTOTYPES = YES;
				CLANG_WARN_SUSPICIOUS_MOVE = YES;
				CLANG_WARN_UNGUARDED_AVAILABILITY = YES_AGGRESSIVE;
				CLANG_WARN_UNREACHABLE_CODE = YES;
				CLANG_WARN__DUPLICATE_METHOD_MATCH = YES;
				COPY_PHASE_STRIP = NO;
				DEBUG_INFORMATION_FORMAT = "dwarf-with-dsym";
				ENABLE_NS_ASSERTIONS = NO;
				ENABLE_STRICT_OBJC_MSGSEND = YES;
				GCC_C_LANGUAGE_STANDARD = gnu11;
				GCC_NO_COMMON_BLOCKS = YES;
				GCC_WARN_64_TO_32_BIT_CONVERSION = YES;
				GCC_WARN_ABOUT_RETURN_TYPE = YES_ERROR;
				GCC_WARN_UNDECLARED_SELECTOR = YES;
				GCC_WARN_UNINITIALIZED_AUTOS = YES_AGGRESSIVE;
				GCC_WARN_UNUSED_FUNCTION = YES;
				GCC_WARN_UNUSED_VARIABLE = YES;
				IPHONEOS_DEPLOYMENT_TARGET = 13.2;
				MTL_ENABLE_DEBUG_INFO = NO;
				MTL_FAST_MATH = YES;
				SDKROOT = iphoneos;
				SWIFT_COMPILATION_MODE = wholemodule;
				SWIFT_OPTIMIZATION_LEVEL = "-O";
				VALIDATE_PRODUCT = YES;
			};
			name = Release;
		};
		CF2E3126237622AB000CEDD3 /* Debug */ = {
			isa = XCBuildConfiguration;
			buildSettings = {
				ADDITIONAL_SDKS = "";
				ASSETCATALOG_COMPILER_APPICON_NAME = AppIcon;
				CODE_SIGN_ENTITLEMENTS = TealiumSwiftExample/TealiumSwiftExample.entitlements;
				CODE_SIGN_STYLE = Automatic;
				DEVELOPMENT_ASSET_PATHS = "\"TealiumSwiftExample/Preview Content\"";
				DEVELOPMENT_TEAM = XC939GDC9P;
				ENABLE_PREVIEWS = YES;
				INFOPLIST_FILE = TealiumSwiftExample/Info.plist;
				IPHONEOS_DEPLOYMENT_TARGET = 13.1;
				LD_RUNPATH_SEARCH_PATHS = (
					"$(inherited)",
					"@executable_path/Frameworks",
				);
				MACOSX_DEPLOYMENT_TARGET = 10.14;
				OTHER_CFLAGS = "";
				OTHER_LDFLAGS = "$(inherited)";
				PRODUCT_BUNDLE_IDENTIFIER = com.tealium.TealiumSwiftExample;
				PRODUCT_NAME = "$(TARGET_NAME)";
				SUPPORTED_PLATFORMS = "iphonesimulator iphoneos";
				SUPPORTS_MACCATALYST = NO;
				SWIFT_VERSION = 5.0;
				TARGETED_DEVICE_FAMILY = "1,2";
			};
			name = Debug;
		};
		CF2E3127237622AB000CEDD3 /* Release */ = {
			isa = XCBuildConfiguration;
			buildSettings = {
				ADDITIONAL_SDKS = "";
				ASSETCATALOG_COMPILER_APPICON_NAME = AppIcon;
				CODE_SIGN_ENTITLEMENTS = TealiumSwiftExample/TealiumSwiftExample.entitlements;
				CODE_SIGN_STYLE = Automatic;
				DEVELOPMENT_ASSET_PATHS = "\"TealiumSwiftExample/Preview Content\"";
				DEVELOPMENT_TEAM = XC939GDC9P;
				ENABLE_PREVIEWS = YES;
				INFOPLIST_FILE = TealiumSwiftExample/Info.plist;
				IPHONEOS_DEPLOYMENT_TARGET = 13.1;
				LD_RUNPATH_SEARCH_PATHS = (
					"$(inherited)",
					"@executable_path/Frameworks",
				);
				MACOSX_DEPLOYMENT_TARGET = 10.14;
				OTHER_CFLAGS = "";
				OTHER_LDFLAGS = "$(inherited)";
				PRODUCT_BUNDLE_IDENTIFIER = com.tealium.TealiumSwiftExample;
				PRODUCT_NAME = "$(TARGET_NAME)";
				SUPPORTED_PLATFORMS = "iphonesimulator iphoneos";
				SUPPORTS_MACCATALYST = NO;
				SWIFT_VERSION = 5.0;
				TARGETED_DEVICE_FAMILY = "1,2";
			};
			name = Release;
		};
		CF2E31522376313E000CEDD3 /* Debug */ = {
			isa = XCBuildConfiguration;
			buildSettings = {
				ALWAYS_EMBED_SWIFT_STANDARD_LIBRARIES = YES;
				ASSETCATALOG_COMPILER_APPICON_NAME = AppIcon;
				CODE_SIGN_STYLE = Automatic;
				DEVELOPMENT_TEAM = XC939GDC9P;
				IBSC_MODULE = TealiumSwiftWatchExample_Extension;
				INFOPLIST_FILE = TealiumSwiftWatchExample/Info.plist;
				PRODUCT_BUNDLE_IDENTIFIER = com.tealium.TealiumSwiftExample.watchkitapp;
				PRODUCT_NAME = "$(TARGET_NAME)";
				SDKROOT = watchos;
				SKIP_INSTALL = YES;
				SWIFT_VERSION = 5.0;
				TARGETED_DEVICE_FAMILY = 4;
				WATCHOS_DEPLOYMENT_TARGET = 6.1;
			};
			name = Debug;
		};
		CF2E31532376313E000CEDD3 /* Release */ = {
			isa = XCBuildConfiguration;
			buildSettings = {
				ALWAYS_EMBED_SWIFT_STANDARD_LIBRARIES = YES;
				ASSETCATALOG_COMPILER_APPICON_NAME = AppIcon;
				CODE_SIGN_STYLE = Automatic;
				DEVELOPMENT_TEAM = XC939GDC9P;
				IBSC_MODULE = TealiumSwiftWatchExample_Extension;
				INFOPLIST_FILE = TealiumSwiftWatchExample/Info.plist;
				PRODUCT_BUNDLE_IDENTIFIER = com.tealium.TealiumSwiftExample.watchkitapp;
				PRODUCT_NAME = "$(TARGET_NAME)";
				SDKROOT = watchos;
				SKIP_INSTALL = YES;
				SWIFT_VERSION = 5.0;
				TARGETED_DEVICE_FAMILY = 4;
				WATCHOS_DEPLOYMENT_TARGET = 6.1;
			};
			name = Release;
		};
		CF2E31552376313E000CEDD3 /* Debug */ = {
			isa = XCBuildConfiguration;
			buildSettings = {
				ASSETCATALOG_COMPILER_COMPLICATION_NAME = Complication;
				CODE_SIGN_STYLE = Automatic;
				DEVELOPMENT_ASSET_PATHS = "\"TealiumSwiftWatchExample Extension/Preview Content\"";
				DEVELOPMENT_TEAM = XC939GDC9P;
				ENABLE_PREVIEWS = YES;
				INFOPLIST_FILE = "TealiumSwiftWatchExample Extension/Info.plist";
				LD_RUNPATH_SEARCH_PATHS = (
					"$(inherited)",
					"@executable_path/Frameworks",
					"@executable_path/../../Frameworks",
				);
				PRODUCT_BUNDLE_IDENTIFIER = com.tealium.TealiumSwiftExample.watchkitapp.watchkitextension;
				PRODUCT_NAME = "${TARGET_NAME}";
				SDKROOT = watchos;
				SKIP_INSTALL = YES;
				SWIFT_VERSION = 5.0;
				TARGETED_DEVICE_FAMILY = 4;
				WATCHOS_DEPLOYMENT_TARGET = 6.1;
			};
			name = Debug;
		};
		CF2E31562376313E000CEDD3 /* Release */ = {
			isa = XCBuildConfiguration;
			buildSettings = {
				ASSETCATALOG_COMPILER_COMPLICATION_NAME = Complication;
				CODE_SIGN_STYLE = Automatic;
				DEVELOPMENT_ASSET_PATHS = "\"TealiumSwiftWatchExample Extension/Preview Content\"";
				DEVELOPMENT_TEAM = XC939GDC9P;
				ENABLE_PREVIEWS = YES;
				INFOPLIST_FILE = "TealiumSwiftWatchExample Extension/Info.plist";
				LD_RUNPATH_SEARCH_PATHS = (
					"$(inherited)",
					"@executable_path/Frameworks",
					"@executable_path/../../Frameworks",
				);
				PRODUCT_BUNDLE_IDENTIFIER = com.tealium.TealiumSwiftExample.watchkitapp.watchkitextension;
				PRODUCT_NAME = "${TARGET_NAME}";
				SDKROOT = watchos;
				SKIP_INSTALL = YES;
				SWIFT_VERSION = 5.0;
				TARGETED_DEVICE_FAMILY = 4;
				WATCHOS_DEPLOYMENT_TARGET = 6.1;
			};
			name = Release;
		};
		CF2E316E2376359A000CEDD3 /* Debug */ = {
			isa = XCBuildConfiguration;
			buildSettings = {
				ASSETCATALOG_COMPILER_APPICON_NAME = "App Icon & Top Shelf Image";
				CODE_SIGN_STYLE = Automatic;
				DEVELOPMENT_ASSET_PATHS = "\"TealiumSwiftTVExample/Preview Content\"";
				ENABLE_PREVIEWS = YES;
				INFOPLIST_FILE = TealiumSwiftTVExample/Info.plist;
				LD_RUNPATH_SEARCH_PATHS = (
					"$(inherited)",
					"@executable_path/Frameworks",
				);
				PRODUCT_BUNDLE_IDENTIFIER = com.tealium.TealiumSwiftTVExample;
				PRODUCT_NAME = "$(TARGET_NAME)";
				SDKROOT = appletvos;
				SWIFT_VERSION = 5.0;
				TARGETED_DEVICE_FAMILY = 3;
				TVOS_DEPLOYMENT_TARGET = 13.2;
			};
			name = Debug;
		};
		CF2E316F2376359A000CEDD3 /* Release */ = {
			isa = XCBuildConfiguration;
			buildSettings = {
				ASSETCATALOG_COMPILER_APPICON_NAME = "App Icon & Top Shelf Image";
				CODE_SIGN_STYLE = Automatic;
				DEVELOPMENT_ASSET_PATHS = "\"TealiumSwiftTVExample/Preview Content\"";
				ENABLE_PREVIEWS = YES;
				INFOPLIST_FILE = TealiumSwiftTVExample/Info.plist;
				LD_RUNPATH_SEARCH_PATHS = (
					"$(inherited)",
					"@executable_path/Frameworks",
				);
				PRODUCT_BUNDLE_IDENTIFIER = com.tealium.TealiumSwiftTVExample;
				PRODUCT_NAME = "$(TARGET_NAME)";
				SDKROOT = appletvos;
				SWIFT_VERSION = 5.0;
				TARGETED_DEVICE_FAMILY = 3;
				TVOS_DEPLOYMENT_TARGET = 13.2;
			};
			name = Release;
		};
		CF3CB83E23F327CE00BAD43A /* Debug */ = {
			isa = XCBuildConfiguration;
			buildSettings = {
				ASSETCATALOG_COMPILER_APPICON_NAME = AppIcon;
				CODE_SIGN_ENTITLEMENTS = TealiumSwiftMacOSExample/TealiumSwiftMacOSExample.entitlements;
				CODE_SIGN_STYLE = Automatic;
				COMBINE_HIDPI_IMAGES = YES;
				DEVELOPMENT_ASSET_PATHS = "\"TealiumSwiftMacOSExample/Preview Content\"";
				DEVELOPMENT_TEAM = XC939GDC9P;
				ENABLE_HARDENED_RUNTIME = YES;
				ENABLE_PREVIEWS = YES;
				INFOPLIST_FILE = TealiumSwiftMacOSExample/Info.plist;
				LD_RUNPATH_SEARCH_PATHS = (
					"$(inherited)",
					"@executable_path/../Frameworks",
				);
				MACOSX_DEPLOYMENT_TARGET = 10.15;
				PRODUCT_BUNDLE_IDENTIFIER = com.tealium.TealiumSwiftMacOSExample;
				PRODUCT_NAME = "$(TARGET_NAME)";
				SDKROOT = macosx;
				SWIFT_VERSION = 5.0;
			};
			name = Debug;
		};
		CF3CB83F23F327CE00BAD43A /* Release */ = {
			isa = XCBuildConfiguration;
			buildSettings = {
				ASSETCATALOG_COMPILER_APPICON_NAME = AppIcon;
				CODE_SIGN_ENTITLEMENTS = TealiumSwiftMacOSExample/TealiumSwiftMacOSExample.entitlements;
				CODE_SIGN_STYLE = Automatic;
				COMBINE_HIDPI_IMAGES = YES;
				DEVELOPMENT_ASSET_PATHS = "\"TealiumSwiftMacOSExample/Preview Content\"";
				DEVELOPMENT_TEAM = XC939GDC9P;
				ENABLE_HARDENED_RUNTIME = YES;
				ENABLE_PREVIEWS = YES;
				INFOPLIST_FILE = TealiumSwiftMacOSExample/Info.plist;
				LD_RUNPATH_SEARCH_PATHS = (
					"$(inherited)",
					"@executable_path/../Frameworks",
				);
				MACOSX_DEPLOYMENT_TARGET = 10.15;
				PRODUCT_BUNDLE_IDENTIFIER = com.tealium.TealiumSwiftMacOSExample;
				PRODUCT_NAME = "$(TARGET_NAME)";
				SDKROOT = macosx;
				SWIFT_VERSION = 5.0;
			};
			name = Release;
		};
/* End XCBuildConfiguration section */

/* Begin XCConfigurationList section */
		CF2E310C237622A9000CEDD3 /* Build configuration list for PBXProject "TealiumSwiftExample" */ = {
			isa = XCConfigurationList;
			buildConfigurations = (
				CF2E3123237622AB000CEDD3 /* Debug */,
				CF2E3124237622AB000CEDD3 /* Release */,
			);
			defaultConfigurationIsVisible = 0;
			defaultConfigurationName = Release;
		};
		CF2E3125237622AB000CEDD3 /* Build configuration list for PBXNativeTarget "TealiumSwiftExample" */ = {
			isa = XCConfigurationList;
			buildConfigurations = (
				CF2E3126237622AB000CEDD3 /* Debug */,
				CF2E3127237622AB000CEDD3 /* Release */,
			);
			defaultConfigurationIsVisible = 0;
			defaultConfigurationName = Release;
		};
		CF2E31572376313E000CEDD3 /* Build configuration list for PBXNativeTarget "TealiumSwiftWatchExample Extension" */ = {
			isa = XCConfigurationList;
			buildConfigurations = (
				CF2E31552376313E000CEDD3 /* Debug */,
				CF2E31562376313E000CEDD3 /* Release */,
			);
			defaultConfigurationIsVisible = 0;
			defaultConfigurationName = Release;
		};
		CF2E31582376313E000CEDD3 /* Build configuration list for PBXNativeTarget "TealiumSwiftWatchExample" */ = {
			isa = XCConfigurationList;
			buildConfigurations = (
				CF2E31522376313E000CEDD3 /* Debug */,
				CF2E31532376313E000CEDD3 /* Release */,
			);
			defaultConfigurationIsVisible = 0;
			defaultConfigurationName = Release;
		};
		CF2E31702376359A000CEDD3 /* Build configuration list for PBXNativeTarget "TealiumSwiftTVExample" */ = {
			isa = XCConfigurationList;
			buildConfigurations = (
				CF2E316E2376359A000CEDD3 /* Debug */,
				CF2E316F2376359A000CEDD3 /* Release */,
			);
			defaultConfigurationIsVisible = 0;
			defaultConfigurationName = Release;
		};
		CF3CB83D23F327CE00BAD43A /* Build configuration list for PBXNativeTarget "TealiumSwiftMacOSExample" */ = {
			isa = XCConfigurationList;
			buildConfigurations = (
				CF3CB83E23F327CE00BAD43A /* Debug */,
				CF3CB83F23F327CE00BAD43A /* Release */,
			);
			defaultConfigurationIsVisible = 0;
			defaultConfigurationName = Release;
		};
/* End XCConfigurationList section */

/* Begin XCRemoteSwiftPackageReference section */
		CF739D3423F4E17300BD96D9 /* XCRemoteSwiftPackageReference "tealium-swift" */ = {
			isa = XCRemoteSwiftPackageReference;
			repositoryURL = "https://github.com/Tealium/tealium-swift.git";
			requirement = {
				kind = upToNextMajorVersion;
				minimumVersion = 1.9.0;
			};
		};
/* End XCRemoteSwiftPackageReference section */

/* Begin XCSwiftPackageProductDependency section */
		CF739D3523F4E17300BD96D9 /* TealiumAttribution */ = {
			isa = XCSwiftPackageProductDependency;
			package = CF739D3423F4E17300BD96D9 /* XCRemoteSwiftPackageReference "tealium-swift" */;
			productName = TealiumAttribution;
		};
		CF739D3723F4E17300BD96D9 /* TealiumDelegate */ = {
			isa = XCSwiftPackageProductDependency;
			package = CF739D3423F4E17300BD96D9 /* XCRemoteSwiftPackageReference "tealium-swift" */;
			productName = TealiumDelegate;
		};
		CF739D3923F4E17300BD96D9 /* TealiumVolatileData */ = {
			isa = XCSwiftPackageProductDependency;
			package = CF739D3423F4E17300BD96D9 /* XCRemoteSwiftPackageReference "tealium-swift" */;
			productName = TealiumVolatileData;
		};
		CF739D3B23F4E17300BD96D9 /* TealiumLocation */ = {
			isa = XCSwiftPackageProductDependency;
			package = CF739D3423F4E17300BD96D9 /* XCRemoteSwiftPackageReference "tealium-swift" */;
			productName = TealiumLocation;
		};
		CF739D3D23F4E17300BD96D9 /* TealiumLifecycle */ = {
			isa = XCSwiftPackageProductDependency;
			package = CF739D3423F4E17300BD96D9 /* XCRemoteSwiftPackageReference "tealium-swift" */;
			productName = TealiumLifecycle;
		};
		CF739D3F23F4E17300BD96D9 /* TealiumAppData */ = {
			isa = XCSwiftPackageProductDependency;
			package = CF739D3423F4E17300BD96D9 /* XCRemoteSwiftPackageReference "tealium-swift" */;
			productName = TealiumAppData;
		};
		CF739D4123F4E17300BD96D9 /* TealiumLogger */ = {
			isa = XCSwiftPackageProductDependency;
			package = CF739D3423F4E17300BD96D9 /* XCRemoteSwiftPackageReference "tealium-swift" */;
			productName = TealiumLogger;
		};
		CF739D4323F4E17300BD96D9 /* TealiumPersistentData */ = {
			isa = XCSwiftPackageProductDependency;
			package = CF739D3423F4E17300BD96D9 /* XCRemoteSwiftPackageReference "tealium-swift" */;
			productName = TealiumPersistentData;
		};
		CF739D4523F4E17300BD96D9 /* TealiumRemoteCommands */ = {
			isa = XCSwiftPackageProductDependency;
			package = CF739D3423F4E17300BD96D9 /* XCRemoteSwiftPackageReference "tealium-swift" */;
			productName = TealiumRemoteCommands;
		};
		CF739D4723F4E17300BD96D9 /* TealiumTagManagement */ = {
			isa = XCSwiftPackageProductDependency;
			package = CF739D3423F4E17300BD96D9 /* XCRemoteSwiftPackageReference "tealium-swift" */;
			productName = TealiumTagManagement;
		};
		CF739D4923F4E17300BD96D9 /* TealiumConsentManager */ = {
			isa = XCSwiftPackageProductDependency;
			package = CF739D3423F4E17300BD96D9 /* XCRemoteSwiftPackageReference "tealium-swift" */;
			productName = TealiumConsentManager;
		};
		CF739D4B23F4E17300BD96D9 /* TealiumVisitorService */ = {
			isa = XCSwiftPackageProductDependency;
			package = CF739D3423F4E17300BD96D9 /* XCRemoteSwiftPackageReference "tealium-swift" */;
			productName = TealiumVisitorService;
		};
		CF739D4D23F4E17300BD96D9 /* TealiumConnectivity */ = {
			isa = XCSwiftPackageProductDependency;
			package = CF739D3423F4E17300BD96D9 /* XCRemoteSwiftPackageReference "tealium-swift" */;
			productName = TealiumConnectivity;
		};
		CF739D4F23F4E17300BD96D9 /* TealiumCollect */ = {
			isa = XCSwiftPackageProductDependency;
			package = CF739D3423F4E17300BD96D9 /* XCRemoteSwiftPackageReference "tealium-swift" */;
			productName = TealiumCollect;
		};
		CF739D5123F4E17300BD96D9 /* TealiumDispatchQueue */ = {
			isa = XCSwiftPackageProductDependency;
			package = CF739D3423F4E17300BD96D9 /* XCRemoteSwiftPackageReference "tealium-swift" */;
			productName = TealiumDispatchQueue;
		};
		CF739D5323F4E17300BD96D9 /* TealiumCore */ = {
			isa = XCSwiftPackageProductDependency;
			package = CF739D3423F4E17300BD96D9 /* XCRemoteSwiftPackageReference "tealium-swift" */;
			productName = TealiumCore;
		};
		CF739D5523F4E17300BD96D9 /* TealiumDeviceData */ = {
			isa = XCSwiftPackageProductDependency;
			package = CF739D3423F4E17300BD96D9 /* XCRemoteSwiftPackageReference "tealium-swift" */;
			productName = TealiumDeviceData;
		};
		CF739D5723F4E19500BD96D9 /* TealiumAppData */ = {
			isa = XCSwiftPackageProductDependency;
			package = CF739D3423F4E17300BD96D9 /* XCRemoteSwiftPackageReference "tealium-swift" */;
			productName = TealiumAppData;
		};
		CF739D5923F4E19500BD96D9 /* TealiumCollect */ = {
			isa = XCSwiftPackageProductDependency;
			package = CF739D3423F4E17300BD96D9 /* XCRemoteSwiftPackageReference "tealium-swift" */;
			productName = TealiumCollect;
		};
		CF739D5B23F4E19500BD96D9 /* TealiumConnectivity */ = {
			isa = XCSwiftPackageProductDependency;
			package = CF739D3423F4E17300BD96D9 /* XCRemoteSwiftPackageReference "tealium-swift" */;
			productName = TealiumConnectivity;
		};
		CF739D5D23F4E19500BD96D9 /* TealiumConsentManager */ = {
			isa = XCSwiftPackageProductDependency;
			package = CF739D3423F4E17300BD96D9 /* XCRemoteSwiftPackageReference "tealium-swift" */;
			productName = TealiumConsentManager;
		};
		CF739D5F23F4E19500BD96D9 /* TealiumCore */ = {
			isa = XCSwiftPackageProductDependency;
			package = CF739D3423F4E17300BD96D9 /* XCRemoteSwiftPackageReference "tealium-swift" */;
			productName = TealiumCore;
		};
		CF739D6123F4E19500BD96D9 /* TealiumDelegate */ = {
			isa = XCSwiftPackageProductDependency;
			package = CF739D3423F4E17300BD96D9 /* XCRemoteSwiftPackageReference "tealium-swift" */;
			productName = TealiumDelegate;
		};
		CF739D6323F4E19500BD96D9 /* TealiumDeviceData */ = {
			isa = XCSwiftPackageProductDependency;
			package = CF739D3423F4E17300BD96D9 /* XCRemoteSwiftPackageReference "tealium-swift" */;
			productName = TealiumDeviceData;
		};
		CF739D6523F4E19500BD96D9 /* TealiumDispatchQueue */ = {
			isa = XCSwiftPackageProductDependency;
			package = CF739D3423F4E17300BD96D9 /* XCRemoteSwiftPackageReference "tealium-swift" */;
			productName = TealiumDispatchQueue;
		};
		CF739D6723F4E19500BD96D9 /* TealiumLifecycle */ = {
			isa = XCSwiftPackageProductDependency;
			package = CF739D3423F4E17300BD96D9 /* XCRemoteSwiftPackageReference "tealium-swift" */;
			productName = TealiumLifecycle;
		};
		CF739D6923F4E19500BD96D9 /* TealiumLogger */ = {
			isa = XCSwiftPackageProductDependency;
			package = CF739D3423F4E17300BD96D9 /* XCRemoteSwiftPackageReference "tealium-swift" */;
			productName = TealiumLogger;
		};
		CF739D6B23F4E19500BD96D9 /* TealiumPersistentData */ = {
			isa = XCSwiftPackageProductDependency;
			package = CF739D3423F4E17300BD96D9 /* XCRemoteSwiftPackageReference "tealium-swift" */;
			productName = TealiumPersistentData;
		};
		CF739D6D23F4E19500BD96D9 /* TealiumVisitorService */ = {
			isa = XCSwiftPackageProductDependency;
			package = CF739D3423F4E17300BD96D9 /* XCRemoteSwiftPackageReference "tealium-swift" */;
			productName = TealiumVisitorService;
		};
		CF739D6F23F4E19500BD96D9 /* TealiumVolatileData */ = {
			isa = XCSwiftPackageProductDependency;
			package = CF739D3423F4E17300BD96D9 /* XCRemoteSwiftPackageReference "tealium-swift" */;
			productName = TealiumVolatileData;
		};
		CF739D7123F4E1A500BD96D9 /* TealiumAppData */ = {
			isa = XCSwiftPackageProductDependency;
			package = CF739D3423F4E17300BD96D9 /* XCRemoteSwiftPackageReference "tealium-swift" */;
			productName = TealiumAppData;
		};
		CF739D7323F4E1A500BD96D9 /* TealiumCollect */ = {
			isa = XCSwiftPackageProductDependency;
			package = CF739D3423F4E17300BD96D9 /* XCRemoteSwiftPackageReference "tealium-swift" */;
			productName = TealiumCollect;
		};
		CF739D7523F4E1A500BD96D9 /* TealiumConnectivity */ = {
			isa = XCSwiftPackageProductDependency;
			package = CF739D3423F4E17300BD96D9 /* XCRemoteSwiftPackageReference "tealium-swift" */;
			productName = TealiumConnectivity;
		};
		CF739D7723F4E1A500BD96D9 /* TealiumConsentManager */ = {
			isa = XCSwiftPackageProductDependency;
			package = CF739D3423F4E17300BD96D9 /* XCRemoteSwiftPackageReference "tealium-swift" */;
			productName = TealiumConsentManager;
		};
		CF739D7923F4E1A500BD96D9 /* TealiumCore */ = {
			isa = XCSwiftPackageProductDependency;
			package = CF739D3423F4E17300BD96D9 /* XCRemoteSwiftPackageReference "tealium-swift" */;
			productName = TealiumCore;
		};
		CF739D7B23F4E1A500BD96D9 /* TealiumDelegate */ = {
			isa = XCSwiftPackageProductDependency;
			package = CF739D3423F4E17300BD96D9 /* XCRemoteSwiftPackageReference "tealium-swift" */;
			productName = TealiumDelegate;
		};
		CF739D7D23F4E1A500BD96D9 /* TealiumDeviceData */ = {
			isa = XCSwiftPackageProductDependency;
			package = CF739D3423F4E17300BD96D9 /* XCRemoteSwiftPackageReference "tealium-swift" */;
			productName = TealiumDeviceData;
		};
		CF739D7F23F4E1A500BD96D9 /* TealiumDispatchQueue */ = {
			isa = XCSwiftPackageProductDependency;
			package = CF739D3423F4E17300BD96D9 /* XCRemoteSwiftPackageReference "tealium-swift" */;
			productName = TealiumDispatchQueue;
		};
		CF739D8123F4E1A500BD96D9 /* TealiumLifecycle */ = {
			isa = XCSwiftPackageProductDependency;
			package = CF739D3423F4E17300BD96D9 /* XCRemoteSwiftPackageReference "tealium-swift" */;
			productName = TealiumLifecycle;
		};
		CF739D8323F4E1A500BD96D9 /* TealiumLogger */ = {
			isa = XCSwiftPackageProductDependency;
			package = CF739D3423F4E17300BD96D9 /* XCRemoteSwiftPackageReference "tealium-swift" */;
			productName = TealiumLogger;
		};
		CF739D8523F4E1A500BD96D9 /* TealiumPersistentData */ = {
			isa = XCSwiftPackageProductDependency;
			package = CF739D3423F4E17300BD96D9 /* XCRemoteSwiftPackageReference "tealium-swift" */;
			productName = TealiumPersistentData;
		};
		CF739D8723F4E1A500BD96D9 /* TealiumVisitorService */ = {
			isa = XCSwiftPackageProductDependency;
			package = CF739D3423F4E17300BD96D9 /* XCRemoteSwiftPackageReference "tealium-swift" */;
			productName = TealiumVisitorService;
		};
		CF739D8923F4E1A500BD96D9 /* TealiumVolatileData */ = {
			isa = XCSwiftPackageProductDependency;
			package = CF739D3423F4E17300BD96D9 /* XCRemoteSwiftPackageReference "tealium-swift" */;
			productName = TealiumVolatileData;
		};
		CF739D8B23F4E1B200BD96D9 /* TealiumAppData */ = {
			isa = XCSwiftPackageProductDependency;
			package = CF739D3423F4E17300BD96D9 /* XCRemoteSwiftPackageReference "tealium-swift" */;
			productName = TealiumAppData;
		};
		CF739D8D23F4E1B200BD96D9 /* TealiumCollect */ = {
			isa = XCSwiftPackageProductDependency;
			package = CF739D3423F4E17300BD96D9 /* XCRemoteSwiftPackageReference "tealium-swift" */;
			productName = TealiumCollect;
		};
		CF739D8F23F4E1B200BD96D9 /* TealiumConnectivity */ = {
			isa = XCSwiftPackageProductDependency;
			package = CF739D3423F4E17300BD96D9 /* XCRemoteSwiftPackageReference "tealium-swift" */;
			productName = TealiumConnectivity;
		};
		CF739D9123F4E1B200BD96D9 /* TealiumConsentManager */ = {
			isa = XCSwiftPackageProductDependency;
			package = CF739D3423F4E17300BD96D9 /* XCRemoteSwiftPackageReference "tealium-swift" */;
			productName = TealiumConsentManager;
		};
		CF739D9323F4E1B300BD96D9 /* TealiumCore */ = {
			isa = XCSwiftPackageProductDependency;
			package = CF739D3423F4E17300BD96D9 /* XCRemoteSwiftPackageReference "tealium-swift" */;
			productName = TealiumCore;
		};
		CF739D9523F4E1B300BD96D9 /* TealiumDelegate */ = {
			isa = XCSwiftPackageProductDependency;
			package = CF739D3423F4E17300BD96D9 /* XCRemoteSwiftPackageReference "tealium-swift" */;
			productName = TealiumDelegate;
		};
		CF739D9723F4E1B300BD96D9 /* TealiumDeviceData */ = {
			isa = XCSwiftPackageProductDependency;
			package = CF739D3423F4E17300BD96D9 /* XCRemoteSwiftPackageReference "tealium-swift" */;
			productName = TealiumDeviceData;
		};
		CF739D9923F4E1B300BD96D9 /* TealiumDispatchQueue */ = {
			isa = XCSwiftPackageProductDependency;
			package = CF739D3423F4E17300BD96D9 /* XCRemoteSwiftPackageReference "tealium-swift" */;
			productName = TealiumDispatchQueue;
		};
		CF739D9B23F4E1B300BD96D9 /* TealiumLifecycle */ = {
			isa = XCSwiftPackageProductDependency;
			package = CF739D3423F4E17300BD96D9 /* XCRemoteSwiftPackageReference "tealium-swift" */;
			productName = TealiumLifecycle;
		};
		CF739D9D23F4E1B300BD96D9 /* TealiumLogger */ = {
			isa = XCSwiftPackageProductDependency;
			package = CF739D3423F4E17300BD96D9 /* XCRemoteSwiftPackageReference "tealium-swift" */;
			productName = TealiumLogger;
		};
		CF739D9F23F4E1B300BD96D9 /* TealiumPersistentData */ = {
			isa = XCSwiftPackageProductDependency;
			package = CF739D3423F4E17300BD96D9 /* XCRemoteSwiftPackageReference "tealium-swift" */;
			productName = TealiumPersistentData;
		};
		CF739DA123F4E1B300BD96D9 /* TealiumVisitorService */ = {
			isa = XCSwiftPackageProductDependency;
			package = CF739D3423F4E17300BD96D9 /* XCRemoteSwiftPackageReference "tealium-swift" */;
			productName = TealiumVisitorService;
		};
		CF739DA323F4E1B300BD96D9 /* TealiumVolatileData */ = {
			isa = XCSwiftPackageProductDependency;
			package = CF739D3423F4E17300BD96D9 /* XCRemoteSwiftPackageReference "tealium-swift" */;
			productName = TealiumVolatileData;
		};
/* End XCSwiftPackageProductDependency section */
	};
	rootObject = CF2E3109237622A9000CEDD3 /* Project object */;
}
