// !$*UTF8*$!
{
	archiveVersion = 1;
	classes = {
	};
	objectVersion = 51;
	objects = {

/* Begin PBXBuildFile section */
		63115B67E6EC4CB24EC74795 /* Pods_TealiumVisitorProfileDemo.framework in Frameworks */ = {isa = PBXBuildFile; fileRef = CC59F51D80D5AF3B93B2BE35 /* Pods_TealiumVisitorProfileDemo.framework */; };
		CF9A372E25478193000B420D /* TealiumVisitorProfileDemoUITests.swift in Sources */ = {isa = PBXBuildFile; fileRef = CF9A372D25478193000B420D /* TealiumVisitorProfileDemoUITests.swift */; };
		CFC9374B23A964D400635719 /* Ecommerce.storyboard in Resources */ = {isa = PBXBuildFile; fileRef = CFC9374923A964D400635719 /* Ecommerce.storyboard */; };
		CFD9403223751621008CDC39 /* TealiumHelper.swift in Sources */ = {isa = PBXBuildFile; fileRef = CFD9403123751621008CDC39 /* TealiumHelper.swift */; };
		CFDD8B2E22E1195800358234 /* AppDelegate.swift in Sources */ = {isa = PBXBuildFile; fileRef = CFDD8B2D22E1195800358234 /* AppDelegate.swift */; };
		CFDD8B3322E1195800358234 /* Main.storyboard in Resources */ = {isa = PBXBuildFile; fileRef = CFDD8B3122E1195800358234 /* Main.storyboard */; };
		CFDD8B3522E1195800358234 /* Assets.xcassets in Resources */ = {isa = PBXBuildFile; fileRef = CFDD8B3422E1195800358234 /* Assets.xcassets */; };
		CFDD8B3822E1195800358234 /* LaunchScreen.storyboard in Resources */ = {isa = PBXBuildFile; fileRef = CFDD8B3622E1195800358234 /* LaunchScreen.storyboard */; };
		CFDD8B4422E13F1500358234 /* LoginViewController.swift in Sources */ = {isa = PBXBuildFile; fileRef = CFDD8B4322E13F1500358234 /* LoginViewController.swift */; };
		CFDD8B4622E13F3600358234 /* RegisterViewController.swift in Sources */ = {isa = PBXBuildFile; fileRef = CFDD8B4522E13F3600358234 /* RegisterViewController.swift */; };
		CFDD8B4822E13F4400358234 /* AccountViewController.swift in Sources */ = {isa = PBXBuildFile; fileRef = CFDD8B4722E13F4400358234 /* AccountViewController.swift */; };
		CFDD8B6822E232F100358234 /* TravelViewController.swift in Sources */ = {isa = PBXBuildFile; fileRef = CFDD8B6722E232F100358234 /* TravelViewController.swift */; };
		CFDD8B6A22E232F800358234 /* GamingViewController.swift in Sources */ = {isa = PBXBuildFile; fileRef = CFDD8B6922E232F800358234 /* GamingViewController.swift */; };
		CFDD8B6C22E2330200358234 /* EcommerceMainViewController.swift in Sources */ = {isa = PBXBuildFile; fileRef = CFDD8B6B22E2330200358234 /* EcommerceMainViewController.swift */; };
		CFDD8B6F22E234AB00358234 /* Activities.storyboard in Resources */ = {isa = PBXBuildFile; fileRef = CFDD8B6D22E234AB00358234 /* Activities.storyboard */; };
		CFDD8B7322E245D400358234 /* DateExtensions.swift in Sources */ = {isa = PBXBuildFile; fileRef = CFDD8B7222E245D400358234 /* DateExtensions.swift */; };
		CFDD8B7522E27F1E00358234 /* CategoryViewController.swift in Sources */ = {isa = PBXBuildFile; fileRef = CFDD8B7422E27F1E00358234 /* CategoryViewController.swift */; };
		CFDD8B7722E27F2F00358234 /* ProductViewController.swift in Sources */ = {isa = PBXBuildFile; fileRef = CFDD8B7622E27F2F00358234 /* ProductViewController.swift */; };
		CFDD8B7922E27F3900358234 /* CheckoutViewController.swift in Sources */ = {isa = PBXBuildFile; fileRef = CFDD8B7822E27F3900358234 /* CheckoutViewController.swift */; };
		CFDD8B7B22E27F4500358234 /* OrderViewController.swift in Sources */ = {isa = PBXBuildFile; fileRef = CFDD8B7A22E27F4500358234 /* OrderViewController.swift */; };
		CFDD8BC422E5344F00358234 /* ProductCell.swift in Sources */ = {isa = PBXBuildFile; fileRef = CFDD8BC322E5344F00358234 /* ProductCell.swift */; };
		CFEDF71E2419B32C009D6CE9 /* Reading.gpx in Resources */ = {isa = PBXBuildFile; fileRef = CFEDF71C2419B32C009D6CE9 /* Reading.gpx */; };
		CFEDF71F2419B32C009D6CE9 /* SanDiego.gpx in Resources */ = {isa = PBXBuildFile; fileRef = CFEDF71D2419B32C009D6CE9 /* SanDiego.gpx */; };
/* End PBXBuildFile section */

/* Begin PBXContainerItemProxy section */
		CF9A373025478193000B420D /* PBXContainerItemProxy */ = {
			isa = PBXContainerItemProxy;
			containerPortal = CFDD8B2222E1195800358234 /* Project object */;
			proxyType = 1;
			remoteGlobalIDString = CFDD8B2922E1195800358234;
			remoteInfo = TealiumVisitorProfileDemo;
		};
/* End PBXContainerItemProxy section */

/* Begin PBXFileReference section */
		18EB3CF8987BA30D48444364 /* Pods-TealiumVisitorProfileDemo.debug.xcconfig */ = {isa = PBXFileReference; includeInIndex = 1; lastKnownFileType = text.xcconfig; name = "Pods-TealiumVisitorProfileDemo.debug.xcconfig"; path = "Target Support Files/Pods-TealiumVisitorProfileDemo/Pods-TealiumVisitorProfileDemo.debug.xcconfig"; sourceTree = "<group>"; };
		BAFA0DB367B37E69CF6F32AF /* Pods-TealiumVisitorProfileDemo.release.xcconfig */ = {isa = PBXFileReference; includeInIndex = 1; lastKnownFileType = text.xcconfig; name = "Pods-TealiumVisitorProfileDemo.release.xcconfig"; path = "Target Support Files/Pods-TealiumVisitorProfileDemo/Pods-TealiumVisitorProfileDemo.release.xcconfig"; sourceTree = "<group>"; };
		CC59F51D80D5AF3B93B2BE35 /* Pods_TealiumVisitorProfileDemo.framework */ = {isa = PBXFileReference; explicitFileType = wrapper.framework; includeInIndex = 0; path = Pods_TealiumVisitorProfileDemo.framework; sourceTree = BUILT_PRODUCTS_DIR; };
		CF9A372B25478193000B420D /* TealiumVisitorProfileDemoUITests.xctest */ = {isa = PBXFileReference; explicitFileType = wrapper.cfbundle; includeInIndex = 0; path = TealiumVisitorProfileDemoUITests.xctest; sourceTree = BUILT_PRODUCTS_DIR; };
		CF9A372D25478193000B420D /* TealiumVisitorProfileDemoUITests.swift */ = {isa = PBXFileReference; lastKnownFileType = sourcecode.swift; path = TealiumVisitorProfileDemoUITests.swift; sourceTree = "<group>"; };
		CF9A372F25478193000B420D /* Info.plist */ = {isa = PBXFileReference; lastKnownFileType = text.plist.xml; path = Info.plist; sourceTree = "<group>"; };
		CFC9374A23A964D400635719 /* Base */ = {isa = PBXFileReference; lastKnownFileType = file.storyboard; name = Base; path = TealiumVisitorProfileDemo/TealiumVisitorProfileDemo/TealiumVisitorProfileDemo/Base.lproj/Ecommerce.storyboard; sourceTree = SOURCE_ROOT; };
		CFD9403123751621008CDC39 /* TealiumHelper.swift */ = {isa = PBXFileReference; lastKnownFileType = sourcecode.swift; path = TealiumHelper.swift; sourceTree = "<group>"; };
		CFDD8B2A22E1195800358234 /* TealiumVisitorProfileDemo.app */ = {isa = PBXFileReference; explicitFileType = wrapper.application; includeInIndex = 0; path = TealiumVisitorProfileDemo.app; sourceTree = BUILT_PRODUCTS_DIR; };
		CFDD8B2D22E1195800358234 /* AppDelegate.swift */ = {isa = PBXFileReference; lastKnownFileType = sourcecode.swift; path = AppDelegate.swift; sourceTree = "<group>"; };
		CFDD8B3222E1195800358234 /* Base */ = {isa = PBXFileReference; lastKnownFileType = file.storyboard; name = Base; path = Base.lproj/Main.storyboard; sourceTree = "<group>"; };
		CFDD8B3422E1195800358234 /* Assets.xcassets */ = {isa = PBXFileReference; lastKnownFileType = folder.assetcatalog; path = Assets.xcassets; sourceTree = "<group>"; };
		CFDD8B3722E1195800358234 /* Base */ = {isa = PBXFileReference; lastKnownFileType = file.storyboard; name = Base; path = Base.lproj/LaunchScreen.storyboard; sourceTree = "<group>"; };
		CFDD8B3922E1195800358234 /* Info.plist */ = {isa = PBXFileReference; lastKnownFileType = text.plist.xml; path = Info.plist; sourceTree = "<group>"; };
		CFDD8B4322E13F1500358234 /* LoginViewController.swift */ = {isa = PBXFileReference; lastKnownFileType = sourcecode.swift; path = LoginViewController.swift; sourceTree = "<group>"; };
		CFDD8B4522E13F3600358234 /* RegisterViewController.swift */ = {isa = PBXFileReference; lastKnownFileType = sourcecode.swift; path = RegisterViewController.swift; sourceTree = "<group>"; };
		CFDD8B4722E13F4400358234 /* AccountViewController.swift */ = {isa = PBXFileReference; lastKnownFileType = sourcecode.swift; path = AccountViewController.swift; sourceTree = "<group>"; };
		CFDD8B6722E232F100358234 /* TravelViewController.swift */ = {isa = PBXFileReference; lastKnownFileType = sourcecode.swift; path = TravelViewController.swift; sourceTree = "<group>"; };
		CFDD8B6922E232F800358234 /* GamingViewController.swift */ = {isa = PBXFileReference; lastKnownFileType = sourcecode.swift; path = GamingViewController.swift; sourceTree = "<group>"; };
		CFDD8B6B22E2330200358234 /* EcommerceMainViewController.swift */ = {isa = PBXFileReference; lastKnownFileType = sourcecode.swift; path = EcommerceMainViewController.swift; sourceTree = "<group>"; };
		CFDD8B6E22E234AB00358234 /* Base */ = {isa = PBXFileReference; lastKnownFileType = file.storyboard; name = Base; path = TealiumFirebaseExample/Base.lproj/Activities.storyboard; sourceTree = "<group>"; };
		CFDD8B7222E245D400358234 /* DateExtensions.swift */ = {isa = PBXFileReference; lastKnownFileType = sourcecode.swift; path = DateExtensions.swift; sourceTree = "<group>"; };
		CFDD8B7422E27F1E00358234 /* CategoryViewController.swift */ = {isa = PBXFileReference; lastKnownFileType = sourcecode.swift; path = CategoryViewController.swift; sourceTree = "<group>"; };
		CFDD8B7622E27F2F00358234 /* ProductViewController.swift */ = {isa = PBXFileReference; lastKnownFileType = sourcecode.swift; path = ProductViewController.swift; sourceTree = "<group>"; };
		CFDD8B7822E27F3900358234 /* CheckoutViewController.swift */ = {isa = PBXFileReference; lastKnownFileType = sourcecode.swift; path = CheckoutViewController.swift; sourceTree = "<group>"; };
		CFDD8B7A22E27F4500358234 /* OrderViewController.swift */ = {isa = PBXFileReference; lastKnownFileType = sourcecode.swift; path = OrderViewController.swift; sourceTree = "<group>"; };
		CFDD8BC322E5344F00358234 /* ProductCell.swift */ = {isa = PBXFileReference; lastKnownFileType = sourcecode.swift; path = ProductCell.swift; sourceTree = "<group>"; };
		CFEDF71C2419B32C009D6CE9 /* Reading.gpx */ = {isa = PBXFileReference; fileEncoding = 4; lastKnownFileType = text.xml; path = Reading.gpx; sourceTree = "<group>"; };
		CFEDF71D2419B32C009D6CE9 /* SanDiego.gpx */ = {isa = PBXFileReference; fileEncoding = 4; lastKnownFileType = text.xml; path = SanDiego.gpx; sourceTree = "<group>"; };
		CFEDF7202419B761009D6CE9 /* TealiumVisitorProfileDemo.entitlements */ = {isa = PBXFileReference; lastKnownFileType = text.plist.entitlements; path = TealiumVisitorProfileDemo.entitlements; sourceTree = "<group>"; };
/* End PBXFileReference section */

/* Begin PBXFrameworksBuildPhase section */
		CF9A372825478192000B420D /* Frameworks */ = {
			isa = PBXFrameworksBuildPhase;
			buildActionMask = 2147483647;
			files = (
			);
			runOnlyForDeploymentPostprocessing = 0;
		};
		CFDD8B2722E1195800358234 /* Frameworks */ = {
			isa = PBXFrameworksBuildPhase;
			buildActionMask = 2147483647;
			files = (
				63115B67E6EC4CB24EC74795 /* Pods_TealiumVisitorProfileDemo.framework in Frameworks */,
			);
			runOnlyForDeploymentPostprocessing = 0;
		};
/* End PBXFrameworksBuildPhase section */

/* Begin PBXGroup section */
		7B241B4231FCD61ED237BA4A /* Pods */ = {
			isa = PBXGroup;
			children = (
				18EB3CF8987BA30D48444364 /* Pods-TealiumVisitorProfileDemo.debug.xcconfig */,
				BAFA0DB367B37E69CF6F32AF /* Pods-TealiumVisitorProfileDemo.release.xcconfig */,
			);
			path = Pods;
			sourceTree = "<group>";
		};
		92CC6EC674C9C7BCABEE5AE8 /* Frameworks */ = {
			isa = PBXGroup;
			children = (
				CC59F51D80D5AF3B93B2BE35 /* Pods_TealiumVisitorProfileDemo.framework */,
			);
			name = Frameworks;
			sourceTree = "<group>";
		};
		CF9A372C25478193000B420D /* TealiumVisitorProfileDemoUITests */ = {
			isa = PBXGroup;
			children = (
				CF9A372D25478193000B420D /* TealiumVisitorProfileDemoUITests.swift */,
				CF9A372F25478193000B420D /* Info.plist */,
			);
			path = TealiumVisitorProfileDemoUITests;
			sourceTree = "<group>";
		};
		CFDD8B2122E1195800358234 = {
			isa = PBXGroup;
			children = (
				CFEDF71D2419B32C009D6CE9 /* SanDiego.gpx */,
				CFEDF71C2419B32C009D6CE9 /* Reading.gpx */,
				CFDD8B2C22E1195800358234 /* TealiumVisitorProfileDemo */,
				CF9A372C25478193000B420D /* TealiumVisitorProfileDemoUITests */,
				CFDD8B2B22E1195800358234 /* Products */,
				7B241B4231FCD61ED237BA4A /* Pods */,
				92CC6EC674C9C7BCABEE5AE8 /* Frameworks */,
			);
			sourceTree = "<group>";
		};
		CFDD8B2B22E1195800358234 /* Products */ = {
			isa = PBXGroup;
			children = (
				CFDD8B2A22E1195800358234 /* TealiumVisitorProfileDemo.app */,
				CF9A372B25478193000B420D /* TealiumVisitorProfileDemoUITests.xctest */,
			);
			name = Products;
			sourceTree = "<group>";
		};
		CFDD8B2C22E1195800358234 /* TealiumVisitorProfileDemo */ = {
			isa = PBXGroup;
			children = (
				CFEDF7202419B761009D6CE9 /* TealiumVisitorProfileDemo.entitlements */,
				CFDD8B2D22E1195800358234 /* AppDelegate.swift */,
				CFD9403123751621008CDC39 /* TealiumHelper.swift */,
				CFDD8B7222E245D400358234 /* DateExtensions.swift */,
				CFDD8BC322E5344F00358234 /* ProductCell.swift */,
				CFDD8BCE22E676B800358234 /* View Controllers */,
				CFDD8BCF22E676CF00358234 /* Storyboards */,
				CFDD8B3422E1195800358234 /* Assets.xcassets */,
				CFDD8B3922E1195800358234 /* Info.plist */,
			);
			path = TealiumVisitorProfileDemo;
			sourceTree = "<group>";
		};
		CFDD8BCE22E676B800358234 /* View Controllers */ = {
			isa = PBXGroup;
			children = (
				CFDD8B4322E13F1500358234 /* LoginViewController.swift */,
				CFDD8B4522E13F3600358234 /* RegisterViewController.swift */,
				CFDD8B4722E13F4400358234 /* AccountViewController.swift */,
				CFDD8B6722E232F100358234 /* TravelViewController.swift */,
				CFDD8B6922E232F800358234 /* GamingViewController.swift */,
				CFDD8B6B22E2330200358234 /* EcommerceMainViewController.swift */,
				CFDD8B7422E27F1E00358234 /* CategoryViewController.swift */,
				CFDD8B7622E27F2F00358234 /* ProductViewController.swift */,
				CFDD8B7822E27F3900358234 /* CheckoutViewController.swift */,
				CFDD8B7A22E27F4500358234 /* OrderViewController.swift */,
			);
			path = "View Controllers";
			sourceTree = "<group>";
		};
		CFDD8BCF22E676CF00358234 /* Storyboards */ = {
			isa = PBXGroup;
			children = (
				CFDD8B3622E1195800358234 /* LaunchScreen.storyboard */,
				CFDD8B6D22E234AB00358234 /* Activities.storyboard */,
				CFDD8B3122E1195800358234 /* Main.storyboard */,
				CFC9374923A964D400635719 /* Ecommerce.storyboard */,
			);
			path = Storyboards;
			sourceTree = "<group>";
		};
/* End PBXGroup section */

/* Begin PBXNativeTarget section */
		CF9A372A25478192000B420D /* TealiumVisitorProfileDemoUITests */ = {
			isa = PBXNativeTarget;
			buildConfigurationList = CF9A373425478193000B420D /* Build configuration list for PBXNativeTarget "TealiumVisitorProfileDemoUITests" */;
			buildPhases = (
				CF9A372725478192000B420D /* Sources */,
				CF9A372825478192000B420D /* Frameworks */,
				CF9A372925478192000B420D /* Resources */,
			);
			buildRules = (
			);
			dependencies = (
				CF9A373125478193000B420D /* PBXTargetDependency */,
			);
			name = TealiumVisitorProfileDemoUITests;
			productName = TealiumVisitorProfileDemoUITests;
			productReference = CF9A372B25478193000B420D /* TealiumVisitorProfileDemoUITests.xctest */;
			productType = "com.apple.product-type.bundle.ui-testing";
		};
		CFDD8B2922E1195800358234 /* TealiumVisitorProfileDemo */ = {
			isa = PBXNativeTarget;
			buildConfigurationList = CFDD8B3C22E1195800358234 /* Build configuration list for PBXNativeTarget "TealiumVisitorProfileDemo" */;
			buildPhases = (
				9BA058E86118B8E3FB174BE7 /* [CP] Check Pods Manifest.lock */,
				CFDD8B2622E1195800358234 /* Sources */,
				CFDD8B2722E1195800358234 /* Frameworks */,
				CFDD8B2822E1195800358234 /* Resources */,
				8C1B63CC119116192353F5CB /* [CP] Embed Pods Frameworks */,
			);
			buildRules = (
			);
			dependencies = (
			);
			name = TealiumVisitorProfileDemo;
			productName = TealiumFirebaseExample;
			productReference = CFDD8B2A22E1195800358234 /* TealiumVisitorProfileDemo.app */;
			productType = "com.apple.product-type.application";
		};
/* End PBXNativeTarget section */

/* Begin PBXProject section */
		CFDD8B2222E1195800358234 /* Project object */ = {
			isa = PBXProject;
			attributes = {
				LastSwiftUpdateCheck = 1210;
				LastUpgradeCheck = 1020;
				ORGANIZATIONNAME = Christina;
				TargetAttributes = {
					CF9A372A25478192000B420D = {
						CreatedOnToolsVersion = 12.1;
						TestTargetID = CFDD8B2922E1195800358234;
					};
					CFDD8B2922E1195800358234 = {
						CreatedOnToolsVersion = 10.2.1;
					};
				};
			};
			buildConfigurationList = CFDD8B2522E1195800358234 /* Build configuration list for PBXProject "TealiumVisitorProfileDemo" */;
			compatibilityVersion = "Xcode 9.3";
			developmentRegion = en;
			hasScannedForEncodings = 0;
			knownRegions = (
				en,
				Base,
			);
			mainGroup = CFDD8B2122E1195800358234;
			productRefGroup = CFDD8B2B22E1195800358234 /* Products */;
			projectDirPath = "";
			projectRoot = "";
			targets = (
				CFDD8B2922E1195800358234 /* TealiumVisitorProfileDemo */,
				CF9A372A25478192000B420D /* TealiumVisitorProfileDemoUITests */,
			);
		};
/* End PBXProject section */

/* Begin PBXResourcesBuildPhase section */
		CF9A372925478192000B420D /* Resources */ = {
			isa = PBXResourcesBuildPhase;
			buildActionMask = 2147483647;
			files = (
			);
			runOnlyForDeploymentPostprocessing = 0;
		};
		CFDD8B2822E1195800358234 /* Resources */ = {
			isa = PBXResourcesBuildPhase;
			buildActionMask = 2147483647;
			files = (
				CFEDF71F2419B32C009D6CE9 /* SanDiego.gpx in Resources */,
				CFDD8B6F22E234AB00358234 /* Activities.storyboard in Resources */,
				CFDD8B3822E1195800358234 /* LaunchScreen.storyboard in Resources */,
				CFDD8B3522E1195800358234 /* Assets.xcassets in Resources */,
				CFEDF71E2419B32C009D6CE9 /* Reading.gpx in Resources */,
				CFC9374B23A964D400635719 /* Ecommerce.storyboard in Resources */,
				CFDD8B3322E1195800358234 /* Main.storyboard in Resources */,
			);
			runOnlyForDeploymentPostprocessing = 0;
		};
/* End PBXResourcesBuildPhase section */

/* Begin PBXShellScriptBuildPhase section */
		8C1B63CC119116192353F5CB /* [CP] Embed Pods Frameworks */ = {
			isa = PBXShellScriptBuildPhase;
			buildActionMask = 2147483647;
			files = (
			);
			inputFileListPaths = (
				"${PODS_ROOT}/Target Support Files/Pods-TealiumVisitorProfileDemo/Pods-TealiumVisitorProfileDemo-frameworks-${CONFIGURATION}-input-files.xcfilelist",
			);
			name = "[CP] Embed Pods Frameworks";
			outputFileListPaths = (
				"${PODS_ROOT}/Target Support Files/Pods-TealiumVisitorProfileDemo/Pods-TealiumVisitorProfileDemo-frameworks-${CONFIGURATION}-output-files.xcfilelist",
			);
			runOnlyForDeploymentPostprocessing = 0;
			shellPath = /bin/sh;
			shellScript = "\"${PODS_ROOT}/Target Support Files/Pods-TealiumVisitorProfileDemo/Pods-TealiumVisitorProfileDemo-frameworks.sh\"\n";
			showEnvVarsInLog = 0;
		};
		9BA058E86118B8E3FB174BE7 /* [CP] Check Pods Manifest.lock */ = {
			isa = PBXShellScriptBuildPhase;
			buildActionMask = 2147483647;
			files = (
			);
			inputFileListPaths = (
			);
			inputPaths = (
				"${PODS_PODFILE_DIR_PATH}/Podfile.lock",
				"${PODS_ROOT}/Manifest.lock",
			);
			name = "[CP] Check Pods Manifest.lock";
			outputFileListPaths = (
			);
			outputPaths = (
				"$(DERIVED_FILE_DIR)/Pods-TealiumVisitorProfileDemo-checkManifestLockResult.txt",
			);
			runOnlyForDeploymentPostprocessing = 0;
			shellPath = /bin/sh;
			shellScript = "diff \"${PODS_PODFILE_DIR_PATH}/Podfile.lock\" \"${PODS_ROOT}/Manifest.lock\" > /dev/null\nif [ $? != 0 ] ; then\n    # print error to STDERR\n    echo \"error: The sandbox is not in sync with the Podfile.lock. Run 'pod install' or update your CocoaPods installation.\" >&2\n    exit 1\nfi\n# This output is used by Xcode 'outputs' to avoid re-running this script phase.\necho \"SUCCESS\" > \"${SCRIPT_OUTPUT_FILE_0}\"\n";
			showEnvVarsInLog = 0;
		};
/* End PBXShellScriptBuildPhase section */

/* Begin PBXSourcesBuildPhase section */
		CF9A372725478192000B420D /* Sources */ = {
			isa = PBXSourcesBuildPhase;
			buildActionMask = 2147483647;
			files = (
				CF9A372E25478193000B420D /* TealiumVisitorProfileDemoUITests.swift in Sources */,
			);
			runOnlyForDeploymentPostprocessing = 0;
		};
		CFDD8B2622E1195800358234 /* Sources */ = {
			isa = PBXSourcesBuildPhase;
			buildActionMask = 2147483647;
			files = (
				CFDD8B6822E232F100358234 /* TravelViewController.swift in Sources */,
				CFD9403223751621008CDC39 /* TealiumHelper.swift in Sources */,
				CFDD8B4622E13F3600358234 /* RegisterViewController.swift in Sources */,
				CFDD8B4822E13F4400358234 /* AccountViewController.swift in Sources */,
				CFDD8B4422E13F1500358234 /* LoginViewController.swift in Sources */,
				CFDD8BC422E5344F00358234 /* ProductCell.swift in Sources */,
				CFDD8B6A22E232F800358234 /* GamingViewController.swift in Sources */,
				CFDD8B7922E27F3900358234 /* CheckoutViewController.swift in Sources */,
				CFDD8B7522E27F1E00358234 /* CategoryViewController.swift in Sources */,
				CFDD8B7322E245D400358234 /* DateExtensions.swift in Sources */,
				CFDD8B2E22E1195800358234 /* AppDelegate.swift in Sources */,
				CFDD8B7722E27F2F00358234 /* ProductViewController.swift in Sources */,
				CFDD8B6C22E2330200358234 /* EcommerceMainViewController.swift in Sources */,
				CFDD8B7B22E27F4500358234 /* OrderViewController.swift in Sources */,
			);
			runOnlyForDeploymentPostprocessing = 0;
		};
/* End PBXSourcesBuildPhase section */

/* Begin PBXTargetDependency section */
		CF9A373125478193000B420D /* PBXTargetDependency */ = {
			isa = PBXTargetDependency;
			target = CFDD8B2922E1195800358234 /* TealiumVisitorProfileDemo */;
			targetProxy = CF9A373025478193000B420D /* PBXContainerItemProxy */;
		};
/* End PBXTargetDependency section */

/* Begin PBXVariantGroup section */
		CFC9374923A964D400635719 /* Ecommerce.storyboard */ = {
			isa = PBXVariantGroup;
			children = (
				CFC9374A23A964D400635719 /* Base */,
			);
			name = Ecommerce.storyboard;
			sourceTree = "<group>";
		};
		CFDD8B3122E1195800358234 /* Main.storyboard */ = {
			isa = PBXVariantGroup;
			children = (
				CFDD8B3222E1195800358234 /* Base */,
			);
			name = Main.storyboard;
			sourceTree = "<group>";
		};
		CFDD8B3622E1195800358234 /* LaunchScreen.storyboard */ = {
			isa = PBXVariantGroup;
			children = (
				CFDD8B3722E1195800358234 /* Base */,
			);
			name = LaunchScreen.storyboard;
			sourceTree = "<group>";
		};
		CFDD8B6D22E234AB00358234 /* Activities.storyboard */ = {
			isa = PBXVariantGroup;
			children = (
				CFDD8B6E22E234AB00358234 /* Base */,
			);
			name = Activities.storyboard;
			sourceTree = "<group>";
		};
/* End PBXVariantGroup section */

/* Begin XCBuildConfiguration section */
		CF9A373225478193000B420D /* Debug */ = {
			isa = XCBuildConfiguration;
			buildSettings = {
				CLANG_WARN_QUOTED_INCLUDE_IN_FRAMEWORK_HEADER = YES;
				CODE_SIGN_STYLE = Automatic;
				DEVELOPMENT_TEAM = XC939GDC9P;
				INFOPLIST_FILE = TealiumVisitorProfileDemoUITests/Info.plist;
				IPHONEOS_DEPLOYMENT_TARGET = 14.1;
				LD_RUNPATH_SEARCH_PATHS = (
					"$(inherited)",
					"@executable_path/Frameworks",
					"@loader_path/Frameworks",
				);
				PRODUCT_BUNDLE_IDENTIFIER = com.tealium.TealiumVisitorProfileDemoUITests;
				PRODUCT_NAME = "$(TARGET_NAME)";
				SWIFT_VERSION = 5.0;
				TARGETED_DEVICE_FAMILY = "1,2";
				TEST_TARGET_NAME = TealiumVisitorProfileDemo;
			};
			name = Debug;
		};
		CF9A373325478193000B420D /* Release */ = {
			isa = XCBuildConfiguration;
			buildSettings = {
				CLANG_WARN_QUOTED_INCLUDE_IN_FRAMEWORK_HEADER = YES;
				CODE_SIGN_STYLE = Automatic;
				DEVELOPMENT_TEAM = XC939GDC9P;
				INFOPLIST_FILE = TealiumVisitorProfileDemoUITests/Info.plist;
				IPHONEOS_DEPLOYMENT_TARGET = 14.1;
				LD_RUNPATH_SEARCH_PATHS = (
					"$(inherited)",
					"@executable_path/Frameworks",
					"@loader_path/Frameworks",
				);
				PRODUCT_BUNDLE_IDENTIFIER = com.tealium.TealiumVisitorProfileDemoUITests;
				PRODUCT_NAME = "$(TARGET_NAME)";
				SWIFT_VERSION = 5.0;
				TARGETED_DEVICE_FAMILY = "1,2";
				TEST_TARGET_NAME = TealiumVisitorProfileDemo;
			};
			name = Release;
		};
		CFDD8B3A22E1195800358234 /* Debug */ = {
			isa = XCBuildConfiguration;
			buildSettings = {
				ALWAYS_SEARCH_USER_PATHS = NO;
				CLANG_ANALYZER_NONNULL = YES;
				CLANG_ANALYZER_NUMBER_OBJECT_CONVERSION = YES_AGGRESSIVE;
				CLANG_CXX_LANGUAGE_STANDARD = "gnu++14";
				CLANG_CXX_LIBRARY = "libc++";
				CLANG_ENABLE_MODULES = YES;
				CLANG_ENABLE_OBJC_ARC = YES;
				CLANG_ENABLE_OBJC_WEAK = YES;
				CLANG_WARN_BLOCK_CAPTURE_AUTORELEASING = YES;
				CLANG_WARN_BOOL_CONVERSION = YES;
				CLANG_WARN_COMMA = YES;
				CLANG_WARN_CONSTANT_CONVERSION = YES;
				CLANG_WARN_DEPRECATED_OBJC_IMPLEMENTATIONS = YES;
				CLANG_WARN_DIRECT_OBJC_ISA_USAGE = YES_ERROR;
				CLANG_WARN_DOCUMENTATION_COMMENTS = YES;
				CLANG_WARN_EMPTY_BODY = YES;
				CLANG_WARN_ENUM_CONVERSION = YES;
				CLANG_WARN_INFINITE_RECURSION = YES;
				CLANG_WARN_INT_CONVERSION = YES;
				CLANG_WARN_NON_LITERAL_NULL_CONVERSION = YES;
				CLANG_WARN_OBJC_IMPLICIT_RETAIN_SELF = YES;
				CLANG_WARN_OBJC_LITERAL_CONVERSION = YES;
				CLANG_WARN_OBJC_ROOT_CLASS = YES_ERROR;
				CLANG_WARN_RANGE_LOOP_ANALYSIS = YES;
				CLANG_WARN_STRICT_PROTOTYPES = YES;
				CLANG_WARN_SUSPICIOUS_MOVE = YES;
				CLANG_WARN_UNGUARDED_AVAILABILITY = YES_AGGRESSIVE;
				CLANG_WARN_UNREACHABLE_CODE = YES;
				CLANG_WARN__DUPLICATE_METHOD_MATCH = YES;
				CODE_SIGN_IDENTITY = "iPhone Developer";
				COPY_PHASE_STRIP = NO;
				DEBUG_INFORMATION_FORMAT = dwarf;
				ENABLE_STRICT_OBJC_MSGSEND = YES;
				ENABLE_TESTABILITY = YES;
				GCC_C_LANGUAGE_STANDARD = gnu11;
				GCC_DYNAMIC_NO_PIC = NO;
				GCC_NO_COMMON_BLOCKS = YES;
				GCC_OPTIMIZATION_LEVEL = 0;
				GCC_PREPROCESSOR_DEFINITIONS = (
					"DEBUG=1",
					"$(inherited)",
				);
				GCC_WARN_64_TO_32_BIT_CONVERSION = YES;
				GCC_WARN_ABOUT_RETURN_TYPE = YES_ERROR;
				GCC_WARN_UNDECLARED_SELECTOR = YES;
				GCC_WARN_UNINITIALIZED_AUTOS = YES_AGGRESSIVE;
				GCC_WARN_UNUSED_FUNCTION = YES;
				GCC_WARN_UNUSED_VARIABLE = YES;
				IPHONEOS_DEPLOYMENT_TARGET = 12.2;
				MTL_ENABLE_DEBUG_INFO = INCLUDE_SOURCE;
				MTL_FAST_MATH = YES;
				ONLY_ACTIVE_ARCH = YES;
				SDKROOT = iphoneos;
				SWIFT_ACTIVE_COMPILATION_CONDITIONS = DEBUG;
				SWIFT_OPTIMIZATION_LEVEL = "-Onone";
			};
			name = Debug;
		};
		CFDD8B3B22E1195800358234 /* Release */ = {
			isa = XCBuildConfiguration;
			buildSettings = {
				ALWAYS_SEARCH_USER_PATHS = NO;
				CLANG_ANALYZER_NONNULL = YES;
				CLANG_ANALYZER_NUMBER_OBJECT_CONVERSION = YES_AGGRESSIVE;
				CLANG_CXX_LANGUAGE_STANDARD = "gnu++14";
				CLANG_CXX_LIBRARY = "libc++";
				CLANG_ENABLE_MODULES = YES;
				CLANG_ENABLE_OBJC_ARC = YES;
				CLANG_ENABLE_OBJC_WEAK = YES;
				CLANG_WARN_BLOCK_CAPTURE_AUTORELEASING = YES;
				CLANG_WARN_BOOL_CONVERSION = YES;
				CLANG_WARN_COMMA = YES;
				CLANG_WARN_CONSTANT_CONVERSION = YES;
				CLANG_WARN_DEPRECATED_OBJC_IMPLEMENTATIONS = YES;
				CLANG_WARN_DIRECT_OBJC_ISA_USAGE = YES_ERROR;
				CLANG_WARN_DOCUMENTATION_COMMENTS = YES;
				CLANG_WARN_EMPTY_BODY = YES;
				CLANG_WARN_ENUM_CONVERSION = YES;
				CLANG_WARN_INFINITE_RECURSION = YES;
				CLANG_WARN_INT_CONVERSION = YES;
				CLANG_WARN_NON_LITERAL_NULL_CONVERSION = YES;
				CLANG_WARN_OBJC_IMPLICIT_RETAIN_SELF = YES;
				CLANG_WARN_OBJC_LITERAL_CONVERSION = YES;
				CLANG_WARN_OBJC_ROOT_CLASS = YES_ERROR;
				CLANG_WARN_RANGE_LOOP_ANALYSIS = YES;
				CLANG_WARN_STRICT_PROTOTYPES = YES;
				CLANG_WARN_SUSPICIOUS_MOVE = YES;
				CLANG_WARN_UNGUARDED_AVAILABILITY = YES_AGGRESSIVE;
				CLANG_WARN_UNREACHABLE_CODE = YES;
				CLANG_WARN__DUPLICATE_METHOD_MATCH = YES;
				CODE_SIGN_IDENTITY = "iPhone Developer";
				COPY_PHASE_STRIP = NO;
				DEBUG_INFORMATION_FORMAT = "dwarf-with-dsym";
				ENABLE_NS_ASSERTIONS = NO;
				ENABLE_STRICT_OBJC_MSGSEND = YES;
				GCC_C_LANGUAGE_STANDARD = gnu11;
				GCC_NO_COMMON_BLOCKS = YES;
				GCC_WARN_64_TO_32_BIT_CONVERSION = YES;
				GCC_WARN_ABOUT_RETURN_TYPE = YES_ERROR;
				GCC_WARN_UNDECLARED_SELECTOR = YES;
				GCC_WARN_UNINITIALIZED_AUTOS = YES_AGGRESSIVE;
				GCC_WARN_UNUSED_FUNCTION = YES;
				GCC_WARN_UNUSED_VARIABLE = YES;
				IPHONEOS_DEPLOYMENT_TARGET = 12.2;
				MTL_ENABLE_DEBUG_INFO = NO;
				MTL_FAST_MATH = YES;
				SDKROOT = iphoneos;
				SWIFT_COMPILATION_MODE = wholemodule;
				SWIFT_OPTIMIZATION_LEVEL = "-O";
				VALIDATE_PRODUCT = YES;
			};
			name = Release;
		};
		CFDD8B3D22E1195800358234 /* Debug */ = {
			isa = XCBuildConfiguration;
			baseConfigurationReference = 18EB3CF8987BA30D48444364 /* Pods-TealiumVisitorProfileDemo.debug.xcconfig */;
			buildSettings = {
				ASSETCATALOG_COMPILER_APPICON_NAME = AppIcon;
				CODE_SIGN_ENTITLEMENTS = TealiumVisitorProfileDemo/TealiumVisitorProfileDemo.entitlements;
				CODE_SIGN_STYLE = Automatic;
				DEVELOPMENT_TEAM = XC939GDC9P;
				INFOPLIST_FILE = "$(SRCROOT)/TealiumVisitorProfileDemo/Info.plist";
				LD_RUNPATH_SEARCH_PATHS = (
					"$(inherited)",
					"@executable_path/Frameworks",
				);
				MARKETING_VERSION = 1.2;
				PRODUCT_BUNDLE_IDENTIFIER = com.tealium.TealiumVisitorProfileDemo;
				PRODUCT_NAME = "$(TARGET_NAME)";
				SWIFT_VERSION = 5.0;
				TARGETED_DEVICE_FAMILY = "1,2";
			};
			name = Debug;
		};
		CFDD8B3E22E1195800358234 /* Release */ = {
			isa = XCBuildConfiguration;
			baseConfigurationReference = BAFA0DB367B37E69CF6F32AF /* Pods-TealiumVisitorProfileDemo.release.xcconfig */;
			buildSettings = {
				ASSETCATALOG_COMPILER_APPICON_NAME = AppIcon;
				CODE_SIGN_ENTITLEMENTS = TealiumVisitorProfileDemo/TealiumVisitorProfileDemo.entitlements;
				CODE_SIGN_STYLE = Automatic;
				DEVELOPMENT_TEAM = XC939GDC9P;
				INFOPLIST_FILE = "$(SRCROOT)/TealiumVisitorProfileDemo/Info.plist";
				LD_RUNPATH_SEARCH_PATHS = (
					"$(inherited)",
					"@executable_path/Frameworks",
				);
				MARKETING_VERSION = 1.2;
				PRODUCT_BUNDLE_IDENTIFIER = com.tealium.TealiumVisitorProfileDemo;
				PRODUCT_NAME = "$(TARGET_NAME)";
				SWIFT_VERSION = 5.0;
				TARGETED_DEVICE_FAMILY = "1,2";
			};
			name = Release;
		};
/* End XCBuildConfiguration section */

/* Begin XCConfigurationList section */
		CF9A373425478193000B420D /* Build configuration list for PBXNativeTarget "TealiumVisitorProfileDemoUITests" */ = {
			isa = XCConfigurationList;
			buildConfigurations = (
				CF9A373225478193000B420D /* Debug */,
				CF9A373325478193000B420D /* Release */,
			);
			defaultConfigurationIsVisible = 0;
			defaultConfigurationName = Release;
		};
		CFDD8B2522E1195800358234 /* Build configuration list for PBXProject "TealiumVisitorProfileDemo" */ = {
			isa = XCConfigurationList;
			buildConfigurations = (
				CFDD8B3A22E1195800358234 /* Debug */,
				CFDD8B3B22E1195800358234 /* Release */,
			);
			defaultConfigurationIsVisible = 0;
			defaultConfigurationName = Release;
		};
		CFDD8B3C22E1195800358234 /* Build configuration list for PBXNativeTarget "TealiumVisitorProfileDemo" */ = {
			isa = XCConfigurationList;
			buildConfigurations = (
				CFDD8B3D22E1195800358234 /* Debug */,
				CFDD8B3E22E1195800358234 /* Release */,
			);
			defaultConfigurationIsVisible = 0;
			defaultConfigurationName = Release;
		};
/* End XCConfigurationList section */
	};
	rootObject = CFDD8B2222E1195800358234 /* Project object */;
}
