PODS:
  - tealium-swift (2.4.6):
    - tealium-swift/TealiumFull (= 2.4.6)
  - tealium-swift/TealiumFull (2.4.6)

DEPENDENCIES:
  - tealium-swift (from `../../`)

EXTERNAL SOURCES:
  tealium-swift:
    :path: "../../"

SPEC CHECKSUMS:
  tealium-swift: 4e3d50e04e79eabd84b272d066659f5234d74b55

PODFILE CHECKSUM: 9f7c4052f5026295b89589ca935de017625dcaf3

COCOAPODS: 1.10.1
