PODS:
  - tealium-swift (2.9.0):
    - tealium-swift/TealiumFull (= 2.9.0)
  - tealium-swift/TealiumFull (2.9.0)

DEPENDENCIES:
  - tealium-swift (from `../../`)

EXTERNAL SOURCES:
  tealium-swift:
    :path: "../../"

SPEC CHECKSUMS:
  tealium-swift: e824eb16ebf859cb9af9aa4ecd24e8653ff561d4

PODFILE CHECKSUM: 9f7c4052f5026295b89589ca935de017625dcaf3

COCOAPODS: 1.11.2
