PODS:
  - tealium-swift (2.10.0):
    - tealium-swift/TealiumFull (= 2.10.0)
  - tealium-swift/TealiumFull (2.10.0)

DEPENDENCIES:
  - tealium-swift (from `../../`)

EXTERNAL SOURCES:
  tealium-swift:
    :path: "../../"

SPEC CHECKSUMS:
  tealium-swift: 92ac60201de69b342ecc2d52e2207796cf936cf8

PODFILE CHECKSUM: 9f7c4052f5026295b89589ca935de017625dcaf3

COCOAPODS: 1.12.0
